{
  "version": 4,
  "terraform_version": "1.8.1",
  "serial": 461,
  "lineage": "5b8d30eb-8e61-5d26-bcf1-4bcf41dcd651",
  "outputs": {
    "access-proxy_ip": {
      "value": "10.1.2.199",
      "type": "string"
    },
    "access-proxy_username": {
      "value": "debian",
      "type": "string"
    }
  },
  "resources": [
    {
      "mode": "data",
      "type": "openstack_compute_keypair_v2",
      "name": "default_keypair",
      "provider": "provider[\"registry.terraform.io/terraform-provider-openstack/openstack\"]",
      "instances": [
        {
          "schema_version": 0,
          "attributes": {
            "fingerprint": "9a:b2:13:31:14:a5:82:dc:8f:2a:92:b8:fd:03:25:59",
            "id": "iai_vm-cyberrange-host",
            "name": "iai_vm-cyberrange-host",
            "public_key": "ssh-ed25519 AAAAC3NzaC1lZDI1NTE5AAAAIPwleQl1hvURUPNYz7L6r/bCB2UiwnYS5xKwiRIx7kYk iai@vm-cyberrange-host",
            "region": "RegionOne",
            "user_id": "0ea8616862104cea8951f478113a11c6"
          },
          "sensitive_attributes": []
        }
      ]
    },
    {
      "mode": "data",
      "type": "openstack_images_image_v2",
      "name": "debian12",
      "provider": "provider[\"registry.terraform.io/terraform-provider-openstack/openstack\"]",
      "instances": [
        {
          "schema_version": 0,
          "attributes": {
            "checksum": "eac1dfb5e50d87cee88ec15469ff59b6",
            "container_format": "bare",
            "created_at": "2024-04-08T09:13:34Z",
            "disk_format": "qcow2",
            "file": "/v2/images/63688ae7-c167-41e5-80db-164ef5714eef/file",
            "hidden": false,
            "id": "63688ae7-c167-41e5-80db-164ef5714eef",
            "member_status": null,
            "metadata": {},
            "min_disk_gb": 3,
            "min_ram_mb": 256,
            "most_recent": true,
            "name": "Debian 12 generic amd64 20240211-1654",
            "name_regex": "^Debian 12 generic amd64 .*",
            "owner": "65e52ade32d74c699bef395584d2c91c",
            "properties": {
              "hw_disk_bus": "scsi",
              "hw_scsi_model": "virtio-scsi",
              "os_admin_user": "debian",
              "os_distro": "debian",
              "os_hash_algo": "sha512",
              "os_hash_value": "b679398972ba45a60574d9202c4f97ea647dd3577e857407138b73b71a3c3c039804e40aac2f877f3969676b6c8a1ebdb4f2d67a4efa6301c21e349e37d43ef5",
              "os_type": "linux",
              "os_version": "12.20240211.1654",
              "owner_specified.openstack.object": "images/debian-12-generic-amd64-20240211-1654.qcow2",
              "stores": "file"
            },
            "protected": false,
            "region": "RegionOne",
            "schema": "/v2/schemas/image",
            "size_bytes": 379519488,
            "size_max": null,
            "size_min": null,
            "sort_direction": "asc",
            "sort_key": "name",
            "tag": null,
            "tags": [],
            "updated_at": "2024-04-08T11:51:54Z",
            "visibility": "public"
          },
          "sensitive_attributes": []
        }
      ]
    },
    {
      "mode": "data",
      "type": "openstack_images_image_v2",
      "name": "ubuntu_test",
      "provider": "provider[\"registry.terraform.io/terraform-provider-openstack/openstack\"]",
      "instances": [
        {
          "schema_version": 0,
          "attributes": {
            "checksum": "efa84b9e27c608041b832b82d52e7530",
            "container_format": "bare",
            "created_at": "2023-10-23T12:27:12Z",
            "disk_format": "qcow2",
            "file": "/v2/images/d508e903-4f41-491e-bf41-b0cbc0f1712a/file",
            "hidden": false,
            "id": "d508e903-4f41-491e-bf41-b0cbc0f1712a",
            "member_status": null,
            "metadata": {},
            "min_disk_gb": 0,
            "min_ram_mb": 0,
            "most_recent": true,
            "name": "ubuntu-focal-x86_64",
            "name_regex": "^ubuntu-focal.*",
            "owner": "65e52ade32d74c699bef395584d2c91c",
            "properties": {
              "os_hash_algo": "sha512",
              "os_hash_value": "353e6d42705963dff526652654b3bb4d10c3093e53be6a7488a55e48e5877ad75ca88a8b12d3f853ba43ee82b6434608cefd9d0d25c5355be0d007579678c791",
              "os_type": "linux",
              "stores": "file"
            },
            "protected": false,
            "region": "RegionOne",
            "schema": "/v2/schemas/image",
            "size_bytes": 641400832,
            "size_max": null,
            "size_min": null,
            "sort_direction": "asc",
            "sort_key": "name",
            "tag": null,
            "tags": [],
            "updated_at": "2024-01-16T13:00:02Z",
            "visibility": "shared"
          },
          "sensitive_attributes": []
        }
      ]
    },
    {
      "mode": "data",
      "type": "openstack_images_image_v2",
      "name": "win10",
      "provider": "provider[\"registry.terraform.io/terraform-provider-openstack/openstack\"]",
      "instances": [
        {
          "schema_version": 0,
          "attributes": {
            "checksum": "2145330611f612f82191875cd3c96c38",
            "container_format": "bare",
            "created_at": "2024-04-24T14:39:43Z",
            "disk_format": "qcow2",
            "file": "/v2/images/c3068ad3-add3-4b5a-9dab-ddc113a8647b/file",
            "hidden": false,
            "id": "c3068ad3-add3-4b5a-9dab-ddc113a8647b",
            "member_status": null,
            "metadata": {},
            "min_disk_gb": 0,
            "min_ram_mb": 0,
            "most_recent": true,
            "name": "windows-10-amd64",
            "name_regex": null,
            "owner": "65e52ade32d74c699bef395584d2c91c",
            "properties": {
              "hw_disk_bus": "scsi",
              "hw_firmware_type": "uefi",
              "hw_machine_type": "q35",
              "hw_qemu_guest_agent": "yes",
              "hw_scsi_model": "virtio-scsi",
              "os_hash_algo": "sha512",
              "os_hash_value": "72512c5fee06b8a08d0cc035debc7eac830f8d8cac9b6166971db253a1b4b5118e5c7e2044ec26b9a8884c1a8a4f2c3e873b1eb3827fee862a53d98ecbf3f518",
              "os_type": "windows",
              "owner_specified.openstack.md5": "",
              "owner_specified.openstack.object": "images/windows-10-amd64",
              "owner_specified.openstack.sha256": "",
              "stores": "file"
            },
            "protected": false,
            "region": "RegionOne",
            "schema": "/v2/schemas/image",
            "size_bytes": 8156151808,
            "size_max": null,
            "size_min": null,
            "sort_direction": "asc",
            "sort_key": "name",
            "tag": null,
            "tags": [],
            "updated_at": "2024-04-24T14:40:23Z",
            "visibility": "shared"
          },
          "sensitive_attributes": []
        }
      ]
    },
    {
      "mode": "data",
      "type": "openstack_images_image_v2",
      "name": "winserver2022",
      "provider": "provider[\"registry.terraform.io/terraform-provider-openstack/openstack\"]",
      "instances": [
        {
          "schema_version": 0,
          "attributes": {
            "checksum": "2ae1d403a2e96c66669a3af090bdf75c",
            "container_format": "bare",
            "created_at": "2024-04-17T14:28:50Z",
            "disk_format": "qcow2",
            "file": "/v2/images/3e8237b6-6910-4e81-aa08-787c5b4d149d/file",
            "hidden": false,
            "id": "3e8237b6-6910-4e81-aa08-787c5b4d149d",
            "member_status": null,
            "metadata": {},
            "min_disk_gb": 0,
            "min_ram_mb": 0,
            "most_recent": true,
            "name": "Windows Server 2022 Eval x86_64",
            "name_regex": "^Windows Server 2022 Eval x86_64$",
            "owner": "65e52ade32d74c699bef395584d2c91c",
            "properties": {
              "hw_disk_bus": "scsi",
              "hw_firmware_type": "uefi",
              "hw_machine_type": "q35",
              "hw_qemu_guest_agent": "yes",
              "hw_scsi_model": "virtio-scsi",
              "os_hash_algo": "sha512",
              "os_hash_value": "168168525082e5fbc92d8e004d9e0e0a5dac9e6389ee72b88d0cce82390b33ff338b377366425372a1371ce57e78cb292f962844fe7df4faf0b5df40acff8e20",
              "os_type": "windows",
              "owner_specified.openstack.md5": "",
              "owner_specified.openstack.object": "images/windows-2022-new",
              "owner_specified.openstack.sha256": "",
              "stores": "file"
            },
            "protected": false,
            "region": "RegionOne",
            "schema": "/v2/schemas/image",
            "size_bytes": 7715749888,
            "size_max": null,
            "size_min": null,
            "sort_direction": "asc",
            "sort_key": "name",
            "tag": null,
            "tags": [],
            "updated_at": "2024-04-17T14:31:43Z",
            "visibility": "shared"
          },
          "sensitive_attributes": []
        }
      ]
    },
    {
      "mode": "managed",
      "type": "openstack_compute_instance_v2",
      "name": "Attacker-Kali",
      "provider": "provider[\"registry.terraform.io/terraform-provider-openstack/openstack\"]",
      "instances": [
        {
          "schema_version": 0,
          "attributes": {
            "access_ip_v4": "10.0.1.30",
            "access_ip_v6": "",
            "admin_pass": null,
            "all_metadata": {},
            "all_tags": [],
            "availability_zone": "nova",
            "availability_zone_hints": null,
            "block_device": [],
            "config_drive": null,
            "created": "2024-03-20 13:25:49 +0000 UTC",
            "flavor_id": "3",
            "flavor_name": "m1.medium",
            "floating_ip": null,
            "force_delete": false,
            "id": "a9861d49-aff7-4141-b5db-f3b1777bfc5f",
            "image_id": "bf8afd2a-f61b-4e2d-a747-caf2803c8d37",
            "image_name": "kali",
            "key_pair": "iai_vm-cyberrange-host",
            "metadata": null,
            "name": "Attacker-Kali",
            "network": [
              {
                "access_network": true,
                "fixed_ip_v4": "10.0.1.30",
                "fixed_ip_v6": "",
                "floating_ip": "",
                "mac": "fa:16:3e:60:02:a7",
                "name": "attack_range-network",
                "port": "5ad8dfa7-9fd6-4acf-aed5-0ac38c6a076a",
                "uuid": "95e4d17a-1533-43a8-b0e8-b8a23cf6ec57"
              }
            ],
            "network_mode": null,
            "personality": [],
            "power_state": "active",
            "region": "RegionOne",
            "scheduler_hints": [],
            "security_groups": [
              "default"
            ],
            "stop_before_destroy": false,
            "tags": [],
            "timeouts": null,
            "updated": "2024-03-26 10:13:58 +0000 UTC",
            "user_data": null,
            "vendor_options": [],
            "volume": []
          },
          "sensitive_attributes": [
            [
              {
                "type": "get_attr",
                "value": "admin_pass"
              }
            ]
          ],
          "private": "eyJlMmJmYjczMC1lY2FhLTExZTYtOGY4OC0zNDM2M2JjN2M0YzAiOnsiY3JlYXRlIjoxODAwMDAwMDAwMDAwLCJkZWxldGUiOjE4MDAwMDAwMDAwMDAsInVwZGF0ZSI6MTgwMDAwMDAwMDAwMH19",
          "dependencies": [
            "data.openstack_compute_keypair_v2.default_keypair",
            "openstack_networking_floatingip_v2.floatip_3",
            "openstack_networking_network_v2.attack_range-network",
            "openstack_networking_port_v2.attack_range-network-port_3",
            "openstack_networking_subnet_v2.attack_range-subnet"
          ]
        }
      ]
    },
    {
      "mode": "managed",
      "type": "openstack_compute_instance_v2",
      "name": "access-proxy",
      "provider": "provider[\"registry.terraform.io/terraform-provider-openstack/openstack\"]",
      "instances": [
        {
          "schema_version": 0,
          "attributes": {
            "access_ip_v4": "10.0.1.5",
            "access_ip_v6": "",
            "admin_pass": null,
            "all_metadata": {},
            "all_tags": [],
            "availability_zone": "nova",
            "availability_zone_hints": null,
            "block_device": [],
            "config_drive": null,
            "created": "2024-04-08 11:53:55 +0000 UTC",
            "flavor_id": "e30fa11a-3429-48d5-ad55-98ef3ecb72ed",
            "flavor_name": "standard.small",
            "floating_ip": null,
            "force_delete": false,
            "id": "3b880804-e407-43c5-96cc-fcbab126a7d1",
            "image_id": "63688ae7-c167-41e5-80db-164ef5714eef",
            "image_name": "Debian 12 generic amd64 20240211-1654",
            "key_pair": "iai_vm-cyberrange-host",
            "metadata": null,
            "name": "attack_range-access-proxy",
            "network": [
              {
                "access_network": true,
                "fixed_ip_v4": "10.0.1.5",
                "fixed_ip_v6": "",
                "floating_ip": "",
                "mac": "fa:16:3e:69:2e:38",
                "name": "attack_range-network",
                "port": "abb38dbb-d145-4991-ab9b-99f39dc527fd",
                "uuid": "95e4d17a-1533-43a8-b0e8-b8a23cf6ec57"
              }
            ],
            "network_mode": null,
            "personality": [],
            "power_state": "active",
            "region": "RegionOne",
            "scheduler_hints": [],
            "security_groups": [
              "attack_range-access-proxy-sg",
              "default"
            ],
            "stop_before_destroy": false,
            "tags": [],
            "timeouts": null,
            "updated": "2024-04-10 16:46:58 +0000 UTC",
            "user_data": null,
            "vendor_options": [],
            "volume": []
          },
          "sensitive_attributes": [
            [
              {
                "type": "get_attr",
                "value": "admin_pass"
              }
            ]
          ],
          "private": "eyJlMmJmYjczMC1lY2FhLTExZTYtOGY4OC0zNDM2M2JjN2M0YzAiOnsiY3JlYXRlIjoxODAwMDAwMDAwMDAwLCJkZWxldGUiOjE4MDAwMDAwMDAwMDAsInVwZGF0ZSI6MTgwMDAwMDAwMDAwMH19",
          "dependencies": [
            "data.openstack_images_image_v2.debian12",
            "openstack_networking_floatingip_v2.floatip-access-proxy",
            "openstack_networking_network_v2.attack_range-network",
            "openstack_networking_port_v2.attack_range-network-access-proxy-port",
            "openstack_networking_secgroup_v2.secgroup_access-proxy",
            "openstack_networking_subnet_v2.attack_range-subnet"
          ]
        }
      ]
    },
    {
      "mode": "managed",
      "type": "openstack_compute_instance_v2",
      "name": "apt29_Target-Win10Workstation1",
      "provider": "provider[\"registry.terraform.io/terraform-provider-openstack/openstack\"]",
      "instances": [
        {
          "schema_version": 0,
          "attributes": {
            "access_ip_v4": "10.0.1.15",
            "access_ip_v6": "",
            "admin_pass": null,
            "all_metadata": {},
            "all_tags": [],
            "availability_zone": "nova",
            "availability_zone_hints": null,
            "block_device": [],
            "config_drive": null,
            "created": "2024-04-24 14:52:03 +0000 UTC",
            "flavor_id": "3",
            "flavor_name": "m1.medium",
            "floating_ip": null,
            "force_delete": false,
            "id": "5184e736-8235-42b8-8b03-8eae4f529612",
            "image_id": "c3068ad3-add3-4b5a-9dab-ddc113a8647b",
            "image_name": "windows-10-amd64",
            "key_pair": "iai_vm-cyberrange-host",
            "metadata": null,
            "name": "apt29_Target-Win10Workstation1",
            "network": [
              {
                "access_network": true,
                "fixed_ip_v4": "10.0.1.15",
                "fixed_ip_v6": "",
                "floating_ip": "",
                "mac": "fa:16:3e:24:e2:ed",
                "name": "attack_range-network",
                "port": "",
                "uuid": "95e4d17a-1533-43a8-b0e8-b8a23cf6ec57"
              }
            ],
            "network_mode": null,
            "personality": [],
            "power_state": "active",
            "region": "RegionOne",
            "scheduler_hints": [],
            "security_groups": [
              "attack_range-windows-remote-sg",
              "default",
              "secgroup_attack_range_internal"
            ],
            "stop_before_destroy": false,
            "tags": null,
            "timeouts": null,
            "updated": "2024-04-24 14:52:37 +0000 UTC",
            "user_data": "a699906bfb9395c286a7417f6b385e02b1210239",
            "vendor_options": [],
            "volume": []
          },
          "sensitive_attributes": [
            [
              {
                "type": "get_attr",
                "value": "admin_pass"
              }
            ]
          ],
          "private": "eyJlMmJmYjczMC1lY2FhLTExZTYtOGY4OC0zNDM2M2JjN2M0YzAiOnsiY3JlYXRlIjoxODAwMDAwMDAwMDAwLCJkZWxldGUiOjE4MDAwMDAwMDAwMDAsInVwZGF0ZSI6MTgwMDAwMDAwMDAwMH19",
          "dependencies": [
            "data.openstack_compute_keypair_v2.default_keypair",
            "data.openstack_images_image_v2.win10",
            "openstack_networking_network_v2.attack_range-network",
            "openstack_networking_secgroup_v2.secgroup_attack_range_internal",
            "openstack_networking_secgroup_v2.secgroup_windows_remote"
          ]
        }
      ]
    },
    {
      "mode": "managed",
      "type": "openstack_compute_instance_v2",
      "name": "ubuntu_test",
      "provider": "provider[\"registry.terraform.io/terraform-provider-openstack/openstack\"]",
      "instances": [
        {
          "schema_version": 0,
          "attributes": {
            "access_ip_v4": "10.0.1.6",
            "access_ip_v6": "",
            "admin_pass": null,
            "all_metadata": {},
            "all_tags": [],
            "availability_zone": "nova",
            "availability_zone_hints": null,
            "block_device": [],
            "config_drive": null,
            "created": "2024-04-17 13:39:36 +0000 UTC",
            "flavor_id": "e30fa11a-3429-48d5-ad55-98ef3ecb72ed",
            "flavor_name": "standard.small",
            "floating_ip": null,
            "force_delete": false,
            "id": "1b2f55ee-5f9d-449f-ab8c-775bacfc72ac",
            "image_id": "d508e903-4f41-491e-bf41-b0cbc0f1712a",
            "image_name": "ubuntu-focal-x86_64",
            "key_pair": "iai_vm-cyberrange-host",
            "metadata": null,
            "name": "ubuntu_test",
            "network": [
              {
                "access_network": true,
                "fixed_ip_v4": "10.0.1.6",
                "fixed_ip_v6": "",
                "floating_ip": "",
                "mac": "fa:16:3e:1f:f9:2e",
                "name": "attack_range-network",
                "port": "75cc8c97-826c-4060-a2a1-d65c5155c5e5",
                "uuid": "95e4d17a-1533-43a8-b0e8-b8a23cf6ec57"
              }
            ],
            "network_mode": null,
            "personality": [],
            "power_state": "active",
            "region": "RegionOne",
            "scheduler_hints": [],
            "security_groups": [
              "default",
              "secgroup_splunk_universal_forwarder"
            ],
            "stop_before_destroy": false,
            "tags": [],
            "timeouts": null,
            "updated": "2024-04-17 13:39:40 +0000 UTC",
            "user_data": null,
            "vendor_options": [],
            "volume": []
          },
          "sensitive_attributes": [
            [
              {
                "type": "get_attr",
                "value": "admin_pass"
              }
            ]
          ],
          "private": "eyJlMmJmYjczMC1lY2FhLTExZTYtOGY4OC0zNDM2M2JjN2M0YzAiOnsiY3JlYXRlIjoxODAwMDAwMDAwMDAwLCJkZWxldGUiOjE4MDAwMDAwMDAwMDAsInVwZGF0ZSI6MTgwMDAwMDAwMDAwMH19",
          "dependencies": [
            "data.openstack_images_image_v2.ubuntu_test",
            "openstack_networking_floatingip_v2.floatip-access-proxy",
            "openstack_networking_network_v2.attack_range-network",
            "openstack_networking_port_v2.attack_range-network-linux-port",
            "openstack_networking_secgroup_v2.secgroup_splunk_universal_forwarder",
            "openstack_networking_subnet_v2.attack_range-subnet"
          ]
        }
      ]
    },
    {
      "mode": "managed",
      "type": "openstack_compute_instance_v2",
      "name": "windows-test1",
      "provider": "provider[\"registry.terraform.io/terraform-provider-openstack/openstack\"]",
      "instances": [
        {
          "schema_version": 0,
          "attributes": {
            "access_ip_v4": "10.0.1.14",
            "access_ip_v6": "",
            "admin_pass": null,
            "all_metadata": {},
            "all_tags": [],
            "availability_zone": "nova",
            "availability_zone_hints": null,
            "block_device": [],
            "config_drive": null,
            "created": "2024-04-10 16:42:29 +0000 UTC",
            "flavor_id": "3",
            "flavor_name": "m1.medium",
            "floating_ip": null,
            "force_delete": false,
            "id": "6a042cb7-13f5-43a4-a777-80637bd404bf",
            "image_id": "3e8237b6-6910-4e81-aa08-787c5b4d149d",
            "image_name": "Windows Server 2022 Eval x86_64",
            "key_pair": "",
            "metadata": null,
            "name": "windows-test",
            "network": [
              {
                "access_network": true,
                "fixed_ip_v4": "10.0.1.14",
                "fixed_ip_v6": "",
                "floating_ip": "",
                "mac": "fa:16:3e:a9:26:ca",
                "name": "attack_range-network",
                "port": "ee4afd93-0b2a-45e5-88e5-ab535c69b3ea",
                "uuid": "95e4d17a-1533-43a8-b0e8-b8a23cf6ec57"
              }
            ],
            "network_mode": null,
            "personality": [],
            "power_state": "active",
            "region": "RegionOne",
            "scheduler_hints": [],
            "security_groups": [
              "attack_range-windows-remote-sg",
              "default",
              "secgroup_attack_range_internal",
              "secgroup_splunk_universal_forwarder"
            ],
            "stop_before_destroy": false,
            "tags": [],
            "timeouts": null,
            "updated": "2024-04-24 11:29:01 +0000 UTC",
            "user_data": "a699906bfb9395c286a7417f6b385e02b1210239",
            "vendor_options": [],
            "volume": []
          },
          "sensitive_attributes": [
            [
              {
                "type": "get_attr",
                "value": "admin_pass"
              }
            ]
          ],
          "private": "eyJlMmJmYjczMC1lY2FhLTExZTYtOGY4OC0zNDM2M2JjN2M0YzAiOnsiY3JlYXRlIjoxODAwMDAwMDAwMDAwLCJkZWxldGUiOjE4MDAwMDAwMDAwMDAsInVwZGF0ZSI6MTgwMDAwMDAwMDAwMH19",
          "dependencies": [
            "data.openstack_images_image_v2.winserver2022",
            "openstack_networking_network_v2.attack_range-network",
            "openstack_networking_port_v2.attack_range-network-port_4",
            "openstack_networking_secgroup_v2.secgroup_attack_range_internal",
            "openstack_networking_secgroup_v2.secgroup_splunk_universal_forwarder",
            "openstack_networking_secgroup_v2.secgroup_windows_remote",
            "openstack_networking_subnet_v2.attack_range-subnet"
          ]
        }
      ]
    },
    {
      "mode": "managed",
      "type": "openstack_networking_floatingip_associate_v2",
      "name": "floatingip-access-proxy",
      "provider": "provider[\"registry.terraform.io/terraform-provider-openstack/openstack\"]",
      "instances": [
        {
          "schema_version": 0,
          "attributes": {
            "fixed_ip": "10.0.1.5",
            "floating_ip": "10.1.2.199",
            "id": "82c81625-e854-452f-b64a-96adda2c80e6",
            "port_id": "abb38dbb-d145-4991-ab9b-99f39dc527fd",
            "region": "RegionOne"
          },
          "sensitive_attributes": [],
          "private": "bnVsbA==",
          "dependencies": [
            "openstack_networking_floatingip_v2.floatip-access-proxy",
            "openstack_networking_network_v2.attack_range-network",
            "openstack_networking_port_v2.attack_range-network-access-proxy-port",
            "openstack_networking_subnet_v2.attack_range-subnet"
          ]
        }
      ]
    },
    {
      "mode": "managed",
      "type": "openstack_networking_floatingip_v2",
      "name": "floatip-access-proxy",
      "provider": "provider[\"registry.terraform.io/terraform-provider-openstack/openstack\"]",
      "instances": [
        {
          "schema_version": 0,
          "attributes": {
            "address": "10.1.2.199",
            "all_tags": [],
            "description": "",
            "dns_domain": "",
            "dns_name": "",
            "fixed_ip": "10.0.1.5",
            "id": "82c81625-e854-452f-b64a-96adda2c80e6",
            "pool": "public",
            "port_id": "abb38dbb-d145-4991-ab9b-99f39dc527fd",
            "region": "RegionOne",
            "subnet_id": null,
            "subnet_ids": null,
            "tags": [],
            "tenant_id": "65e52ade32d74c699bef395584d2c91c",
            "timeouts": null,
            "value_specs": null
          },
          "sensitive_attributes": [],
          "private": "eyJlMmJmYjczMC1lY2FhLTExZTYtOGY4OC0zNDM2M2JjN2M0YzAiOnsiY3JlYXRlIjo2MDAwMDAwMDAwMDAsImRlbGV0ZSI6NjAwMDAwMDAwMDAwfX0="
        }
      ]
    },
    {
      "mode": "managed",
      "type": "openstack_networking_floatingip_v2",
      "name": "floatip_2",
      "provider": "provider[\"registry.terraform.io/terraform-provider-openstack/openstack\"]",
      "instances": [
        {
          "schema_version": 0,
          "attributes": {
            "address": "10.1.2.184",
            "all_tags": [],
            "description": "",
            "dns_domain": "",
            "dns_name": "",
            "fixed_ip": "10.0.1.73",
            "id": "475d463b-e98a-4d5f-bf08-fa3ddbe634fb",
            "pool": "public",
            "port_id": "17145c53-d846-4dfd-aba7-5621ec9b8692",
            "region": "RegionOne",
            "subnet_id": null,
            "subnet_ids": null,
            "tags": [],
            "tenant_id": "65e52ade32d74c699bef395584d2c91c",
            "timeouts": null,
            "value_specs": null
          },
          "sensitive_attributes": [],
          "private": "eyJlMmJmYjczMC1lY2FhLTExZTYtOGY4OC0zNDM2M2JjN2M0YzAiOnsiY3JlYXRlIjo2MDAwMDAwMDAwMDAsImRlbGV0ZSI6NjAwMDAwMDAwMDAwfX0="
        }
      ]
    },
    {
      "mode": "managed",
      "type": "openstack_networking_floatingip_v2",
      "name": "floatip_3",
      "provider": "provider[\"registry.terraform.io/terraform-provider-openstack/openstack\"]",
      "instances": [
        {
          "schema_version": 0,
          "attributes": {
            "address": "10.1.2.181",
            "all_tags": [],
            "description": "",
            "dns_domain": "",
            "dns_name": "",
            "fixed_ip": "",
            "id": "22a21d84-7648-4f8a-ad8f-cb1a69f0ebb3",
            "pool": "public",
            "port_id": "",
            "region": "RegionOne",
            "subnet_id": null,
            "subnet_ids": null,
            "tags": [],
            "tenant_id": "65e52ade32d74c699bef395584d2c91c",
            "timeouts": null,
            "value_specs": null
          },
          "sensitive_attributes": [],
          "private": "eyJlMmJmYjczMC1lY2FhLTExZTYtOGY4OC0zNDM2M2JjN2M0YzAiOnsiY3JlYXRlIjo2MDAwMDAwMDAwMDAsImRlbGV0ZSI6NjAwMDAwMDAwMDAwfX0="
        }
      ]
    },
    {
      "mode": "managed",
      "type": "openstack_networking_floatingip_v2",
      "name": "floatip_4",
      "provider": "provider[\"registry.terraform.io/terraform-provider-openstack/openstack\"]",
      "instances": [
        {
          "schema_version": 0,
          "attributes": {
            "address": "10.1.2.190",
            "all_tags": [],
            "description": "",
            "dns_domain": "",
            "dns_name": "",
            "fixed_ip": "",
            "id": "1038a547-adcf-4bd1-8ebe-c31f08061d83",
            "pool": "public",
            "port_id": "",
            "region": "RegionOne",
            "subnet_id": null,
            "subnet_ids": null,
            "tags": [],
            "tenant_id": "65e52ade32d74c699bef395584d2c91c",
            "timeouts": null,
            "value_specs": null
          },
          "sensitive_attributes": [],
          "private": "eyJlMmJmYjczMC1lY2FhLTExZTYtOGY4OC0zNDM2M2JjN2M0YzAiOnsiY3JlYXRlIjo2MDAwMDAwMDAwMDAsImRlbGV0ZSI6NjAwMDAwMDAwMDAwfX0="
        }
      ]
    },
    {
      "mode": "managed",
      "type": "openstack_networking_network_v2",
      "name": "attack_range-network",
      "provider": "provider[\"registry.terraform.io/terraform-provider-openstack/openstack\"]",
      "instances": [
        {
          "schema_version": 0,
          "attributes": {
            "admin_state_up": true,
            "all_tags": [],
            "availability_zone_hints": [],
            "description": "",
            "dns_domain": "",
            "external": false,
            "id": "95e4d17a-1533-43a8-b0e8-b8a23cf6ec57",
            "mtu": 1450,
            "name": "attack_range-network",
            "port_security_enabled": true,
            "qos_policy_id": "",
            "region": "RegionOne",
            "segments": [
              {
                "network_type": "vxlan",
                "physical_network": "",
                "segmentation_id": 476
              }
            ],
            "shared": false,
            "tags": [],
            "tenant_id": "65e52ade32d74c699bef395584d2c91c",
            "timeouts": null,
            "transparent_vlan": false,
            "value_specs": null
          },
          "sensitive_attributes": [],
          "private": "eyJlMmJmYjczMC1lY2FhLTExZTYtOGY4OC0zNDM2M2JjN2M0YzAiOnsiY3JlYXRlIjo2MDAwMDAwMDAwMDAsImRlbGV0ZSI6NjAwMDAwMDAwMDAwfX0="
        }
      ]
    },
    {
      "mode": "managed",
      "type": "openstack_networking_port_v2",
      "name": "attack_range-network-access-proxy-port",
      "provider": "provider[\"registry.terraform.io/terraform-provider-openstack/openstack\"]",
      "instances": [
        {
          "schema_version": 0,
          "attributes": {
            "admin_state_up": true,
            "all_fixed_ips": [
              "10.0.1.5"
            ],
            "all_security_group_ids": [
              "38d7ce0c-1663-4c9a-a501-4dca6fc085bd",
              "720fd78d-1541-4dab-a0db-0378a6c845ec"
            ],
            "all_tags": [],
            "allowed_address_pairs": [],
            "binding": [
              {
                "host_id": "vm-cyberrange-host",
                "profile": "{}",
                "vif_details": {
                  "bound_drivers": "{\"0\":\"openvswitch\"}",
                  "bridge_name": "br-int",
                  "connectivity": "l2",
                  "datapath_type": "system",
                  "ovs_hybrid_plug": "true",
                  "port_filter": "true"
                },
                "vif_type": "ovs",
                "vnic_type": "normal"
              }
            ],
            "description": "",
            "device_id": "3b880804-e407-43c5-96cc-fcbab126a7d1",
            "device_owner": "compute:nova",
            "dns_assignment": [],
            "dns_name": "",
            "extra_dhcp_option": [],
            "fixed_ip": [
              {
                "ip_address": "10.0.1.5",
                "subnet_id": "bd0da77e-614a-4370-86ba-17280114671a"
              }
            ],
            "id": "abb38dbb-d145-4991-ab9b-99f39dc527fd",
            "mac_address": "fa:16:3e:69:2e:38",
            "name": "access-proxy-port",
            "network_id": "95e4d17a-1533-43a8-b0e8-b8a23cf6ec57",
            "no_fixed_ip": null,
            "no_security_groups": null,
            "port_security_enabled": true,
            "qos_policy_id": "",
            "region": "RegionOne",
            "security_group_ids": null,
            "tags": [],
            "tenant_id": "65e52ade32d74c699bef395584d2c91c",
            "timeouts": null,
            "value_specs": null
          },
          "sensitive_attributes": [],
          "private": "eyJlMmJmYjczMC1lY2FhLTExZTYtOGY4OC0zNDM2M2JjN2M0YzAiOnsiY3JlYXRlIjo2MDAwMDAwMDAwMDAsImRlbGV0ZSI6NjAwMDAwMDAwMDAwfX0=",
          "dependencies": [
            "openstack_networking_network_v2.attack_range-network",
            "openstack_networking_subnet_v2.attack_range-subnet"
          ]
        }
      ]
    },
    {
      "mode": "managed",
      "type": "openstack_networking_port_v2",
      "name": "attack_range-network-linux-port",
      "provider": "provider[\"registry.terraform.io/terraform-provider-openstack/openstack\"]",
      "instances": [
        {
          "schema_version": 0,
          "attributes": {
            "admin_state_up": true,
            "all_fixed_ips": [
              "10.0.1.6"
            ],
            "all_security_group_ids": [
              "018d3a02-2bed-426d-a86c-bbe67bda1306",
              "38d7ce0c-1663-4c9a-a501-4dca6fc085bd"
            ],
            "all_tags": [],
            "allowed_address_pairs": [],
            "binding": [
              {
                "host_id": "vm-cyberrange-host",
                "profile": "{}",
                "vif_details": {
                  "bound_drivers": "{\"0\":\"openvswitch\"}",
                  "bridge_name": "br-int",
                  "connectivity": "l2",
                  "datapath_type": "system",
                  "ovs_hybrid_plug": "true",
                  "port_filter": "true"
                },
                "vif_type": "ovs",
                "vnic_type": "normal"
              }
            ],
            "description": "",
            "device_id": "1b2f55ee-5f9d-449f-ab8c-775bacfc72ac",
            "device_owner": "compute:nova",
            "dns_assignment": [],
            "dns_name": "",
            "extra_dhcp_option": [],
            "fixed_ip": [
              {
                "ip_address": "10.0.1.6",
                "subnet_id": "bd0da77e-614a-4370-86ba-17280114671a"
              }
            ],
            "id": "75cc8c97-826c-4060-a2a1-d65c5155c5e5",
            "mac_address": "fa:16:3e:1f:f9:2e",
            "name": "linux-port",
            "network_id": "95e4d17a-1533-43a8-b0e8-b8a23cf6ec57",
            "no_fixed_ip": null,
            "no_security_groups": null,
            "port_security_enabled": true,
            "qos_policy_id": "",
            "region": "RegionOne",
            "security_group_ids": null,
            "tags": [],
            "tenant_id": "65e52ade32d74c699bef395584d2c91c",
            "timeouts": null,
            "value_specs": null
          },
          "sensitive_attributes": [],
          "private": "eyJlMmJmYjczMC1lY2FhLTExZTYtOGY4OC0zNDM2M2JjN2M0YzAiOnsiY3JlYXRlIjo2MDAwMDAwMDAwMDAsImRlbGV0ZSI6NjAwMDAwMDAwMDAwfX0=",
          "dependencies": [
            "openstack_networking_network_v2.attack_range-network",
            "openstack_networking_subnet_v2.attack_range-subnet"
          ]
        }
      ]
    },
    {
      "mode": "managed",
      "type": "openstack_networking_port_v2",
      "name": "attack_range-network-port_1",
      "provider": "provider[\"registry.terraform.io/terraform-provider-openstack/openstack\"]",
      "instances": [
        {
          "schema_version": 0,
          "attributes": {
            "admin_state_up": true,
            "all_fixed_ips": [
              "10.0.1.12"
            ],
            "all_security_group_ids": [
              "38d7ce0c-1663-4c9a-a501-4dca6fc085bd",
              "d546a42d-694f-4137-9fb0-c70bf26e02ef",
              "dd2b2fbc-b6a4-4d08-8b1a-5c2ed1a6cd63"
            ],
            "all_tags": [],
            "allowed_address_pairs": [],
            "binding": [
              {
                "host_id": "",
                "profile": "{}",
                "vif_details": {},
                "vif_type": "unbound",
                "vnic_type": "normal"
              }
            ],
            "description": "",
            "device_id": "",
            "device_owner": "",
            "dns_assignment": [],
            "dns_name": "",
            "extra_dhcp_option": [],
            "fixed_ip": [
              {
                "ip_address": "10.0.1.12",
                "subnet_id": "bd0da77e-614a-4370-86ba-17280114671a"
              }
            ],
            "id": "9001363e-c413-4a66-ad49-88203dc057b1",
            "mac_address": "fa:16:3e:6f:07:71",
            "name": "port_1",
            "network_id": "95e4d17a-1533-43a8-b0e8-b8a23cf6ec57",
            "no_fixed_ip": null,
            "no_security_groups": null,
            "port_security_enabled": true,
            "qos_policy_id": "",
            "region": "RegionOne",
            "security_group_ids": null,
            "tags": [],
            "tenant_id": "65e52ade32d74c699bef395584d2c91c",
            "timeouts": null,
            "value_specs": null
          },
          "sensitive_attributes": [],
          "private": "eyJlMmJmYjczMC1lY2FhLTExZTYtOGY4OC0zNDM2M2JjN2M0YzAiOnsiY3JlYXRlIjo2MDAwMDAwMDAwMDAsImRlbGV0ZSI6NjAwMDAwMDAwMDAwfX0=",
          "dependencies": [
            "openstack_networking_network_v2.attack_range-network",
            "openstack_networking_subnet_v2.attack_range-subnet"
          ]
        }
      ]
    },
    {
      "mode": "managed",
      "type": "openstack_networking_port_v2",
      "name": "attack_range-network-port_2",
      "provider": "provider[\"registry.terraform.io/terraform-provider-openstack/openstack\"]",
      "instances": [
        {
          "schema_version": 0,
          "attributes": {
            "admin_state_up": true,
            "all_fixed_ips": [
              "10.0.1.73"
            ],
            "all_security_group_ids": [
              "38d7ce0c-1663-4c9a-a501-4dca6fc085bd"
            ],
            "all_tags": [],
            "allowed_address_pairs": [],
            "binding": [
              {
                "host_id": "",
                "profile": "{}",
                "vif_details": {},
                "vif_type": "unbound",
                "vnic_type": "normal"
              }
            ],
            "description": "",
            "device_id": "",
            "device_owner": "",
            "dns_assignment": [],
            "dns_name": "",
            "extra_dhcp_option": [],
            "fixed_ip": [
              {
                "ip_address": "",
                "subnet_id": "bd0da77e-614a-4370-86ba-17280114671a"
              }
            ],
            "id": "17145c53-d846-4dfd-aba7-5621ec9b8692",
            "mac_address": "fa:16:3e:82:de:d4",
            "name": "port_2",
            "network_id": "95e4d17a-1533-43a8-b0e8-b8a23cf6ec57",
            "no_fixed_ip": null,
            "no_security_groups": null,
            "port_security_enabled": true,
            "qos_policy_id": "",
            "region": "RegionOne",
            "security_group_ids": null,
            "tags": [],
            "tenant_id": "65e52ade32d74c699bef395584d2c91c",
            "timeouts": null,
            "value_specs": null
          },
          "sensitive_attributes": [],
          "private": "eyJlMmJmYjczMC1lY2FhLTExZTYtOGY4OC0zNDM2M2JjN2M0YzAiOnsiY3JlYXRlIjo2MDAwMDAwMDAwMDAsImRlbGV0ZSI6NjAwMDAwMDAwMDAwfX0=",
          "dependencies": [
            "openstack_networking_network_v2.attack_range-network",
            "openstack_networking_subnet_v2.attack_range-subnet"
          ]
        }
      ]
    },
    {
      "mode": "managed",
      "type": "openstack_networking_port_v2",
      "name": "attack_range-network-port_3",
      "provider": "provider[\"registry.terraform.io/terraform-provider-openstack/openstack\"]",
      "instances": [
        {
          "schema_version": 0,
          "attributes": {
            "admin_state_up": true,
            "all_fixed_ips": [
              "10.0.1.30"
            ],
            "all_security_group_ids": [
              "38d7ce0c-1663-4c9a-a501-4dca6fc085bd"
            ],
            "all_tags": [],
            "allowed_address_pairs": [],
            "binding": [
              {
                "host_id": "vm-cyberrange-host",
                "profile": "{}",
                "vif_details": {
                  "bound_drivers": "{\"0\":\"openvswitch\"}",
                  "bridge_name": "br-int",
                  "connectivity": "l2",
                  "datapath_type": "system",
                  "ovs_hybrid_plug": "true",
                  "port_filter": "true"
                },
                "vif_type": "ovs",
                "vnic_type": "normal"
              }
            ],
            "description": "",
            "device_id": "a9861d49-aff7-4141-b5db-f3b1777bfc5f",
            "device_owner": "compute:nova",
            "dns_assignment": [],
            "dns_name": "",
            "extra_dhcp_option": [],
            "fixed_ip": [
              {
                "ip_address": "10.0.1.30",
                "subnet_id": "bd0da77e-614a-4370-86ba-17280114671a"
              }
            ],
            "id": "5ad8dfa7-9fd6-4acf-aed5-0ac38c6a076a",
            "mac_address": "fa:16:3e:60:02:a7",
            "name": "port_3",
            "network_id": "95e4d17a-1533-43a8-b0e8-b8a23cf6ec57",
            "no_fixed_ip": null,
            "no_security_groups": null,
            "port_security_enabled": true,
            "qos_policy_id": "",
            "region": "RegionOne",
            "security_group_ids": null,
            "tags": [],
            "tenant_id": "65e52ade32d74c699bef395584d2c91c",
            "timeouts": null,
            "value_specs": null
          },
          "sensitive_attributes": [],
          "private": "eyJlMmJmYjczMC1lY2FhLTExZTYtOGY4OC0zNDM2M2JjN2M0YzAiOnsiY3JlYXRlIjo2MDAwMDAwMDAwMDAsImRlbGV0ZSI6NjAwMDAwMDAwMDAwfX0=",
          "dependencies": [
            "openstack_networking_network_v2.attack_range-network",
            "openstack_networking_subnet_v2.attack_range-subnet"
          ]
        }
      ]
    },
    {
      "mode": "managed",
      "type": "openstack_networking_port_v2",
      "name": "attack_range-network-port_4",
      "provider": "provider[\"registry.terraform.io/terraform-provider-openstack/openstack\"]",
      "instances": [
        {
          "schema_version": 0,
          "attributes": {
            "admin_state_up": true,
            "all_fixed_ips": [
              "10.0.1.14"
            ],
            "all_security_group_ids": [
              "018d3a02-2bed-426d-a86c-bbe67bda1306",
              "38d7ce0c-1663-4c9a-a501-4dca6fc085bd",
              "9a5abcb8-081f-4976-9152-a1c6780b9c29",
              "dd2b2fbc-b6a4-4d08-8b1a-5c2ed1a6cd63"
            ],
            "all_tags": [],
            "allowed_address_pairs": [],
            "binding": [
              {
                "host_id": "vm-cyberrange-host",
                "profile": "{}",
                "vif_details": {
                  "bound_drivers": "{\"0\":\"openvswitch\"}",
                  "bridge_name": "br-int",
                  "connectivity": "l2",
                  "datapath_type": "system",
                  "ovs_hybrid_plug": "true",
                  "port_filter": "true"
                },
                "vif_type": "ovs",
                "vnic_type": "normal"
              }
            ],
            "description": "",
            "device_id": "6a042cb7-13f5-43a4-a777-80637bd404bf",
            "device_owner": "compute:nova",
            "dns_assignment": [],
            "dns_name": "",
            "extra_dhcp_option": [],
            "fixed_ip": [
              {
                "ip_address": "10.0.1.14",
                "subnet_id": "bd0da77e-614a-4370-86ba-17280114671a"
              }
            ],
            "id": "ee4afd93-0b2a-45e5-88e5-ab535c69b3ea",
            "mac_address": "fa:16:3e:a9:26:ca",
            "name": "port_4",
            "network_id": "95e4d17a-1533-43a8-b0e8-b8a23cf6ec57",
            "no_fixed_ip": null,
            "no_security_groups": null,
            "port_security_enabled": true,
            "qos_policy_id": "",
            "region": "RegionOne",
            "security_group_ids": null,
            "tags": [],
            "tenant_id": "65e52ade32d74c699bef395584d2c91c",
            "timeouts": null,
            "value_specs": null
          },
          "sensitive_attributes": [],
          "private": "eyJlMmJmYjczMC1lY2FhLTExZTYtOGY4OC0zNDM2M2JjN2M0YzAiOnsiY3JlYXRlIjo2MDAwMDAwMDAwMDAsImRlbGV0ZSI6NjAwMDAwMDAwMDAwfX0=",
          "dependencies": [
            "openstack_networking_network_v2.attack_range-network",
            "openstack_networking_subnet_v2.attack_range-subnet"
          ]
        }
      ]
    },
    {
      "mode": "managed",
      "type": "openstack_networking_router_interface_v2",
      "name": "router_interface_1",
      "provider": "provider[\"registry.terraform.io/terraform-provider-openstack/openstack\"]",
      "instances": [
        {
          "schema_version": 0,
          "attributes": {
            "force_destroy": false,
            "id": "d5d949bf-714a-4698-97a8-ff2557a9e0ba",
            "port_id": "d5d949bf-714a-4698-97a8-ff2557a9e0ba",
            "region": "RegionOne",
            "router_id": "061f5552-1464-4335-b0fe-d5cf4aadf468",
            "subnet_id": "bd0da77e-614a-4370-86ba-17280114671a",
            "timeouts": null
          },
          "sensitive_attributes": [],
          "private": "eyJlMmJmYjczMC1lY2FhLTExZTYtOGY4OC0zNDM2M2JjN2M0YzAiOnsiY3JlYXRlIjo2MDAwMDAwMDAwMDAsImRlbGV0ZSI6NjAwMDAwMDAwMDAwfX0=",
          "dependencies": [
            "openstack_networking_network_v2.attack_range-network",
            "openstack_networking_router_v2.attack_range_router",
            "openstack_networking_subnet_v2.attack_range-subnet"
          ]
        }
      ]
    },
    {
      "mode": "managed",
      "type": "openstack_networking_router_v2",
      "name": "attack_range_router",
      "provider": "provider[\"registry.terraform.io/terraform-provider-openstack/openstack\"]",
      "instances": [
        {
          "schema_version": 0,
          "attributes": {
            "admin_state_up": true,
            "all_tags": [],
            "availability_zone_hints": [],
            "description": "",
            "distributed": false,
            "enable_snat": true,
            "external_fixed_ip": [
              {
                "ip_address": "10.1.2.170",
                "subnet_id": "e414dbaa-8a72-4d4d-8a4a-db68ef622950"
              }
            ],
            "external_gateway": "b4def106-3c27-4de8-9848-434dacf07ba3",
            "external_network_id": "b4def106-3c27-4de8-9848-434dacf07ba3",
            "external_subnet_ids": null,
            "id": "061f5552-1464-4335-b0fe-d5cf4aadf468",
            "name": "attack_range_router",
            "region": "RegionOne",
            "tags": [],
            "tenant_id": "65e52ade32d74c699bef395584d2c91c",
            "timeouts": null,
            "value_specs": null,
            "vendor_options": []
          },
          "sensitive_attributes": [],
          "private": "eyJlMmJmYjczMC1lY2FhLTExZTYtOGY4OC0zNDM2M2JjN2M0YzAiOnsiY3JlYXRlIjo2MDAwMDAwMDAwMDAsImRlbGV0ZSI6NjAwMDAwMDAwMDAwfX0="
        }
      ]
    },
    {
      "mode": "managed",
      "type": "openstack_networking_secgroup_rule_v2",
      "name": "rdp",
      "provider": "provider[\"registry.terraform.io/terraform-provider-openstack/openstack\"]",
      "instances": [
        {
          "schema_version": 0,
          "attributes": {
            "description": "",
            "direction": "ingress",
            "ethertype": "IPv4",
            "id": "9ca9a1e0-a00b-4457-a4d3-943cd9e7b364",
            "port_range_max": 3389,
            "port_range_min": 3389,
            "protocol": "tcp",
            "region": "RegionOne",
            "remote_group_id": "",
            "remote_ip_prefix": "0.0.0.0/0",
            "security_group_id": "9a5abcb8-081f-4976-9152-a1c6780b9c29",
            "tenant_id": "65e52ade32d74c699bef395584d2c91c",
            "timeouts": null
          },
          "sensitive_attributes": [],
          "private": "eyJlMmJmYjczMC1lY2FhLTExZTYtOGY4OC0zNDM2M2JjN2M0YzAiOnsiZGVsZXRlIjo2MDAwMDAwMDAwMDB9fQ==",
          "dependencies": [
            "openstack_networking_secgroup_v2.secgroup_windows_remote"
          ]
        }
      ]
    },
    {
      "mode": "managed",
      "type": "openstack_networking_secgroup_rule_v2",
      "name": "secgroup_access-proxy_smb",
      "provider": "provider[\"registry.terraform.io/terraform-provider-openstack/openstack\"]",
      "instances": [
        {
          "schema_version": 0,
          "attributes": {
            "description": "",
            "direction": "ingress",
            "ethertype": "IPv4",
            "id": "90c8e327-82dc-4d88-958a-5bc471e718cb",
            "port_range_max": 445,
            "port_range_min": 445,
            "protocol": "tcp",
            "region": "RegionOne",
            "remote_group_id": "",
            "remote_ip_prefix": "10.0.1.0/24",
            "security_group_id": "720fd78d-1541-4dab-a0db-0378a6c845ec",
            "tenant_id": "65e52ade32d74c699bef395584d2c91c",
            "timeouts": null
          },
          "sensitive_attributes": [],
          "private": "eyJlMmJmYjczMC1lY2FhLTExZTYtOGY4OC0zNDM2M2JjN2M0YzAiOnsiZGVsZXRlIjo2MDAwMDAwMDAwMDB9fQ==",
          "dependencies": [
            "openstack_networking_secgroup_v2.secgroup_access-proxy"
          ]
        }
      ]
    },
    {
      "mode": "managed",
      "type": "openstack_networking_secgroup_rule_v2",
      "name": "secgroup_access-proxy_socks",
      "provider": "provider[\"registry.terraform.io/terraform-provider-openstack/openstack\"]",
      "instances": [
        {
          "schema_version": 0,
          "attributes": {
            "description": "",
            "direction": "ingress",
            "ethertype": "IPv4",
            "id": "c570b305-6440-4eda-a790-0d60652ff7d7",
            "port_range_max": 1080,
            "port_range_min": 1080,
            "protocol": "tcp",
            "region": "RegionOne",
            "remote_group_id": "",
            "remote_ip_prefix": "10.1.2.0/24",
            "security_group_id": "720fd78d-1541-4dab-a0db-0378a6c845ec",
            "tenant_id": "65e52ade32d74c699bef395584d2c91c",
            "timeouts": null
          },
          "sensitive_attributes": [],
          "private": "eyJlMmJmYjczMC1lY2FhLTExZTYtOGY4OC0zNDM2M2JjN2M0YzAiOnsiZGVsZXRlIjo2MDAwMDAwMDAwMDB9fQ==",
          "dependencies": [
            "openstack_networking_secgroup_v2.secgroup_access-proxy"
          ]
        }
      ]
    },
    {
      "mode": "managed",
      "type": "openstack_networking_secgroup_rule_v2",
      "name": "secgroup_rule_ipv4_ingress",
      "provider": "provider[\"registry.terraform.io/terraform-provider-openstack/openstack\"]",
      "instances": [
        {
          "schema_version": 0,
          "attributes": {
            "description": "",
            "direction": "ingress",
            "ethertype": "IPv4",
            "id": "c0fd21ce-c1da-4333-90e5-eb99bc5bac66",
            "port_range_max": 0,
            "port_range_min": 0,
            "protocol": "",
            "region": "RegionOne",
            "remote_group_id": "",
            "remote_ip_prefix": "0.0.0.0/0",
            "security_group_id": "dd2b2fbc-b6a4-4d08-8b1a-5c2ed1a6cd63",
            "tenant_id": "65e52ade32d74c699bef395584d2c91c",
            "timeouts": null
          },
          "sensitive_attributes": [],
          "private": "eyJlMmJmYjczMC1lY2FhLTExZTYtOGY4OC0zNDM2M2JjN2M0YzAiOnsiZGVsZXRlIjo2MDAwMDAwMDAwMDB9fQ==",
          "dependencies": [
            "openstack_networking_secgroup_v2.secgroup_attack_range_internal"
          ]
        }
      ]
    },
    {
      "mode": "managed",
      "type": "openstack_networking_secgroup_rule_v2",
      "name": "secgroup_rule_ipv6_ingress",
      "provider": "provider[\"registry.terraform.io/terraform-provider-openstack/openstack\"]",
      "instances": [
        {
          "schema_version": 0,
          "attributes": {
            "description": "",
            "direction": "ingress",
            "ethertype": "IPv6",
            "id": "97d00df4-797a-4cfd-a542-56a866af8453",
            "port_range_max": 0,
            "port_range_min": 0,
            "protocol": "",
            "region": "RegionOne",
            "remote_group_id": "",
            "remote_ip_prefix": "::/0",
            "security_group_id": "dd2b2fbc-b6a4-4d08-8b1a-5c2ed1a6cd63",
            "tenant_id": "65e52ade32d74c699bef395584d2c91c",
            "timeouts": null
          },
          "sensitive_attributes": [],
          "private": "eyJlMmJmYjczMC1lY2FhLTExZTYtOGY4OC0zNDM2M2JjN2M0YzAiOnsiZGVsZXRlIjo2MDAwMDAwMDAwMDB9fQ==",
          "dependencies": [
            "openstack_networking_secgroup_v2.secgroup_attack_range_internal"
          ]
        }
      ]
    },
    {
      "mode": "managed",
      "type": "openstack_networking_secgroup_rule_v2",
      "name": "splunk_server",
      "provider": "provider[\"registry.terraform.io/terraform-provider-openstack/openstack\"]",
      "instances": [
        {
          "schema_version": 0,
          "attributes": {
            "description": "",
            "direction": "ingress",
            "ethertype": "IPv4",
            "id": "9e965d04-69ee-45f5-999c-ec0997fcfaeb",
            "port_range_max": 8089,
            "port_range_min": 8089,
            "protocol": "tcp",
            "region": "RegionOne",
            "remote_group_id": "",
            "remote_ip_prefix": "0.0.0.0/0",
            "security_group_id": "d546a42d-694f-4137-9fb0-c70bf26e02ef",
            "tenant_id": "65e52ade32d74c699bef395584d2c91c",
            "timeouts": null
          },
          "sensitive_attributes": [],
          "private": "eyJlMmJmYjczMC1lY2FhLTExZTYtOGY4OC0zNDM2M2JjN2M0YzAiOnsiZGVsZXRlIjo2MDAwMDAwMDAwMDB9fQ==",
          "dependencies": [
            "openstack_networking_secgroup_v2.secgroup_splunk_server"
          ]
        }
      ]
    },
    {
      "mode": "managed",
      "type": "openstack_networking_secgroup_rule_v2",
      "name": "splunk_universal_forwarder",
      "provider": "provider[\"registry.terraform.io/terraform-provider-openstack/openstack\"]",
      "instances": [
        {
          "schema_version": 0,
          "attributes": {
            "description": "",
            "direction": "ingress",
            "ethertype": "IPv4",
            "id": "7e1bfede-0661-4389-9b4f-6689f267028d",
            "port_range_max": 9997,
            "port_range_min": 9997,
            "protocol": "tcp",
            "region": "RegionOne",
            "remote_group_id": "",
            "remote_ip_prefix": "0.0.0.0/0",
            "security_group_id": "018d3a02-2bed-426d-a86c-bbe67bda1306",
            "tenant_id": "65e52ade32d74c699bef395584d2c91c",
            "timeouts": null
          },
          "sensitive_attributes": [],
          "private": "eyJlMmJmYjczMC1lY2FhLTExZTYtOGY4OC0zNDM2M2JjN2M0YzAiOnsiZGVsZXRlIjo2MDAwMDAwMDAwMDB9fQ==",
          "dependencies": [
            "openstack_networking_secgroup_v2.secgroup_splunk_universal_forwarder"
          ]
        }
      ]
    },
    {
      "mode": "managed",
      "type": "openstack_networking_secgroup_rule_v2",
      "name": "winrm",
      "provider": "provider[\"registry.terraform.io/terraform-provider-openstack/openstack\"]",
      "instances": [
        {
          "schema_version": 0,
          "attributes": {
            "description": "",
            "direction": "ingress",
            "ethertype": "IPv4",
            "id": "39864d40-40ee-483c-961f-ad48f77130f7",
            "port_range_max": 5986,
            "port_range_min": 5985,
            "protocol": "tcp",
            "region": "RegionOne",
            "remote_group_id": "",
            "remote_ip_prefix": "0.0.0.0/0",
            "security_group_id": "9a5abcb8-081f-4976-9152-a1c6780b9c29",
            "tenant_id": "65e52ade32d74c699bef395584d2c91c",
            "timeouts": null
          },
          "sensitive_attributes": [],
          "private": "eyJlMmJmYjczMC1lY2FhLTExZTYtOGY4OC0zNDM2M2JjN2M0YzAiOnsiZGVsZXRlIjo2MDAwMDAwMDAwMDB9fQ==",
          "dependencies": [
            "openstack_networking_secgroup_v2.secgroup_windows_remote"
          ]
        }
      ]
    },
    {
      "mode": "managed",
      "type": "openstack_networking_secgroup_v2",
      "name": "secgroup_access-proxy",
      "provider": "provider[\"registry.terraform.io/terraform-provider-openstack/openstack\"]",
      "instances": [
        {
          "schema_version": 0,
          "attributes": {
            "all_tags": [],
            "delete_default_rules": null,
            "description": "Security group for Attack Ranges Access Proxy",
            "id": "720fd78d-1541-4dab-a0db-0378a6c845ec",
            "name": "attack_range-access-proxy-sg",
            "region": "RegionOne",
            "tags": [],
            "tenant_id": "65e52ade32d74c699bef395584d2c91c",
            "timeouts": null
          },
          "sensitive_attributes": [],
          "private": "eyJlMmJmYjczMC1lY2FhLTExZTYtOGY4OC0zNDM2M2JjN2M0YzAiOnsiZGVsZXRlIjo2MDAwMDAwMDAwMDB9fQ=="
        }
      ]
    },
    {
      "mode": "managed",
      "type": "openstack_networking_secgroup_v2",
      "name": "secgroup_attack_range_internal",
      "provider": "provider[\"registry.terraform.io/terraform-provider-openstack/openstack\"]",
      "instances": [
        {
          "schema_version": 0,
          "attributes": {
            "all_tags": [],
            "delete_default_rules": null,
            "description": "Unrestricted communication on the internal attack range network",
            "id": "dd2b2fbc-b6a4-4d08-8b1a-5c2ed1a6cd63",
            "name": "secgroup_attack_range_internal",
            "region": "RegionOne",
            "tags": [],
            "tenant_id": "65e52ade32d74c699bef395584d2c91c",
            "timeouts": null
          },
          "sensitive_attributes": [],
          "private": "eyJlMmJmYjczMC1lY2FhLTExZTYtOGY4OC0zNDM2M2JjN2M0YzAiOnsiZGVsZXRlIjo2MDAwMDAwMDAwMDB9fQ=="
        }
      ]
    },
    {
      "mode": "managed",
      "type": "openstack_networking_secgroup_v2",
      "name": "secgroup_splunk_server",
      "provider": "provider[\"registry.terraform.io/terraform-provider-openstack/openstack\"]",
      "instances": [
        {
          "schema_version": 0,
          "attributes": {
            "all_tags": [],
            "delete_default_rules": null,
            "description": "Security group to allow splunk server to receive data from splunk universal forwarder",
            "id": "d546a42d-694f-4137-9fb0-c70bf26e02ef",
            "name": "secgroup_splunk_server",
            "region": "RegionOne",
            "tags": [],
            "tenant_id": "65e52ade32d74c699bef395584d2c91c",
            "timeouts": null
          },
          "sensitive_attributes": [],
          "private": "eyJlMmJmYjczMC1lY2FhLTExZTYtOGY4OC0zNDM2M2JjN2M0YzAiOnsiZGVsZXRlIjo2MDAwMDAwMDAwMDB9fQ=="
        }
      ]
    },
    {
      "mode": "managed",
      "type": "openstack_networking_secgroup_v2",
      "name": "secgroup_splunk_universal_forwarder",
      "provider": "provider[\"registry.terraform.io/terraform-provider-openstack/openstack\"]",
      "instances": [
        {
          "schema_version": 0,
          "attributes": {
            "all_tags": [],
            "delete_default_rules": null,
            "description": "Security group to allow splunk universal forwarders to send to splunk server",
            "id": "018d3a02-2bed-426d-a86c-bbe67bda1306",
            "name": "secgroup_splunk_universal_forwarder",
            "region": "RegionOne",
            "tags": [],
            "tenant_id": "65e52ade32d74c699bef395584d2c91c",
            "timeouts": null
          },
          "sensitive_attributes": [],
          "private": "eyJlMmJmYjczMC1lY2FhLTExZTYtOGY4OC0zNDM2M2JjN2M0YzAiOnsiZGVsZXRlIjo2MDAwMDAwMDAwMDB9fQ=="
        }
      ]
    },
    {
      "mode": "managed",
      "type": "openstack_networking_secgroup_v2",
      "name": "secgroup_windows_remote",
      "provider": "provider[\"registry.terraform.io/terraform-provider-openstack/openstack\"]",
      "instances": [
        {
          "schema_version": 0,
          "attributes": {
            "all_tags": [],
            "delete_default_rules": null,
            "description": "Security group for Windows Terraform test",
            "id": "9a5abcb8-081f-4976-9152-a1c6780b9c29",
            "name": "attack_range-windows-remote-sg",
            "region": "RegionOne",
            "tags": [],
            "tenant_id": "65e52ade32d74c699bef395584d2c91c",
            "timeouts": null
          },
          "sensitive_attributes": [],
          "private": "eyJlMmJmYjczMC1lY2FhLTExZTYtOGY4OC0zNDM2M2JjN2M0YzAiOnsiZGVsZXRlIjo2MDAwMDAwMDAwMDB9fQ=="
        }
      ]
    },
    {
      "mode": "managed",
      "type": "openstack_networking_subnet_v2",
      "name": "attack_range-subnet",
      "provider": "provider[\"registry.terraform.io/terraform-provider-openstack/openstack\"]",
      "instances": [
        {
          "schema_version": 0,
          "attributes": {
            "all_tags": [],
            "allocation_pool": [
              {
                "end": "10.0.1.254",
                "start": "10.0.1.2"
              }
            ],
            "allocation_pools": [
              {
                "end": "10.0.1.254",
                "start": "10.0.1.2"
              }
            ],
            "cidr": "10.0.1.0/24",
            "description": "",
            "dns_nameservers": [],
            "enable_dhcp": true,
            "gateway_ip": "10.0.1.1",
            "host_routes": [],
            "id": "bd0da77e-614a-4370-86ba-17280114671a",
            "ip_version": 4,
            "ipv6_address_mode": "",
            "ipv6_ra_mode": "",
            "name": "attack_range-subnet",
            "network_id": "95e4d17a-1533-43a8-b0e8-b8a23cf6ec57",
            "no_gateway": false,
            "prefix_length": null,
            "region": "RegionOne",
            "service_types": [],
            "subnetpool_id": "",
            "tags": [],
            "tenant_id": "65e52ade32d74c699bef395584d2c91c",
            "timeouts": null,
            "value_specs": null
          },
          "sensitive_attributes": [],
          "private": "eyJlMmJmYjczMC1lY2FhLTExZTYtOGY4OC0zNDM2M2JjN2M0YzAiOnsiY3JlYXRlIjo2MDAwMDAwMDAwMDAsImRlbGV0ZSI6NjAwMDAwMDAwMDAwfX0=",
          "dependencies": [
            "openstack_networking_network_v2.attack_range-network"
          ]
        }
      ]
    }
  ],
  "check_results": null
}
