{
  "version": 4,
  "terraform_version": "1.9.6",
  "serial": 1986,
  "lineage": "03d66377-facb-4891-5287-44a208e2b6be",
  "outputs": {},
  "resources": [
    {
      "mode": "data",
      "type": "openstack_compute_keypair_v2",
      "name": "default_keypair",
      "provider": "provider[\"registry.terraform.io/terraform-provider-openstack/openstack\"]",
      "instances": [
        {
          "schema_version": 0,
          "attributes": {
            "fingerprint": "9a:b2:13:31:14:a5:82:dc:8f:2a:92:b8:fd:03:25:59",
            "id": "iai_vm-cyberrange-host",
            "name": "iai_vm-cyberrange-host",
            "public_key": "ssh-ed25519 AAAAC3NzaC1lZDI1NTE5AAAAIPwleQl1hvURUPNYz7L6r/bCB2UiwnYS5xKwiRIx7kYk iai@vm-cyberrange-host",
            "region": "RegionOne",
            "user_id": "0ea8616862104cea8951f478113a11c6"
          },
          "sensitive_attributes": []
        }
      ]
    },
    {
      "mode": "data",
      "type": "openstack_images_image_v2",
      "name": "debian12",
      "provider": "provider[\"registry.terraform.io/terraform-provider-openstack/openstack\"]",
      "instances": [
        {
          "schema_version": 0,
          "attributes": {
            "checksum": "eac1dfb5e50d87cee88ec15469ff59b6",
            "container_format": "bare",
            "created_at": "2024-04-08T09:13:34Z",
            "disk_format": "qcow2",
            "file": "/v2/images/63688ae7-c167-41e5-80db-164ef5714eef/file",
            "hidden": false,
            "id": "63688ae7-c167-41e5-80db-164ef5714eef",
            "member_status": null,
            "metadata": {},
            "min_disk_gb": 3,
            "min_ram_mb": 256,
            "most_recent": true,
            "name": "Debian 12 generic amd64 20240211-1654",
            "name_regex": "^Debian 12 generic amd64 .*",
            "owner": "65e52ade32d74c699bef395584d2c91c",
            "properties": {
              "hw_disk_bus": "scsi",
              "hw_scsi_model": "virtio-scsi",
              "os_admin_user": "debian",
              "os_distro": "debian",
              "os_hash_algo": "sha512",
              "os_hash_value": "b679398972ba45a60574d9202c4f97ea647dd3577e857407138b73b71a3c3c039804e40aac2f877f3969676b6c8a1ebdb4f2d67a4efa6301c21e349e37d43ef5",
              "os_type": "linux",
              "os_version": "12.20240211.1654",
              "owner_specified.openstack.object": "images/debian-12-generic-amd64-20240211-1654.qcow2",
              "stores": "file"
            },
            "protected": false,
            "region": "RegionOne",
            "schema": "/v2/schemas/image",
            "size_bytes": 379519488,
            "size_max": null,
            "size_min": null,
            "sort_direction": "asc",
            "sort_key": "name",
            "tag": null,
            "tags": [],
            "updated_at": "2024-04-08T11:51:54Z",
            "visibility": "public"
          },
          "sensitive_attributes": []
        }
      ]
    },
    {
      "mode": "data",
      "type": "template_file",
      "name": "win_user_data_cloud_init",
      "provider": "provider[\"registry.terraform.io/hashicorp/template\"]",
      "instances": [
        {
          "schema_version": 0,
          "attributes": {
            "filename": null,
            "id": "ff546a759be20895d153b1a46244fd25aab528f78e1e6a6a62670ddffc9b2a8f",
            "rendered": "#cloud-config\nusers:\n  - name: Admin\n    inactive: True\n  - name: TestAdmin\n    passwd: secreT123%\n    primary_group: Administrators\n    inactive: False\n  - name: TestUser\n    passwd: secreT123%\n    primary_group: Users\n    inactive: False  \nruncmd:\n  - 'netsh advfirewall firewall add rule name=\"WinRM 5985\" protocol=TCP dir=in localport=5985 action=allow'\n  - 'netsh advfirewall firewall add rule name=\"WinRM 5986\" protocol=TCP dir=in localport=5986 action=allow'\n  - 'netsh advfirewall firewall add rule name=\"Splunk\" protocol=TCP dir=in localport=8000 action=allow'\n  - 'netsh advfirewall firewall add rule name=\"Splunk\" protocol=TCP dir=out localport=8000 action=allow'  \n  - 'netsh advfirewall firewall add rule name=\"Splunk\" protocol=TCP dir=in localport=8089 action=allow'\n  - 'netsh advfirewall firewall add rule name=\"Splunk\" protocol=TCP dir=out localport=8089 action=allow'  \n  - 'netsh advfirewall firewall add rule name=\"Splunk\" protocol=TCP dir=in localport=8065 action=allow'\n  - 'netsh advfirewall firewall add rule name=\"Splunk\" protocol=TCP dir=out localport=8065 action=allow'\n  - 'netsh advfirewall firewall add rule name=\"Splunk\" protocol=TCP dir=in localport=8191 action=allow'\n  - 'netsh advfirewall firewall add rule name=\"Splunk\" protocol=TCP dir=out localport=8191 action=allow'   \n  - 'echo test \u003e\u003e C:\\out.txt'\n  - |\n    powershell -Command \"Set-ItemProperty -Path HKLM:SOFTWARE\\Policies\\Microsoft\\Windows\\WindowsUpdate\\AU -Name UseWUServer -Value 0\"\n  - |\n    powershell -Command \"Restart-Service -Name wuauserv -Force\"\n  - |\n    powershell -Command \"Get-WindowsCapability -Online | Where-Object Name -like 'OpenSSH.Server*' | Add-WindowsCapability -Online\"\n  - 'echo test \u003e\u003e C:\\ps.txt'\n  - |\n    powershell -Command \" Echo Y | powershell Set-Item WSMan:\\localhost\\Client\\TrustedHosts -Value '10.0.1.12,10.0.1.14,10.0.1.15,10.0.1.16,10.0.1.17,10.0.1.18,10.0.1.5,10.1.3.152'\"\n  - |\n    powershell -Command \" Echo Y | powershell Set-Item WSMan:\\localhost\\Client\\TrustedHosts -Value '*'\"\n  - 'echo test \u003e\u003e C:\\hosts.txt'\n  - 'powershell Set-Service -Name sshd -StartupType Automatic'\n  - 'powershell Set-Service -Name ssh-agent -StartupType Automatic'  \n  - 'net start \"ssh-agent\"'\n  - 'net start \"ssh\"'  \n  - 'echo test \u003e\u003e C:\\net.txt'  \n  - 'powershell New-ItemProperty -Path \"HKLM:\\SYSTEM\\CurrentControlSet\\Control\\SecurityProviders\\WDigest\" -Name UseLogonCredential -Value 1 -Force'\n  - 'netsh advfirewall firewall add rule name \"SSH\" dir=in action=allow enable=yes program=\"C:\\Windows\\System32\\OpenSSH\\ssh\"'\n  - 'netsh advfirewall firewall add rule name \"SSH-add\" dir=in action=allow enable=yes program=\"C:\\Windows\\System32\\OpenSSH\\ssh-add\"'\n  - 'netsh advfirewall firewall add rule name \"SSH-agent\" dir=in action=allow enable=yes program=\"C:\\Windows\\System32\\OpenSSH\\ssh-agent\"'\n  - 'netsh advfirewall firewall add rule name \"SSH-keygen\" dir=in action=allow enable=yes program=\"C:\\Windows\\System32\\OpenSSH\\ssh-keygen\"'\n  - 'netsh advfirewall firewall add rule name \"SSH-keyscan\" dir=in action=allow enable=yes program=\"C:\\Windows\\System32\\OpenSSH\\ssh-keyscan\"'\n  - 'netsh advfirewall firewall add rule name \"SSH\" dir=out action=allow enable=yes program=\"C:\\Windows\\System32\\OpenSSH\\ssh\"'\n  - 'netsh advfirewall firewall add rule name \"SSH-add\" dir=out action=allow enable=yes program=\"C:\\Windows\\System32\\OpenSSH\\ssh-add\"'\n  - 'netsh advfirewall firewall add rule name \"SSH-agent\" dir=out action=allow enable=yes program=\"C:\\Windows\\System32\\OpenSSH\\ssh-agent\"'\n  - 'netsh advfirewall firewall add rule name \"SSH-keygen\" dir=out action=allow enable=yes program=\"C:\\Windows\\System32\\OpenSSH\\ssh-keygen\"'\n  - 'netsh advfirewall firewall add rule name \"SSH-keyscan\" dir=out action=allow enable=yes program=\"C:\\Windows\\System32\\OpenSSH\\ssh-keyscan\"'  \n  - 'echo test \u003e\u003e C:\\fw.txt'  \n  - 'winrm quickconfig -q'\n  - 'echo test \u003e\u003e C:\\1.txt'\n  - |\n    winrm set winrm/config/winrs @{MaxMemoryPerShellMB=\"1024\"}\n  - 'echo test \u003e\u003e C:\\2.txt'\n  - |\n    winrm set winrm/config @{MaxTimeoutms=\"1800000\"}\n  - 'echo test \u003e\u003e C:\\3.txt'\n  - |\n    winrm set winrm/config/service @{AllowUnencrypted=\"true\"}\n  - 'echo test \u003e\u003e C:\\4.txt'\n  - |\n    winrm set winrm/config/service/auth @{Basic=\"true\"}\n  - 'echo test \u003e\u003e C:\\5.txt'\n  - 'net stop winrm'\n  - 'echo test \u003e\u003e C:\\6.txt'\n  - 'powershell Set-Service -Name winrm -StartupType Automatic'\n  - 'echo test \u003e\u003e C:\\7.txt'\n  - 'net start winrm'\n  - 'echo test \u003e\u003e C:\\8.txt'\n  - 'powershell -Command \"Enable-PSRemoting -SkipNetworkProfileCheck -Force\"'\n  - 'winrm enumerate winrm/config/Listener \u003e\u003e C:\\wrm.txt'",
            "template": "#cloud-config\nusers:\n  - name: Admin\n    inactive: True\n  - name: TestAdmin\n    passwd: secreT123%\n    primary_group: Administrators\n    inactive: False\n  - name: TestUser\n    passwd: secreT123%\n    primary_group: Users\n    inactive: False  \nruncmd:\n  - 'netsh advfirewall firewall add rule name=\"WinRM 5985\" protocol=TCP dir=in localport=5985 action=allow'\n  - 'netsh advfirewall firewall add rule name=\"WinRM 5986\" protocol=TCP dir=in localport=5986 action=allow'\n  - 'netsh advfirewall firewall add rule name=\"Splunk\" protocol=TCP dir=in localport=8000 action=allow'\n  - 'netsh advfirewall firewall add rule name=\"Splunk\" protocol=TCP dir=out localport=8000 action=allow'  \n  - 'netsh advfirewall firewall add rule name=\"Splunk\" protocol=TCP dir=in localport=8089 action=allow'\n  - 'netsh advfirewall firewall add rule name=\"Splunk\" protocol=TCP dir=out localport=8089 action=allow'  \n  - 'netsh advfirewall firewall add rule name=\"Splunk\" protocol=TCP dir=in localport=8065 action=allow'\n  - 'netsh advfirewall firewall add rule name=\"Splunk\" protocol=TCP dir=out localport=8065 action=allow'\n  - 'netsh advfirewall firewall add rule name=\"Splunk\" protocol=TCP dir=in localport=8191 action=allow'\n  - 'netsh advfirewall firewall add rule name=\"Splunk\" protocol=TCP dir=out localport=8191 action=allow'   \n  - 'echo test \u003e\u003e C:\\out.txt'\n  - |\n    powershell -Command \"Set-ItemProperty -Path HKLM:SOFTWARE\\Policies\\Microsoft\\Windows\\WindowsUpdate\\AU -Name UseWUServer -Value 0\"\n  - |\n    powershell -Command \"Restart-Service -Name wuauserv -Force\"\n  - |\n    powershell -Command \"Get-WindowsCapability -Online | Where-Object Name -like 'OpenSSH.Server*' | Add-WindowsCapability -Online\"\n  - 'echo test \u003e\u003e C:\\ps.txt'\n  - |\n    powershell -Command \" Echo Y | powershell Set-Item WSMan:\\localhost\\Client\\TrustedHosts -Value '10.0.1.12,10.0.1.14,10.0.1.15,10.0.1.16,10.0.1.17,10.0.1.18,10.0.1.5,10.1.3.152'\"\n  - |\n    powershell -Command \" Echo Y | powershell Set-Item WSMan:\\localhost\\Client\\TrustedHosts -Value '*'\"\n  - 'echo test \u003e\u003e C:\\hosts.txt'\n  - 'powershell Set-Service -Name sshd -StartupType Automatic'\n  - 'powershell Set-Service -Name ssh-agent -StartupType Automatic'  \n  - 'net start \"ssh-agent\"'\n  - 'net start \"ssh\"'  \n  - 'echo test \u003e\u003e C:\\net.txt'  \n  - 'powershell New-ItemProperty -Path \"HKLM:\\SYSTEM\\CurrentControlSet\\Control\\SecurityProviders\\WDigest\" -Name UseLogonCredential -Value 1 -Force'\n  - 'netsh advfirewall firewall add rule name \"SSH\" dir=in action=allow enable=yes program=\"C:\\Windows\\System32\\OpenSSH\\ssh\"'\n  - 'netsh advfirewall firewall add rule name \"SSH-add\" dir=in action=allow enable=yes program=\"C:\\Windows\\System32\\OpenSSH\\ssh-add\"'\n  - 'netsh advfirewall firewall add rule name \"SSH-agent\" dir=in action=allow enable=yes program=\"C:\\Windows\\System32\\OpenSSH\\ssh-agent\"'\n  - 'netsh advfirewall firewall add rule name \"SSH-keygen\" dir=in action=allow enable=yes program=\"C:\\Windows\\System32\\OpenSSH\\ssh-keygen\"'\n  - 'netsh advfirewall firewall add rule name \"SSH-keyscan\" dir=in action=allow enable=yes program=\"C:\\Windows\\System32\\OpenSSH\\ssh-keyscan\"'\n  - 'netsh advfirewall firewall add rule name \"SSH\" dir=out action=allow enable=yes program=\"C:\\Windows\\System32\\OpenSSH\\ssh\"'\n  - 'netsh advfirewall firewall add rule name \"SSH-add\" dir=out action=allow enable=yes program=\"C:\\Windows\\System32\\OpenSSH\\ssh-add\"'\n  - 'netsh advfirewall firewall add rule name \"SSH-agent\" dir=out action=allow enable=yes program=\"C:\\Windows\\System32\\OpenSSH\\ssh-agent\"'\n  - 'netsh advfirewall firewall add rule name \"SSH-keygen\" dir=out action=allow enable=yes program=\"C:\\Windows\\System32\\OpenSSH\\ssh-keygen\"'\n  - 'netsh advfirewall firewall add rule name \"SSH-keyscan\" dir=out action=allow enable=yes program=\"C:\\Windows\\System32\\OpenSSH\\ssh-keyscan\"'  \n  - 'echo test \u003e\u003e C:\\fw.txt'  \n  - 'winrm quickconfig -q'\n  - 'echo test \u003e\u003e C:\\1.txt'\n  - |\n    winrm set winrm/config/winrs @{MaxMemoryPerShellMB=\"1024\"}\n  - 'echo test \u003e\u003e C:\\2.txt'\n  - |\n    winrm set winrm/config @{MaxTimeoutms=\"1800000\"}\n  - 'echo test \u003e\u003e C:\\3.txt'\n  - |\n    winrm set winrm/config/service @{AllowUnencrypted=\"true\"}\n  - 'echo test \u003e\u003e C:\\4.txt'\n  - |\n    winrm set winrm/config/service/auth @{Basic=\"true\"}\n  - 'echo test \u003e\u003e C:\\5.txt'\n  - 'net stop winrm'\n  - 'echo test \u003e\u003e C:\\6.txt'\n  - 'powershell Set-Service -Name winrm -StartupType Automatic'\n  - 'echo test \u003e\u003e C:\\7.txt'\n  - 'net start winrm'\n  - 'echo test \u003e\u003e C:\\8.txt'\n  - 'powershell -Command \"Enable-PSRemoting -SkipNetworkProfileCheck -Force\"'\n  - 'winrm enumerate winrm/config/Listener \u003e\u003e C:\\wrm.txt'",
            "vars": null
          },
          "sensitive_attributes": []
        }
      ]
    },
    {
      "mode": "managed",
      "type": "openstack_compute_flavor_v2",
      "name": "proxy-flavor",
      "provider": "provider[\"registry.terraform.io/terraform-provider-openstack/openstack\"]",
      "instances": [
        {
          "schema_version": 0,
          "attributes": {
            "description": "",
            "disk": 500,
            "ephemeral": 0,
            "extra_specs": {},
            "flavor_id": "b2d9fca5-bbf6-439f-8a25-7e2d2e598da3",
            "id": "b2d9fca5-bbf6-439f-8a25-7e2d2e598da3",
            "is_public": false,
            "name": "proxy-flavor",
            "ram": 256,
            "region": "RegionOne",
            "rx_tx_factor": 1,
            "swap": 4,
            "vcpus": 1
          },
          "sensitive_attributes": [],
          "private": "bnVsbA=="
        }
      ]
    },
    {
      "mode": "managed",
      "type": "openstack_networking_network_v2",
      "name": "IT-network",
      "provider": "provider[\"registry.terraform.io/terraform-provider-openstack/openstack\"]",
      "instances": [
        {
          "schema_version": 0,
          "attributes": {
            "admin_state_up": true,
            "all_tags": [],
            "availability_zone_hints": [],
            "description": "",
            "dns_domain": "",
            "external": false,
            "id": "e0e29686-2a7b-4c3b-b092-a49da5996005",
            "mtu": 1450,
            "name": "IT-network",
            "port_security_enabled": true,
            "qos_policy_id": "",
            "region": "RegionOne",
            "segments": [
              {
                "network_type": "vxlan",
                "physical_network": "",
                "segmentation_id": 15
              }
            ],
            "shared": false,
            "tags": [],
            "tenant_id": "65e52ade32d74c699bef395584d2c91c",
            "timeouts": null,
            "transparent_vlan": false,
            "value_specs": null
          },
          "sensitive_attributes": [],
          "private": "eyJlMmJmYjczMC1lY2FhLTExZTYtOGY4OC0zNDM2M2JjN2M0YzAiOnsiY3JlYXRlIjo2MDAwMDAwMDAwMDAsImRlbGV0ZSI6NjAwMDAwMDAwMDAwfX0="
        }
      ]
    },
    {
      "mode": "managed",
      "type": "openstack_networking_network_v2",
      "name": "public",
      "provider": "provider[\"registry.terraform.io/terraform-provider-openstack/openstack\"]",
      "instances": [
        {
          "schema_version": 0,
          "attributes": {
            "admin_state_up": true,
            "all_tags": [],
            "availability_zone_hints": [],
            "description": "",
            "dns_domain": "",
            "external": false,
            "id": "4fa1b584-5af1-4340-aace-741599a05969",
            "mtu": 1450,
            "name": "public",
            "port_security_enabled": true,
            "qos_policy_id": "",
            "region": "RegionOne",
            "segments": [
              {
                "network_type": "vxlan",
                "physical_network": "",
                "segmentation_id": 560
              }
            ],
            "shared": true,
            "tags": [],
            "tenant_id": "65e52ade32d74c699bef395584d2c91c",
            "timeouts": null,
            "transparent_vlan": false,
            "value_specs": null
          },
          "sensitive_attributes": [],
          "private": "eyJlMmJmYjczMC1lY2FhLTExZTYtOGY4OC0zNDM2M2JjN2M0YzAiOnsiY3JlYXRlIjo2MDAwMDAwMDAwMDAsImRlbGV0ZSI6NjAwMDAwMDAwMDAwfX0="
        }
      ]
    },
    {
      "mode": "managed",
      "type": "openstack_networking_port_v2",
      "name": "IT-network-access-proxy-port",
      "provider": "provider[\"registry.terraform.io/terraform-provider-openstack/openstack\"]",
      "instances": [
        {
          "schema_version": 0,
          "attributes": {
            "admin_state_up": true,
            "all_fixed_ips": [
              "10.0.1.5"
            ],
            "all_security_group_ids": [
              "701a29c4-cb02-4a70-a0f5-4cdf7f712a26"
            ],
            "all_tags": [],
            "allowed_address_pairs": [],
            "binding": [
              {
                "host_id": "",
                "profile": "{}",
                "vif_details": {},
                "vif_type": "unbound",
                "vnic_type": "normal"
              }
            ],
            "description": "",
            "device_id": "",
            "device_owner": "",
            "dns_assignment": [],
            "dns_name": "",
            "extra_dhcp_option": [],
            "fixed_ip": [
              {
                "ip_address": "10.0.1.5",
                "subnet_id": "ca5d8ac8-2815-40e3-a193-8fc82ed047ba"
              }
            ],
            "id": "8543bbbd-0d71-40f1-a6eb-218c928f6c6c",
            "mac_address": "fa:16:3e:50:03:b5",
            "name": "access-proxy-port",
            "network_id": "e0e29686-2a7b-4c3b-b092-a49da5996005",
            "no_fixed_ip": null,
            "no_security_groups": null,
            "port_security_enabled": true,
            "qos_policy_id": "",
            "region": "RegionOne",
            "security_group_ids": null,
            "tags": [],
            "tenant_id": "65e52ade32d74c699bef395584d2c91c",
            "timeouts": null,
            "value_specs": null
          },
          "sensitive_attributes": [],
          "private": "eyJlMmJmYjczMC1lY2FhLTExZTYtOGY4OC0zNDM2M2JjN2M0YzAiOnsiY3JlYXRlIjo2MDAwMDAwMDAwMDAsImRlbGV0ZSI6NjAwMDAwMDAwMDAwfX0=",
          "dependencies": [
            "openstack_networking_network_v2.IT-network",
            "openstack_networking_subnet_v2.IT-subnet"
          ]
        }
      ]
    },
    {
      "mode": "managed",
      "type": "openstack_networking_port_v2",
      "name": "IT-network-port_1",
      "provider": "provider[\"registry.terraform.io/terraform-provider-openstack/openstack\"]",
      "instances": [
        {
          "schema_version": 0,
          "attributes": {
            "admin_state_up": true,
            "all_fixed_ips": [
              "10.0.1.12"
            ],
            "all_security_group_ids": [
              "701a29c4-cb02-4a70-a0f5-4cdf7f712a26"
            ],
            "all_tags": [],
            "allowed_address_pairs": [],
            "binding": [
              {
                "host_id": "",
                "profile": "{}",
                "vif_details": {},
                "vif_type": "unbound",
                "vnic_type": "normal"
              }
            ],
            "description": "",
            "device_id": "",
            "device_owner": "",
            "dns_assignment": [],
            "dns_name": "",
            "extra_dhcp_option": [],
            "fixed_ip": [
              {
                "ip_address": "10.0.1.12",
                "subnet_id": "ca5d8ac8-2815-40e3-a193-8fc82ed047ba"
              }
            ],
            "id": "a7d4f4a4-3098-43d7-b530-6fe8bd5a8e5b",
            "mac_address": "fa:16:3e:0e:93:8e",
            "name": "port_1",
            "network_id": "e0e29686-2a7b-4c3b-b092-a49da5996005",
            "no_fixed_ip": null,
            "no_security_groups": null,
            "port_security_enabled": true,
            "qos_policy_id": "",
            "region": "RegionOne",
            "security_group_ids": null,
            "tags": [],
            "tenant_id": "65e52ade32d74c699bef395584d2c91c",
            "timeouts": null,
            "value_specs": null
          },
          "sensitive_attributes": [],
          "private": "eyJlMmJmYjczMC1lY2FhLTExZTYtOGY4OC0zNDM2M2JjN2M0YzAiOnsiY3JlYXRlIjo2MDAwMDAwMDAwMDAsImRlbGV0ZSI6NjAwMDAwMDAwMDAwfX0=",
          "dependencies": [
            "openstack_networking_network_v2.IT-network",
            "openstack_networking_subnet_v2.IT-subnet"
          ]
        }
      ]
    },
    {
      "mode": "managed",
      "type": "openstack_networking_secgroup_rule_v2",
      "name": "anyv6ingress",
      "provider": "provider[\"registry.terraform.io/terraform-provider-openstack/openstack\"]",
      "instances": [
        {
          "schema_version": 0,
          "attributes": {
            "description": "",
            "direction": "ingress",
            "ethertype": "IPv6",
            "id": "f0ed7c5c-1968-4253-bc24-2e737a64a38f",
            "port_range_max": 0,
            "port_range_min": 0,
            "protocol": "",
            "region": "RegionOne",
            "remote_group_id": "",
            "remote_ip_prefix": "::/0",
            "security_group_id": "8dc74d64-2c4c-4190-a783-eca66ee630dd",
            "tenant_id": "65e52ade32d74c699bef395584d2c91c",
            "timeouts": null
          },
          "sensitive_attributes": [],
          "private": "eyJlMmJmYjczMC1lY2FhLTExZTYtOGY4OC0zNDM2M2JjN2M0YzAiOnsiZGVsZXRlIjo2MDAwMDAwMDAwMDB9fQ==",
          "dependencies": [
            "openstack_networking_secgroup_v2.secgroup_windows_remote"
          ]
        }
      ]
    },
    {
      "mode": "managed",
      "type": "openstack_networking_secgroup_rule_v2",
      "name": "anyvingress",
      "provider": "provider[\"registry.terraform.io/terraform-provider-openstack/openstack\"]",
      "instances": [
        {
          "schema_version": 0,
          "attributes": {
            "description": "",
            "direction": "ingress",
            "ethertype": "IPv4",
            "id": "3f90bc0f-9292-4063-b5f3-91816553a797",
            "port_range_max": 0,
            "port_range_min": 0,
            "protocol": "",
            "region": "RegionOne",
            "remote_group_id": "",
            "remote_ip_prefix": "0.0.0.0/0",
            "security_group_id": "8dc74d64-2c4c-4190-a783-eca66ee630dd",
            "tenant_id": "65e52ade32d74c699bef395584d2c91c",
            "timeouts": null
          },
          "sensitive_attributes": [],
          "private": "eyJlMmJmYjczMC1lY2FhLTExZTYtOGY4OC0zNDM2M2JjN2M0YzAiOnsiZGVsZXRlIjo2MDAwMDAwMDAwMDB9fQ==",
          "dependencies": [
            "openstack_networking_secgroup_v2.secgroup_windows_remote"
          ]
        }
      ]
    },
    {
      "mode": "managed",
      "type": "openstack_networking_secgroup_rule_v2",
      "name": "rdp",
      "provider": "provider[\"registry.terraform.io/terraform-provider-openstack/openstack\"]",
      "instances": [
        {
          "schema_version": 0,
          "attributes": {
            "description": "",
            "direction": "ingress",
            "ethertype": "IPv4",
            "id": "61c4af55-9f3c-4eef-8436-f060167dc9b6",
            "port_range_max": 3389,
            "port_range_min": 3389,
            "protocol": "tcp",
            "region": "RegionOne",
            "remote_group_id": "",
            "remote_ip_prefix": "0.0.0.0/0",
            "security_group_id": "8dc74d64-2c4c-4190-a783-eca66ee630dd",
            "tenant_id": "65e52ade32d74c699bef395584d2c91c",
            "timeouts": null
          },
          "sensitive_attributes": [],
          "private": "eyJlMmJmYjczMC1lY2FhLTExZTYtOGY4OC0zNDM2M2JjN2M0YzAiOnsiZGVsZXRlIjo2MDAwMDAwMDAwMDB9fQ==",
          "dependencies": [
            "openstack_networking_secgroup_v2.secgroup_windows_remote"
          ]
        }
      ]
    },
    {
      "mode": "managed",
      "type": "openstack_networking_secgroup_rule_v2",
      "name": "secgroup_access-proxy_smb",
      "provider": "provider[\"registry.terraform.io/terraform-provider-openstack/openstack\"]",
      "instances": [
        {
          "schema_version": 0,
          "attributes": {
            "description": "",
            "direction": "ingress",
            "ethertype": "IPv4",
            "id": "e2d80c3c-6713-4405-931f-efdb17c04399",
            "port_range_max": 445,
            "port_range_min": 445,
            "protocol": "tcp",
            "region": "RegionOne",
            "remote_group_id": "",
            "remote_ip_prefix": "10.0.1.0/24",
            "security_group_id": "2883f300-7a2e-4113-ac52-220de949645c",
            "tenant_id": "65e52ade32d74c699bef395584d2c91c",
            "timeouts": null
          },
          "sensitive_attributes": [],
          "private": "eyJlMmJmYjczMC1lY2FhLTExZTYtOGY4OC0zNDM2M2JjN2M0YzAiOnsiZGVsZXRlIjo2MDAwMDAwMDAwMDB9fQ==",
          "dependencies": [
            "openstack_networking_secgroup_v2.secgroup_access-proxy"
          ]
        }
      ]
    },
    {
      "mode": "managed",
      "type": "openstack_networking_secgroup_rule_v2",
      "name": "secgroup_access-proxy_socks",
      "provider": "provider[\"registry.terraform.io/terraform-provider-openstack/openstack\"]",
      "instances": [
        {
          "schema_version": 0,
          "attributes": {
            "description": "",
            "direction": "ingress",
            "ethertype": "IPv4",
            "id": "46f53e71-6ff1-4625-88ab-637eaf84bb68",
            "port_range_max": 1080,
            "port_range_min": 1080,
            "protocol": "tcp",
            "region": "RegionOne",
            "remote_group_id": "",
            "remote_ip_prefix": "10.1.2.0/24",
            "security_group_id": "2883f300-7a2e-4113-ac52-220de949645c",
            "tenant_id": "65e52ade32d74c699bef395584d2c91c",
            "timeouts": null
          },
          "sensitive_attributes": [],
          "private": "eyJlMmJmYjczMC1lY2FhLTExZTYtOGY4OC0zNDM2M2JjN2M0YzAiOnsiZGVsZXRlIjo2MDAwMDAwMDAwMDB9fQ==",
          "dependencies": [
            "openstack_networking_secgroup_v2.secgroup_access-proxy"
          ]
        }
      ]
    },
    {
      "mode": "managed",
      "type": "openstack_networking_secgroup_rule_v2",
      "name": "secgroup_rule_ipv4_ingress",
      "provider": "provider[\"registry.terraform.io/terraform-provider-openstack/openstack\"]",
      "instances": [
        {
          "schema_version": 0,
          "attributes": {
            "description": "",
            "direction": "ingress",
            "ethertype": "IPv4",
            "id": "bc32c19f-a592-44c7-8161-ddaf4e0addea",
            "port_range_max": 0,
            "port_range_min": 0,
            "protocol": "",
            "region": "RegionOne",
            "remote_group_id": "",
            "remote_ip_prefix": "0.0.0.0/0",
            "security_group_id": "f55ec4a6-8d57-4715-af57-9f860a431af4",
            "tenant_id": "65e52ade32d74c699bef395584d2c91c",
            "timeouts": null
          },
          "sensitive_attributes": [],
          "private": "eyJlMmJmYjczMC1lY2FhLTExZTYtOGY4OC0zNDM2M2JjN2M0YzAiOnsiZGVsZXRlIjo2MDAwMDAwMDAwMDB9fQ==",
          "dependencies": [
            "openstack_networking_secgroup_v2.secgroup_attack_range_internal"
          ]
        }
      ]
    },
    {
      "mode": "managed",
      "type": "openstack_networking_secgroup_rule_v2",
      "name": "secgroup_rule_ipv6_ingress",
      "provider": "provider[\"registry.terraform.io/terraform-provider-openstack/openstack\"]",
      "instances": [
        {
          "schema_version": 0,
          "attributes": {
            "description": "",
            "direction": "ingress",
            "ethertype": "IPv6",
            "id": "5500185f-14df-4a18-a36a-907a00251534",
            "port_range_max": 0,
            "port_range_min": 0,
            "protocol": "",
            "region": "RegionOne",
            "remote_group_id": "",
            "remote_ip_prefix": "::/0",
            "security_group_id": "f55ec4a6-8d57-4715-af57-9f860a431af4",
            "tenant_id": "65e52ade32d74c699bef395584d2c91c",
            "timeouts": null
          },
          "sensitive_attributes": [],
          "private": "eyJlMmJmYjczMC1lY2FhLTExZTYtOGY4OC0zNDM2M2JjN2M0YzAiOnsiZGVsZXRlIjo2MDAwMDAwMDAwMDB9fQ==",
          "dependencies": [
            "openstack_networking_secgroup_v2.secgroup_attack_range_internal"
          ]
        }
      ]
    },
    {
      "mode": "managed",
      "type": "openstack_networking_secgroup_rule_v2",
      "name": "splunk_server",
      "provider": "provider[\"registry.terraform.io/terraform-provider-openstack/openstack\"]",
      "instances": [
        {
          "schema_version": 0,
          "attributes": {
            "description": "",
            "direction": "ingress",
            "ethertype": "IPv4",
            "id": "9ce07678-eb00-44c9-87b3-2fd94c1ff434",
            "port_range_max": 8089,
            "port_range_min": 8089,
            "protocol": "tcp",
            "region": "RegionOne",
            "remote_group_id": "",
            "remote_ip_prefix": "0.0.0.0/0",
            "security_group_id": "9a47eb9f-2e46-41f5-83da-a43d40cd68e4",
            "tenant_id": "65e52ade32d74c699bef395584d2c91c",
            "timeouts": null
          },
          "sensitive_attributes": [],
          "private": "eyJlMmJmYjczMC1lY2FhLTExZTYtOGY4OC0zNDM2M2JjN2M0YzAiOnsiZGVsZXRlIjo2MDAwMDAwMDAwMDB9fQ==",
          "dependencies": [
            "openstack_networking_secgroup_v2.secgroup_splunk_server"
          ]
        }
      ]
    },
    {
      "mode": "managed",
      "type": "openstack_networking_secgroup_rule_v2",
      "name": "splunk_universal_forwarder",
      "provider": "provider[\"registry.terraform.io/terraform-provider-openstack/openstack\"]",
      "instances": [
        {
          "schema_version": 0,
          "attributes": {
            "description": "",
            "direction": "ingress",
            "ethertype": "IPv4",
            "id": "22a4e136-ad27-44d3-acf9-b384dac4a376",
            "port_range_max": 9997,
            "port_range_min": 9997,
            "protocol": "tcp",
            "region": "RegionOne",
            "remote_group_id": "",
            "remote_ip_prefix": "0.0.0.0/0",
            "security_group_id": "67a90d56-f9ae-4d7c-a433-027c9f72a131",
            "tenant_id": "65e52ade32d74c699bef395584d2c91c",
            "timeouts": null
          },
          "sensitive_attributes": [],
          "private": "eyJlMmJmYjczMC1lY2FhLTExZTYtOGY4OC0zNDM2M2JjN2M0YzAiOnsiZGVsZXRlIjo2MDAwMDAwMDAwMDB9fQ==",
          "dependencies": [
            "openstack_networking_secgroup_v2.secgroup_splunk_universal_forwarder"
          ]
        }
      ]
    },
    {
      "mode": "managed",
      "type": "openstack_networking_secgroup_rule_v2",
      "name": "ssh",
      "provider": "provider[\"registry.terraform.io/terraform-provider-openstack/openstack\"]",
      "instances": [
        {
          "schema_version": 0,
          "attributes": {
            "description": "",
            "direction": "ingress",
            "ethertype": "IPv4",
            "id": "4bef7128-47f7-4e77-a2c1-0fe9ee7fe77c",
            "port_range_max": 22,
            "port_range_min": 22,
            "protocol": "tcp",
            "region": "RegionOne",
            "remote_group_id": "",
            "remote_ip_prefix": "0.0.0.0/0",
            "security_group_id": "8dc74d64-2c4c-4190-a783-eca66ee630dd",
            "tenant_id": "65e52ade32d74c699bef395584d2c91c",
            "timeouts": null
          },
          "sensitive_attributes": [],
          "private": "eyJlMmJmYjczMC1lY2FhLTExZTYtOGY4OC0zNDM2M2JjN2M0YzAiOnsiZGVsZXRlIjo2MDAwMDAwMDAwMDB9fQ==",
          "dependencies": [
            "openstack_networking_secgroup_v2.secgroup_windows_remote"
          ]
        }
      ]
    },
    {
      "mode": "managed",
      "type": "openstack_networking_secgroup_rule_v2",
      "name": "ssh2",
      "provider": "provider[\"registry.terraform.io/terraform-provider-openstack/openstack\"]",
      "instances": [
        {
          "schema_version": 0,
          "attributes": {
            "description": "",
            "direction": "egress",
            "ethertype": "IPv4",
            "id": "ca3aed50-a4ac-4867-9f46-f54c4e88577b",
            "port_range_max": 22,
            "port_range_min": 22,
            "protocol": "tcp",
            "region": "RegionOne",
            "remote_group_id": "",
            "remote_ip_prefix": "0.0.0.0/0",
            "security_group_id": "8dc74d64-2c4c-4190-a783-eca66ee630dd",
            "tenant_id": "65e52ade32d74c699bef395584d2c91c",
            "timeouts": null
          },
          "sensitive_attributes": [],
          "private": "eyJlMmJmYjczMC1lY2FhLTExZTYtOGY4OC0zNDM2M2JjN2M0YzAiOnsiZGVsZXRlIjo2MDAwMDAwMDAwMDB9fQ==",
          "dependencies": [
            "openstack_networking_secgroup_v2.secgroup_windows_remote"
          ]
        }
      ]
    },
    {
      "mode": "managed",
      "type": "openstack_networking_secgroup_rule_v2",
      "name": "winrm",
      "provider": "provider[\"registry.terraform.io/terraform-provider-openstack/openstack\"]",
      "instances": [
        {
          "schema_version": 0,
          "attributes": {
            "description": "",
            "direction": "ingress",
            "ethertype": "IPv4",
            "id": "ce50284c-35de-49d4-a428-a29e307e8aa7",
            "port_range_max": 5986,
            "port_range_min": 5985,
            "protocol": "tcp",
            "region": "RegionOne",
            "remote_group_id": "",
            "remote_ip_prefix": "0.0.0.0/0",
            "security_group_id": "8dc74d64-2c4c-4190-a783-eca66ee630dd",
            "tenant_id": "65e52ade32d74c699bef395584d2c91c",
            "timeouts": null
          },
          "sensitive_attributes": [],
          "private": "eyJlMmJmYjczMC1lY2FhLTExZTYtOGY4OC0zNDM2M2JjN2M0YzAiOnsiZGVsZXRlIjo2MDAwMDAwMDAwMDB9fQ==",
          "dependencies": [
            "openstack_networking_secgroup_v2.secgroup_windows_remote"
          ]
        }
      ]
    },
    {
      "mode": "managed",
      "type": "openstack_networking_secgroup_rule_v2",
      "name": "winrm2",
      "provider": "provider[\"registry.terraform.io/terraform-provider-openstack/openstack\"]",
      "instances": [
        {
          "schema_version": 0,
          "attributes": {
            "description": "",
            "direction": "egress",
            "ethertype": "IPv4",
            "id": "6d9218d5-c413-408e-b7af-0907ee10a586",
            "port_range_max": 5986,
            "port_range_min": 5985,
            "protocol": "tcp",
            "region": "RegionOne",
            "remote_group_id": "",
            "remote_ip_prefix": "0.0.0.0/0",
            "security_group_id": "8dc74d64-2c4c-4190-a783-eca66ee630dd",
            "tenant_id": "65e52ade32d74c699bef395584d2c91c",
            "timeouts": null
          },
          "sensitive_attributes": [],
          "private": "eyJlMmJmYjczMC1lY2FhLTExZTYtOGY4OC0zNDM2M2JjN2M0YzAiOnsiZGVsZXRlIjo2MDAwMDAwMDAwMDB9fQ==",
          "dependencies": [
            "openstack_networking_secgroup_v2.secgroup_windows_remote"
          ]
        }
      ]
    },
    {
      "mode": "managed",
      "type": "openstack_networking_secgroup_v2",
      "name": "secgroup_access-proxy",
      "provider": "provider[\"registry.terraform.io/terraform-provider-openstack/openstack\"]",
      "instances": [
        {
          "schema_version": 0,
          "attributes": {
            "all_tags": [],
            "delete_default_rules": null,
            "description": "Security group for Attack Ranges Access Proxy",
            "id": "2883f300-7a2e-4113-ac52-220de949645c",
            "name": "attack_range-access-proxy-sg",
            "region": "RegionOne",
            "tags": [],
            "tenant_id": "65e52ade32d74c699bef395584d2c91c",
            "timeouts": null
          },
          "sensitive_attributes": [],
          "private": "eyJlMmJmYjczMC1lY2FhLTExZTYtOGY4OC0zNDM2M2JjN2M0YzAiOnsiZGVsZXRlIjo2MDAwMDAwMDAwMDB9fQ=="
        }
      ]
    },
    {
      "mode": "managed",
      "type": "openstack_networking_secgroup_v2",
      "name": "secgroup_attack_range_internal",
      "provider": "provider[\"registry.terraform.io/terraform-provider-openstack/openstack\"]",
      "instances": [
        {
          "schema_version": 0,
          "attributes": {
            "all_tags": [],
            "delete_default_rules": null,
            "description": "Unrestricted communication on the internal attack range network",
            "id": "f55ec4a6-8d57-4715-af57-9f860a431af4",
            "name": "secgroup_attack_range_internal",
            "region": "RegionOne",
            "tags": [],
            "tenant_id": "65e52ade32d74c699bef395584d2c91c",
            "timeouts": null
          },
          "sensitive_attributes": [],
          "private": "eyJlMmJmYjczMC1lY2FhLTExZTYtOGY4OC0zNDM2M2JjN2M0YzAiOnsiZGVsZXRlIjo2MDAwMDAwMDAwMDB9fQ=="
        }
      ]
    },
    {
      "mode": "managed",
      "type": "openstack_networking_secgroup_v2",
      "name": "secgroup_splunk_server",
      "provider": "provider[\"registry.terraform.io/terraform-provider-openstack/openstack\"]",
      "instances": [
        {
          "schema_version": 0,
          "attributes": {
            "all_tags": [],
            "delete_default_rules": null,
            "description": "Security group to allow splunk server to receive data from splunk universal forwarder",
            "id": "9a47eb9f-2e46-41f5-83da-a43d40cd68e4",
            "name": "secgroup_splunk_server",
            "region": "RegionOne",
            "tags": [],
            "tenant_id": "65e52ade32d74c699bef395584d2c91c",
            "timeouts": null
          },
          "sensitive_attributes": [],
          "private": "eyJlMmJmYjczMC1lY2FhLTExZTYtOGY4OC0zNDM2M2JjN2M0YzAiOnsiZGVsZXRlIjo2MDAwMDAwMDAwMDB9fQ=="
        }
      ]
    },
    {
      "mode": "managed",
      "type": "openstack_networking_secgroup_v2",
      "name": "secgroup_splunk_universal_forwarder",
      "provider": "provider[\"registry.terraform.io/terraform-provider-openstack/openstack\"]",
      "instances": [
        {
          "schema_version": 0,
          "attributes": {
            "all_tags": [],
            "delete_default_rules": null,
            "description": "Security group to allow splunk universal forwarders to send to splunk server",
            "id": "67a90d56-f9ae-4d7c-a433-027c9f72a131",
            "name": "secgroup_splunk_universal_forwarder",
            "region": "RegionOne",
            "tags": [],
            "tenant_id": "65e52ade32d74c699bef395584d2c91c",
            "timeouts": null
          },
          "sensitive_attributes": [],
          "private": "eyJlMmJmYjczMC1lY2FhLTExZTYtOGY4OC0zNDM2M2JjN2M0YzAiOnsiZGVsZXRlIjo2MDAwMDAwMDAwMDB9fQ=="
        }
      ]
    },
    {
      "mode": "managed",
      "type": "openstack_networking_secgroup_v2",
      "name": "secgroup_windows_remote",
      "provider": "provider[\"registry.terraform.io/terraform-provider-openstack/openstack\"]",
      "instances": [
        {
          "schema_version": 0,
          "attributes": {
            "all_tags": [],
            "delete_default_rules": null,
            "description": "Security group for Windows Terraform test",
            "id": "8dc74d64-2c4c-4190-a783-eca66ee630dd",
            "name": "attack_range-windows-remote-sg",
            "region": "RegionOne",
            "tags": [],
            "tenant_id": "65e52ade32d74c699bef395584d2c91c",
            "timeouts": null
          },
          "sensitive_attributes": [],
          "private": "eyJlMmJmYjczMC1lY2FhLTExZTYtOGY4OC0zNDM2M2JjN2M0YzAiOnsiZGVsZXRlIjo2MDAwMDAwMDAwMDB9fQ=="
        }
      ]
    },
    {
      "mode": "managed",
      "type": "openstack_networking_subnet_v2",
      "name": "IT-subnet",
      "provider": "provider[\"registry.terraform.io/terraform-provider-openstack/openstack\"]",
      "instances": [
        {
          "schema_version": 0,
          "attributes": {
            "all_tags": [],
            "allocation_pool": [
              {
                "end": "10.0.1.254",
                "start": "10.0.1.2"
              }
            ],
            "allocation_pools": [
              {
                "end": "10.0.1.254",
                "start": "10.0.1.2"
              }
            ],
            "cidr": "10.0.1.0/24",
            "description": "",
            "dns_nameservers": [],
            "enable_dhcp": true,
            "gateway_ip": "10.0.1.1",
            "host_routes": [],
            "id": "ca5d8ac8-2815-40e3-a193-8fc82ed047ba",
            "ip_version": 4,
            "ipv6_address_mode": "",
            "ipv6_ra_mode": "",
            "name": "IT-subnet",
            "network_id": "e0e29686-2a7b-4c3b-b092-a49da5996005",
            "no_gateway": false,
            "prefix_length": null,
            "region": "RegionOne",
            "service_types": [],
            "subnetpool_id": "",
            "tags": [],
            "tenant_id": "65e52ade32d74c699bef395584d2c91c",
            "timeouts": null,
            "value_specs": null
          },
          "sensitive_attributes": [],
          "private": "eyJlMmJmYjczMC1lY2FhLTExZTYtOGY4OC0zNDM2M2JjN2M0YzAiOnsiY3JlYXRlIjo2MDAwMDAwMDAwMDAsImRlbGV0ZSI6NjAwMDAwMDAwMDAwfX0=",
          "dependencies": [
            "openstack_networking_network_v2.IT-network"
          ]
        }
      ]
    },
    {
      "mode": "managed",
      "type": "openstack_networking_subnet_v2",
      "name": "public-subnet",
      "provider": "provider[\"registry.terraform.io/terraform-provider-openstack/openstack\"]",
      "instances": [
        {
          "schema_version": 0,
          "attributes": {
            "all_tags": [],
            "allocation_pool": [
              {
                "end": "10.0.0.50",
                "start": "10.0.0.10"
              }
            ],
            "allocation_pools": [
              {
                "end": "10.0.0.50",
                "start": "10.0.0.10"
              }
            ],
            "cidr": "10.0.0.0/24",
            "description": "",
            "dns_nameservers": [
              "8.8.8.8",
              "8.8.4.4"
            ],
            "enable_dhcp": true,
            "gateway_ip": "10.0.0.1",
            "host_routes": [],
            "id": "50a1d213-3806-4899-a72b-e25fb1323cf6",
            "ip_version": 4,
            "ipv6_address_mode": "",
            "ipv6_ra_mode": "",
            "name": "public-subnet",
            "network_id": "4fa1b584-5af1-4340-aace-741599a05969",
            "no_gateway": false,
            "prefix_length": null,
            "region": "RegionOne",
            "service_types": [],
            "subnetpool_id": "",
            "tags": [],
            "tenant_id": "65e52ade32d74c699bef395584d2c91c",
            "timeouts": null,
            "value_specs": null
          },
          "sensitive_attributes": [],
          "private": "eyJlMmJmYjczMC1lY2FhLTExZTYtOGY4OC0zNDM2M2JjN2M0YzAiOnsiY3JlYXRlIjo2MDAwMDAwMDAwMDAsImRlbGV0ZSI6NjAwMDAwMDAwMDAwfX0=",
          "dependencies": [
            "openstack_networking_network_v2.public"
          ]
        }
      ]
    }
  ],
  "check_results": null
}
