{
  "version": 4,
  "terraform_version": "1.9.5",
  "serial": 1043,
  "lineage": "03d66377-facb-4891-5287-44a208e2b6be",
  "outputs": {},
  "resources": [
    {
      "mode": "data",
      "type": "openstack_compute_keypair_v2",
      "name": "default_keypair",
      "provider": "provider[\"registry.terraform.io/terraform-provider-openstack/openstack\"]",
      "instances": [
        {
          "schema_version": 0,
          "attributes": {
            "fingerprint": "9a:b2:13:31:14:a5:82:dc:8f:2a:92:b8:fd:03:25:59",
            "id": "iai_vm-cyberrange-host",
            "name": "iai_vm-cyberrange-host",
            "public_key": "ssh-ed25519 AAAAC3NzaC1lZDI1NTE5AAAAIPwleQl1hvURUPNYz7L6r/bCB2UiwnYS5xKwiRIx7kYk iai@vm-cyberrange-host",
            "region": "RegionOne",
            "user_id": "0ea8616862104cea8951f478113a11c6"
          },
          "sensitive_attributes": []
        }
      ]
    },
    {
      "mode": "data",
      "type": "openstack_images_image_v2",
      "name": "IT-Linux-PC-1",
      "provider": "provider[\"registry.terraform.io/terraform-provider-openstack/openstack\"]",
      "instances": [
        {
          "schema_version": 0,
          "attributes": {
            "checksum": "efa84b9e27c608041b832b82d52e7530",
            "container_format": "bare",
            "created_at": "2023-10-23T12:27:12Z",
            "disk_format": "qcow2",
            "file": "/v2/images/d508e903-4f41-491e-bf41-b0cbc0f1712a/file",
            "hidden": false,
            "id": "d508e903-4f41-491e-bf41-b0cbc0f1712a",
            "member_status": null,
            "metadata": {},
            "min_disk_gb": 0,
            "min_ram_mb": 0,
            "most_recent": true,
            "name": "ubuntu-focal-x86_64",
            "name_regex": "^ubuntu-focal.*",
            "owner": "65e52ade32d74c699bef395584d2c91c",
            "properties": {
              "os_hash_algo": "sha512",
              "os_hash_value": "353e6d42705963dff526652654b3bb4d10c3093e53be6a7488a55e48e5877ad75ca88a8b12d3f853ba43ee82b6434608cefd9d0d25c5355be0d007579678c791",
              "os_type": "linux",
              "stores": "file"
            },
            "protected": false,
            "region": "RegionOne",
            "schema": "/v2/schemas/image",
            "size_bytes": 641400832,
            "size_max": null,
            "size_min": null,
            "sort_direction": "asc",
            "sort_key": "name",
            "tag": null,
            "tags": [],
            "updated_at": "2024-01-16T13:00:02Z",
            "visibility": "shared"
          },
          "sensitive_attributes": []
        }
      ]
    },
    {
      "mode": "data",
      "type": "openstack_images_image_v2",
      "name": "debian12",
      "provider": "provider[\"registry.terraform.io/terraform-provider-openstack/openstack\"]",
      "instances": [
        {
          "schema_version": 0,
          "attributes": {
            "checksum": "eac1dfb5e50d87cee88ec15469ff59b6",
            "container_format": "bare",
            "created_at": "2024-04-08T09:13:34Z",
            "disk_format": "qcow2",
            "file": "/v2/images/63688ae7-c167-41e5-80db-164ef5714eef/file",
            "hidden": false,
            "id": "63688ae7-c167-41e5-80db-164ef5714eef",
            "member_status": null,
            "metadata": {},
            "min_disk_gb": 3,
            "min_ram_mb": 256,
            "most_recent": true,
            "name": "Debian 12 generic amd64 20240211-1654",
            "name_regex": "^Debian 12 generic amd64 .*",
            "owner": "65e52ade32d74c699bef395584d2c91c",
            "properties": {
              "hw_disk_bus": "scsi",
              "hw_scsi_model": "virtio-scsi",
              "os_admin_user": "debian",
              "os_distro": "debian",
              "os_hash_algo": "sha512",
              "os_hash_value": "b679398972ba45a60574d9202c4f97ea647dd3577e857407138b73b71a3c3c039804e40aac2f877f3969676b6c8a1ebdb4f2d67a4efa6301c21e349e37d43ef5",
              "os_type": "linux",
              "os_version": "12.20240211.1654",
              "owner_specified.openstack.object": "images/debian-12-generic-amd64-20240211-1654.qcow2",
              "stores": "file"
            },
            "protected": false,
            "region": "RegionOne",
            "schema": "/v2/schemas/image",
            "size_bytes": 379519488,
            "size_max": null,
            "size_min": null,
            "sort_direction": "asc",
            "sort_key": "name",
            "tag": null,
            "tags": [],
            "updated_at": "2024-04-08T11:51:54Z",
            "visibility": "public"
          },
          "sensitive_attributes": []
        }
      ]
    },
    {
      "mode": "data",
      "type": "template_file",
      "name": "win_user_data_cloud_init",
      "provider": "provider[\"registry.terraform.io/hashicorp/template\"]",
      "instances": [
        {
          "schema_version": 0,
          "attributes": {
            "filename": null,
            "id": "db5662a6b6fcc4888ef438925279e76fe463f820b757192cd59a0990520d1baa",
            "rendered": "#cloud-config\nusers:\n  - name: Admin\n    inactive: True\n  - name: TestAdmin\n    passwd: secreT123%\n    primary_group: Administrators\n    inactive: False\n  - name: TestUser\n    passwd: secreT123%\n    primary_group: Users\n    inactive: False  \nruncmd:\n  - 'netsh advfirewall firewall add rule name=\"WinRM 5985\" protocol=TCP dir=in localport=5985 action=allow'\n  - 'netsh advfirewall firewall add rule name=\"WinRM 5986\" protocol=TCP dir=in localport=5986 action=allow'\n  - 'netsh advfirewall firewall add rule name=\"Splunk\" protocol=TCP dir=in localport=8000 action=allow'\n  - 'netsh advfirewall firewall add rule name=\"Splunk\" protocol=TCP dir=out localport=8000 action=allow'  \n  - 'netsh advfirewall firewall add rule name=\"Splunk\" protocol=TCP dir=in localport=8089 action=allow'\n  - 'netsh advfirewall firewall add rule name=\"Splunk\" protocol=TCP dir=out localport=8089 action=allow'  \n  - 'netsh advfirewall firewall add rule name=\"Splunk\" protocol=TCP dir=in localport=8065 action=allow'\n  - 'netsh advfirewall firewall add rule name=\"Splunk\" protocol=TCP dir=out localport=8065 action=allow'\n  - 'netsh advfirewall firewall add rule name=\"Splunk\" protocol=TCP dir=in localport=8191 action=allow'\n  - 'netsh advfirewall firewall add rule name=\"Splunk\" protocol=TCP dir=out localport=8191 action=allow' \n  - 'echo test \u003e\u003e C:\\out.txt'\n  - |\n    powershell -Command \"Set-ItemProperty -Path HKLM:SOFTWARE\\Policies\\Microsoft\\Windows\\WindowsUpdate\\AU -Name UseWUServer -Value 0\"\n  - |\n    powershell -Command \"Restart-Service -Name wuauserv -Force\"\n  - |\n    powershell -Command \"Get-WindowsCapability -Online | Where-Object Name -like 'OpenSSH.Server*' | Add-WindowsCapability -Online\"\n  - 'echo test \u003e\u003e C:\\ps.txt'\n  - |\n    powershell -Command \" Echo Y | powershell Set-Item WSMan:\\localhost\\Client\\TrustedHosts -Value '10.0.1.12,10.0.1.14,10.0.1.15,10.0.1.16,10.0.1.17,10.0.1.18,10.0.1.5,10.1.3.152'\"\n  - |\n    powershell -Command \" Echo Y | powershell Set-Item WSMan:\\localhost\\Client\\TrustedHosts -Value '*'\"\n  - 'echo test \u003e\u003e C:\\hosts.txt'\n  - 'powershell Set-Service -Name sshd -StartupType Automatic'\n  - 'powershell Set-Service -Name ssh-agent -StartupType Automatic'  \n  - 'net start \"ssh-agent\"'\n  - 'net start \"ssh\"'  \n  - 'echo test \u003e\u003e C:\\net.txt'  \n  - 'powershell New-ItemProperty -Path \"HKLM:\\SYSTEM\\CurrentControlSet\\Control\\SecurityProviders\\WDigest\" -Name UseLogonCredential -Value 1 -Force'\n  - 'netsh advfirewall firewall add rule name \"SSH\" dir=in action=allow enable=yes program=\"C:\\Windows\\System32\\OpenSSH\\ssh\"'\n  - 'netsh advfirewall firewall add rule name \"SSH-add\" dir=in action=allow enable=yes program=\"C:\\Windows\\System32\\OpenSSH\\ssh-add\"'\n  - 'netsh advfirewall firewall add rule name \"SSH-agent\" dir=in action=allow enable=yes program=\"C:\\Windows\\System32\\OpenSSH\\ssh-agent\"'\n  - 'netsh advfirewall firewall add rule name \"SSH-keygen\" dir=in action=allow enable=yes program=\"C:\\Windows\\System32\\OpenSSH\\ssh-keygen\"'\n  - 'netsh advfirewall firewall add rule name \"SSH-keyscan\" dir=in action=allow enable=yes program=\"C:\\Windows\\System32\\OpenSSH\\ssh-keyscan\"'\n  - 'netsh advfirewall firewall add rule name \"SSH\" dir=out action=allow enable=yes program=\"C:\\Windows\\System32\\OpenSSH\\ssh\"'\n  - 'netsh advfirewall firewall add rule name \"SSH-add\" dir=out action=allow enable=yes program=\"C:\\Windows\\System32\\OpenSSH\\ssh-add\"'\n  - 'netsh advfirewall firewall add rule name \"SSH-agent\" dir=out action=allow enable=yes program=\"C:\\Windows\\System32\\OpenSSH\\ssh-agent\"'\n  - 'netsh advfirewall firewall add rule name \"SSH-keygen\" dir=out action=allow enable=yes program=\"C:\\Windows\\System32\\OpenSSH\\ssh-keygen\"'\n  - 'netsh advfirewall firewall add rule name \"SSH-keyscan\" dir=out action=allow enable=yes program=\"C:\\Windows\\System32\\OpenSSH\\ssh-keyscan\"'  \n  - 'echo test \u003e\u003e C:\\fw.txt'  \n  - 'winrm quickconfig -q'\n  - 'echo test \u003e\u003e C:\\1.txt'\n  - |\n    winrm set winrm/config/winrs @{MaxMemoryPerShellMB=\"1024\"}\n  - 'echo test \u003e\u003e C:\\2.txt'\n  - |\n    winrm set winrm/config @{MaxTimeoutms=\"1800000\"}\n  - 'echo test \u003e\u003e C:\\3.txt'\n  - |\n    winrm set winrm/config/service @{AllowUnencrypted=\"true\"}\n  - 'echo test \u003e\u003e C:\\4.txt'\n  - |\n    winrm set winrm/config/service/auth @{Basic=\"true\"}\n  - 'echo test \u003e\u003e C:\\5.txt'\n  - 'net stop winrm'\n  - 'echo test \u003e\u003e C:\\6.txt'\n  - 'powershell Set-Service -Name winrm -StartupType Automatic'\n  - 'echo test \u003e\u003e C:\\7.txt'\n  - 'net start winrm'\n  - 'echo test \u003e\u003e C:\\8.txt'\n  - 'powershell -Command \"Enable-PSRemoting -SkipNetworkProfileCheck -Force\"'\n  - 'winrm enumerate winrm/config/Listener \u003e\u003e C:\\wrm.txt'",
            "template": "#cloud-config\nusers:\n  - name: Admin\n    inactive: True\n  - name: TestAdmin\n    passwd: secreT123%\n    primary_group: Administrators\n    inactive: False\n  - name: TestUser\n    passwd: secreT123%\n    primary_group: Users\n    inactive: False  \nruncmd:\n  - 'netsh advfirewall firewall add rule name=\"WinRM 5985\" protocol=TCP dir=in localport=5985 action=allow'\n  - 'netsh advfirewall firewall add rule name=\"WinRM 5986\" protocol=TCP dir=in localport=5986 action=allow'\n  - 'netsh advfirewall firewall add rule name=\"Splunk\" protocol=TCP dir=in localport=8000 action=allow'\n  - 'netsh advfirewall firewall add rule name=\"Splunk\" protocol=TCP dir=out localport=8000 action=allow'  \n  - 'netsh advfirewall firewall add rule name=\"Splunk\" protocol=TCP dir=in localport=8089 action=allow'\n  - 'netsh advfirewall firewall add rule name=\"Splunk\" protocol=TCP dir=out localport=8089 action=allow'  \n  - 'netsh advfirewall firewall add rule name=\"Splunk\" protocol=TCP dir=in localport=8065 action=allow'\n  - 'netsh advfirewall firewall add rule name=\"Splunk\" protocol=TCP dir=out localport=8065 action=allow'\n  - 'netsh advfirewall firewall add rule name=\"Splunk\" protocol=TCP dir=in localport=8191 action=allow'\n  - 'netsh advfirewall firewall add rule name=\"Splunk\" protocol=TCP dir=out localport=8191 action=allow' \n  - 'echo test \u003e\u003e C:\\out.txt'\n  - |\n    powershell -Command \"Set-ItemProperty -Path HKLM:SOFTWARE\\Policies\\Microsoft\\Windows\\WindowsUpdate\\AU -Name UseWUServer -Value 0\"\n  - |\n    powershell -Command \"Restart-Service -Name wuauserv -Force\"\n  - |\n    powershell -Command \"Get-WindowsCapability -Online | Where-Object Name -like 'OpenSSH.Server*' | Add-WindowsCapability -Online\"\n  - 'echo test \u003e\u003e C:\\ps.txt'\n  - |\n    powershell -Command \" Echo Y | powershell Set-Item WSMan:\\localhost\\Client\\TrustedHosts -Value '10.0.1.12,10.0.1.14,10.0.1.15,10.0.1.16,10.0.1.17,10.0.1.18,10.0.1.5,10.1.3.152'\"\n  - |\n    powershell -Command \" Echo Y | powershell Set-Item WSMan:\\localhost\\Client\\TrustedHosts -Value '*'\"\n  - 'echo test \u003e\u003e C:\\hosts.txt'\n  - 'powershell Set-Service -Name sshd -StartupType Automatic'\n  - 'powershell Set-Service -Name ssh-agent -StartupType Automatic'  \n  - 'net start \"ssh-agent\"'\n  - 'net start \"ssh\"'  \n  - 'echo test \u003e\u003e C:\\net.txt'  \n  - 'powershell New-ItemProperty -Path \"HKLM:\\SYSTEM\\CurrentControlSet\\Control\\SecurityProviders\\WDigest\" -Name UseLogonCredential -Value 1 -Force'\n  - 'netsh advfirewall firewall add rule name \"SSH\" dir=in action=allow enable=yes program=\"C:\\Windows\\System32\\OpenSSH\\ssh\"'\n  - 'netsh advfirewall firewall add rule name \"SSH-add\" dir=in action=allow enable=yes program=\"C:\\Windows\\System32\\OpenSSH\\ssh-add\"'\n  - 'netsh advfirewall firewall add rule name \"SSH-agent\" dir=in action=allow enable=yes program=\"C:\\Windows\\System32\\OpenSSH\\ssh-agent\"'\n  - 'netsh advfirewall firewall add rule name \"SSH-keygen\" dir=in action=allow enable=yes program=\"C:\\Windows\\System32\\OpenSSH\\ssh-keygen\"'\n  - 'netsh advfirewall firewall add rule name \"SSH-keyscan\" dir=in action=allow enable=yes program=\"C:\\Windows\\System32\\OpenSSH\\ssh-keyscan\"'\n  - 'netsh advfirewall firewall add rule name \"SSH\" dir=out action=allow enable=yes program=\"C:\\Windows\\System32\\OpenSSH\\ssh\"'\n  - 'netsh advfirewall firewall add rule name \"SSH-add\" dir=out action=allow enable=yes program=\"C:\\Windows\\System32\\OpenSSH\\ssh-add\"'\n  - 'netsh advfirewall firewall add rule name \"SSH-agent\" dir=out action=allow enable=yes program=\"C:\\Windows\\System32\\OpenSSH\\ssh-agent\"'\n  - 'netsh advfirewall firewall add rule name \"SSH-keygen\" dir=out action=allow enable=yes program=\"C:\\Windows\\System32\\OpenSSH\\ssh-keygen\"'\n  - 'netsh advfirewall firewall add rule name \"SSH-keyscan\" dir=out action=allow enable=yes program=\"C:\\Windows\\System32\\OpenSSH\\ssh-keyscan\"'  \n  - 'echo test \u003e\u003e C:\\fw.txt'  \n  - 'winrm quickconfig -q'\n  - 'echo test \u003e\u003e C:\\1.txt'\n  - |\n    winrm set winrm/config/winrs @{MaxMemoryPerShellMB=\"1024\"}\n  - 'echo test \u003e\u003e C:\\2.txt'\n  - |\n    winrm set winrm/config @{MaxTimeoutms=\"1800000\"}\n  - 'echo test \u003e\u003e C:\\3.txt'\n  - |\n    winrm set winrm/config/service @{AllowUnencrypted=\"true\"}\n  - 'echo test \u003e\u003e C:\\4.txt'\n  - |\n    winrm set winrm/config/service/auth @{Basic=\"true\"}\n  - 'echo test \u003e\u003e C:\\5.txt'\n  - 'net stop winrm'\n  - 'echo test \u003e\u003e C:\\6.txt'\n  - 'powershell Set-Service -Name winrm -StartupType Automatic'\n  - 'echo test \u003e\u003e C:\\7.txt'\n  - 'net start winrm'\n  - 'echo test \u003e\u003e C:\\8.txt'\n  - 'powershell -Command \"Enable-PSRemoting -SkipNetworkProfileCheck -Force\"'\n  - 'winrm enumerate winrm/config/Listener \u003e\u003e C:\\wrm.txt'",
            "vars": null
          },
          "sensitive_attributes": []
        }
      ]
    },
    {
      "mode": "managed",
      "type": "openstack_compute_flavor_v2",
      "name": "aggregation-server-flavor",
      "provider": "provider[\"registry.terraform.io/terraform-provider-openstack/openstack\"]",
      "instances": [
        {
          "schema_version": 0,
          "attributes": {
            "description": "",
            "disk": 500,
            "ephemeral": 0,
            "extra_specs": {},
            "flavor_id": "ef70026d-6cde-40b9-baf1-93d677b32755",
            "id": "ef70026d-6cde-40b9-baf1-93d677b32755",
            "is_public": false,
            "name": "aggregation-server-flavor",
            "ram": 256,
            "region": "RegionOne",
            "rx_tx_factor": 1,
            "swap": 4,
            "vcpus": 1
          },
          "sensitive_attributes": [],
          "private": "bnVsbA=="
        }
      ]
    },
    {
      "mode": "managed",
      "type": "openstack_compute_flavor_v2",
      "name": "apt-download-server-flavor",
      "provider": "provider[\"registry.terraform.io/terraform-provider-openstack/openstack\"]",
      "instances": [
        {
          "schema_version": 0,
          "attributes": {
            "description": "",
            "disk": 10,
            "ephemeral": 0,
            "extra_specs": {},
            "flavor_id": "54c30e40-cc80-4975-ad2d-3f264dfe343e",
            "id": "54c30e40-cc80-4975-ad2d-3f264dfe343e",
            "is_public": false,
            "name": "apt-download-server-flavor",
            "ram": 2,
            "region": "RegionOne",
            "rx_tx_factor": 1,
            "swap": 2,
            "vcpus": 1
          },
          "sensitive_attributes": [],
          "private": "bnVsbA=="
        }
      ]
    },
    {
      "mode": "managed",
      "type": "openstack_compute_flavor_v2",
      "name": "apt-oc2-server-flavor",
      "provider": "provider[\"registry.terraform.io/terraform-provider-openstack/openstack\"]",
      "instances": [
        {
          "schema_version": 0,
          "attributes": {
            "description": "",
            "disk": 20,
            "ephemeral": 0,
            "extra_specs": {},
            "flavor_id": "3b1cdf85-8580-4762-9f46-6aba7bb5409a",
            "id": "3b1cdf85-8580-4762-9f46-6aba7bb5409a",
            "is_public": false,
            "name": "apt-c2-server-flavor",
            "ram": 4,
            "region": "RegionOne",
            "rx_tx_factor": 1,
            "swap": 4,
            "vcpus": 2
          },
          "sensitive_attributes": [],
          "private": "bnVsbA=="
        }
      ]
    },
    {
      "mode": "managed",
      "type": "openstack_compute_flavor_v2",
      "name": "apt-outisde-attacker-flavor",
      "provider": "provider[\"registry.terraform.io/terraform-provider-openstack/openstack\"]",
      "instances": [
        {
          "schema_version": 0,
          "attributes": {
            "description": "",
            "disk": 20,
            "ephemeral": 0,
            "extra_specs": {},
            "flavor_id": "10daa9d2-392f-4440-9853-c5c62ea07e08",
            "id": "10daa9d2-392f-4440-9853-c5c62ea07e08",
            "is_public": false,
            "name": "apt-outside-attacker-flavor",
            "ram": 4,
            "region": "RegionOne",
            "rx_tx_factor": 1,
            "swap": 4,
            "vcpus": 2
          },
          "sensitive_attributes": [],
          "private": "bnVsbA=="
        }
      ]
    },
    {
      "mode": "managed",
      "type": "openstack_compute_flavor_v2",
      "name": "it-dc-flavor",
      "provider": "provider[\"registry.terraform.io/terraform-provider-openstack/openstack\"]",
      "instances": [
        {
          "schema_version": 0,
          "attributes": {
            "description": "",
            "disk": 10,
            "ephemeral": 0,
            "extra_specs": {},
            "flavor_id": "e835f7f5-11dc-459d-90b0-a1c40182b8d7",
            "id": "e835f7f5-11dc-459d-90b0-a1c40182b8d7",
            "is_public": false,
            "name": "it-dc-flavor",
            "ram": 4,
            "region": "RegionOne",
            "rx_tx_factor": 1,
            "swap": 4,
            "vcpus": 2
          },
          "sensitive_attributes": [],
          "private": "bnVsbA=="
        }
      ]
    },
    {
      "mode": "managed",
      "type": "openstack_compute_flavor_v2",
      "name": "it-inside-attacker-flavor",
      "provider": "provider[\"registry.terraform.io/terraform-provider-openstack/openstack\"]",
      "instances": [
        {
          "schema_version": 0,
          "attributes": {
            "description": "",
            "disk": 20,
            "ephemeral": 0,
            "extra_specs": {},
            "flavor_id": "6d205af6-f9f1-41de-b787-7e2628616253",
            "id": "6d205af6-f9f1-41de-b787-7e2628616253",
            "is_public": false,
            "name": "it-inside-attacker-flavor",
            "ram": 4,
            "region": "RegionOne",
            "rx_tx_factor": 1,
            "swap": 4,
            "vcpus": 2
          },
          "sensitive_attributes": [],
          "private": "bnVsbA=="
        }
      ]
    },
    {
      "mode": "managed",
      "type": "openstack_compute_flavor_v2",
      "name": "it-linux-pc-1-flavor",
      "provider": "provider[\"registry.terraform.io/terraform-provider-openstack/openstack\"]",
      "instances": [
        {
          "schema_version": 0,
          "attributes": {
            "description": "",
            "disk": 20,
            "ephemeral": 0,
            "extra_specs": {},
            "flavor_id": "14d94656-e091-4d86-a6ac-16aa8032b75e",
            "id": "14d94656-e091-4d86-a6ac-16aa8032b75e",
            "is_public": false,
            "name": "it-linux-pc-1-flavor",
            "ram": 4,
            "region": "RegionOne",
            "rx_tx_factor": 1,
            "swap": 4,
            "vcpus": 2
          },
          "sensitive_attributes": [],
          "private": "bnVsbA=="
        }
      ]
    },
    {
      "mode": "managed",
      "type": "openstack_compute_flavor_v2",
      "name": "it-win-pc-1-flavor",
      "provider": "provider[\"registry.terraform.io/terraform-provider-openstack/openstack\"]",
      "instances": [
        {
          "schema_version": 0,
          "attributes": {
            "description": "",
            "disk": 20,
            "ephemeral": 0,
            "extra_specs": {},
            "flavor_id": "7582df65-2404-4a08-b39c-c73d3d0b592a",
            "id": "7582df65-2404-4a08-b39c-c73d3d0b592a",
            "is_public": false,
            "name": "it-win-pc-1-flavor",
            "ram": 4,
            "region": "RegionOne",
            "rx_tx_factor": 1,
            "swap": 4,
            "vcpus": 2
          },
          "sensitive_attributes": [],
          "private": "bnVsbA=="
        }
      ]
    },
    {
      "mode": "managed",
      "type": "openstack_compute_flavor_v2",
      "name": "it-win-server-1-flavor",
      "provider": "provider[\"registry.terraform.io/terraform-provider-openstack/openstack\"]",
      "instances": [
        {
          "schema_version": 0,
          "attributes": {
            "description": "",
            "disk": 20,
            "ephemeral": 0,
            "extra_specs": {},
            "flavor_id": "58cdf968-1c4d-4798-8e4d-d26337a5030e",
            "id": "58cdf968-1c4d-4798-8e4d-d26337a5030e",
            "is_public": false,
            "name": "it-win-server-1-flavor",
            "ram": 4,
            "region": "RegionOne",
            "rx_tx_factor": 1,
            "swap": 4,
            "vcpus": 2
          },
          "sensitive_attributes": [],
          "private": "bnVsbA=="
        }
      ]
    },
    {
      "mode": "managed",
      "type": "openstack_compute_flavor_v2",
      "name": "it-win-share-flavor",
      "provider": "provider[\"registry.terraform.io/terraform-provider-openstack/openstack\"]",
      "instances": [
        {
          "schema_version": 0,
          "attributes": {
            "description": "",
            "disk": 10,
            "ephemeral": 0,
            "extra_specs": {},
            "flavor_id": "1ca7df79-ef71-4999-a4fa-500dee8970cb",
            "id": "1ca7df79-ef71-4999-a4fa-500dee8970cb",
            "is_public": false,
            "name": "it-win-share-flavor",
            "ram": 4,
            "region": "RegionOne",
            "rx_tx_factor": 1,
            "swap": 4,
            "vcpus": 2
          },
          "sensitive_attributes": [],
          "private": "bnVsbA=="
        }
      ]
    },
    {
      "mode": "managed",
      "type": "openstack_compute_flavor_v2",
      "name": "ot-dc-flavor",
      "provider": "provider[\"registry.terraform.io/terraform-provider-openstack/openstack\"]",
      "instances": [
        {
          "schema_version": 0,
          "attributes": {
            "description": "",
            "disk": 10,
            "ephemeral": 0,
            "extra_specs": {},
            "flavor_id": "5913798b-d94b-473e-9f3c-5580925eb9af",
            "id": "5913798b-d94b-473e-9f3c-5580925eb9af",
            "is_public": false,
            "name": "ot-dc-flavor",
            "ram": 4,
            "region": "RegionOne",
            "rx_tx_factor": 1,
            "swap": 4,
            "vcpus": 2
          },
          "sensitive_attributes": [],
          "private": "bnVsbA=="
        }
      ]
    },
    {
      "mode": "managed",
      "type": "openstack_compute_flavor_v2",
      "name": "ot-hmi-linux-flavor",
      "provider": "provider[\"registry.terraform.io/terraform-provider-openstack/openstack\"]",
      "instances": [
        {
          "schema_version": 0,
          "attributes": {
            "description": "",
            "disk": 10,
            "ephemeral": 0,
            "extra_specs": {},
            "flavor_id": "d5750ae4-f185-47ad-a460-ef90b5155002",
            "id": "d5750ae4-f185-47ad-a460-ef90b5155002",
            "is_public": false,
            "name": "ot-hmi-linux-flavor",
            "ram": 2,
            "region": "RegionOne",
            "rx_tx_factor": 1,
            "swap": 2,
            "vcpus": 1
          },
          "sensitive_attributes": [],
          "private": "bnVsbA=="
        }
      ]
    },
    {
      "mode": "managed",
      "type": "openstack_compute_flavor_v2",
      "name": "ot-plc-linux-flavor",
      "provider": "provider[\"registry.terraform.io/terraform-provider-openstack/openstack\"]",
      "instances": [
        {
          "schema_version": 0,
          "attributes": {
            "description": "",
            "disk": 10,
            "ephemeral": 0,
            "extra_specs": {},
            "flavor_id": "f04ad142-6f3b-4c77-8928-d00a84d13cc2",
            "id": "f04ad142-6f3b-4c77-8928-d00a84d13cc2",
            "is_public": false,
            "name": "ot-plc-linux-flavor",
            "ram": 2,
            "region": "RegionOne",
            "rx_tx_factor": 1,
            "swap": 2,
            "vcpus": 1
          },
          "sensitive_attributes": [],
          "private": "bnVsbA=="
        }
      ]
    },
    {
      "mode": "managed",
      "type": "openstack_compute_flavor_v2",
      "name": "ot-win-pc-1-flavor",
      "provider": "provider[\"registry.terraform.io/terraform-provider-openstack/openstack\"]",
      "instances": [
        {
          "schema_version": 0,
          "attributes": {
            "description": "",
            "disk": 20,
            "ephemeral": 0,
            "extra_specs": {},
            "flavor_id": "ea9a5ccd-139a-4e41-8432-10ccd80fd985",
            "id": "ea9a5ccd-139a-4e41-8432-10ccd80fd985",
            "is_public": false,
            "name": "ot-win-pc-1-flavor",
            "ram": 4,
            "region": "RegionOne",
            "rx_tx_factor": 1,
            "swap": 4,
            "vcpus": 2
          },
          "sensitive_attributes": [],
          "private": "bnVsbA=="
        }
      ]
    },
    {
      "mode": "managed",
      "type": "openstack_compute_flavor_v2",
      "name": "ot-win-pc-2-flavor",
      "provider": "provider[\"registry.terraform.io/terraform-provider-openstack/openstack\"]",
      "instances": [
        {
          "schema_version": 0,
          "attributes": {
            "description": "",
            "disk": 20,
            "ephemeral": 0,
            "extra_specs": {},
            "flavor_id": "7b744020-5fd9-43dc-9c00-79dfc8c5edf9",
            "id": "7b744020-5fd9-43dc-9c00-79dfc8c5edf9",
            "is_public": false,
            "name": "ot-win-pc-2-flavor",
            "ram": 4,
            "region": "RegionOne",
            "rx_tx_factor": 1,
            "swap": 4,
            "vcpus": 2
          },
          "sensitive_attributes": [],
          "private": "bnVsbA=="
        }
      ]
    },
    {
      "mode": "managed",
      "type": "openstack_compute_flavor_v2",
      "name": "proxy-flavor",
      "provider": "provider[\"registry.terraform.io/terraform-provider-openstack/openstack\"]",
      "instances": [
        {
          "schema_version": 0,
          "attributes": {
            "description": "",
            "disk": 500,
            "ephemeral": 0,
            "extra_specs": {},
            "flavor_id": "a3e2857f-4383-40c6-a705-c6c473ab1d76",
            "id": "a3e2857f-4383-40c6-a705-c6c473ab1d76",
            "is_public": false,
            "name": "proxy-flavor",
            "ram": 256,
            "region": "RegionOne",
            "rx_tx_factor": 1,
            "swap": 4,
            "vcpus": 1
          },
          "sensitive_attributes": [],
          "private": "bnVsbA=="
        }
      ]
    },
    {
      "mode": "managed",
      "type": "openstack_compute_instance_v2",
      "name": "APT-C2-Server",
      "provider": "provider[\"registry.terraform.io/terraform-provider-openstack/openstack\"]",
      "instances": [
        {
          "status": "tainted",
          "schema_version": 0,
          "attributes": {
            "access_ip_v4": null,
            "access_ip_v6": null,
            "admin_pass": "1337",
            "all_metadata": null,
            "all_tags": [],
            "availability_zone": null,
            "availability_zone_hints": null,
            "block_device": [],
            "config_drive": null,
            "created": null,
            "flavor_id": null,
            "flavor_name": "m1.medium",
            "floating_ip": null,
            "force_delete": false,
            "id": "ee05d0a2-67bd-4879-b134-302a2b68b866",
            "image_id": "bf8afd2a-f61b-4e2d-a747-caf2803c8d37",
            "image_name": null,
            "key_pair": "iai_vm-cyberrange-host",
            "metadata": null,
            "name": "APT-C2-Server",
            "network": [
              {
                "access_network": true,
                "fixed_ip_v4": "10.0.3.38",
                "fixed_ip_v6": "",
                "floating_ip": "",
                "mac": "",
                "name": "APT-network",
                "port": "",
                "uuid": ""
              }
            ],
            "network_mode": null,
            "personality": [],
            "power_state": "active",
            "region": null,
            "scheduler_hints": [],
            "security_groups": [],
            "stop_before_destroy": false,
            "tags": null,
            "timeouts": null,
            "updated": null,
            "user_data": null,
            "vendor_options": [],
            "volume": []
          },
          "sensitive_attributes": [
            [
              {
                "type": "get_attr",
                "value": "admin_pass"
              }
            ]
          ],
          "private": "eyJlMmJmYjczMC1lY2FhLTExZTYtOGY4OC0zNDM2M2JjN2M0YzAiOnsiY3JlYXRlIjoxODAwMDAwMDAwMDAwLCJkZWxldGUiOjE4MDAwMDAwMDAwMDAsInVwZGF0ZSI6MTgwMDAwMDAwMDAwMH19",
          "dependencies": [
            "data.openstack_compute_keypair_v2.default_keypair",
            "openstack_networking_floatingip_v2.floatip-access-proxy",
            "openstack_networking_network_v2.APT-network"
          ]
        }
      ]
    },
    {
      "mode": "managed",
      "type": "openstack_compute_instance_v2",
      "name": "APT-Download-Server",
      "provider": "provider[\"registry.terraform.io/terraform-provider-openstack/openstack\"]",
      "instances": [
        {
          "status": "tainted",
          "schema_version": 0,
          "attributes": {
            "access_ip_v4": "10.0.2.16",
            "access_ip_v6": "",
            "admin_pass": null,
            "all_metadata": {},
            "all_tags": [],
            "availability_zone": "nova",
            "availability_zone_hints": null,
            "block_device": [],
            "config_drive": null,
            "created": "2024-09-12 14:16:08 +0000 UTC",
            "flavor_id": "2",
            "flavor_name": "m1.small",
            "floating_ip": null,
            "force_delete": false,
            "id": "bf88aa96-bac3-4223-8e98-db51f2f31b63",
            "image_id": "63688ae7-c167-41e5-80db-164ef5714eef",
            "image_name": "Debian 12 generic amd64 20240211-1654",
            "key_pair": "iai_vm-cyberrange-host",
            "metadata": null,
            "name": "APT-Download-Server",
            "network": [
              {
                "access_network": true,
                "fixed_ip_v4": "10.0.2.16",
                "fixed_ip_v6": "",
                "floating_ip": "",
                "mac": "fa:16:3e:b9:9c:73",
                "name": "OT-network",
                "port": "",
                "uuid": "c1a00bce-7789-4f3c-9bf2-e67f3112a4d9"
              }
            ],
            "network_mode": null,
            "personality": [],
            "power_state": "active",
            "region": "RegionOne",
            "scheduler_hints": [],
            "security_groups": [
              "586dbd16-f5ed-47ba-82bd-e349e45cf92a",
              "default"
            ],
            "stop_before_destroy": false,
            "tags": null,
            "timeouts": null,
            "updated": "2024-09-12 14:16:12 +0000 UTC",
            "user_data": null,
            "vendor_options": [],
            "volume": []
          },
          "sensitive_attributes": [
            [
              {
                "type": "get_attr",
                "value": "admin_pass"
              }
            ]
          ],
          "private": "eyJlMmJmYjczMC1lY2FhLTExZTYtOGY4OC0zNDM2M2JjN2M0YzAiOnsiY3JlYXRlIjoxODAwMDAwMDAwMDAwLCJkZWxldGUiOjE4MDAwMDAwMDAwMDAsInVwZGF0ZSI6MTgwMDAwMDAwMDAwMH19",
          "dependencies": [
            "openstack_networking_floatingip_v2.floatip-access-proxy",
            "openstack_networking_network_v2.OT-network",
            "openstack_networking_secgroup_v2.secgroup_splunk_universal_forwarder"
          ]
        }
      ]
    },
    {
      "mode": "managed",
      "type": "openstack_compute_instance_v2",
      "name": "APT-Outside-Attacker",
      "provider": "provider[\"registry.terraform.io/terraform-provider-openstack/openstack\"]",
      "instances": [
        {
          "status": "tainted",
          "schema_version": 0,
          "attributes": {
            "access_ip_v4": null,
            "access_ip_v6": null,
            "admin_pass": "1337",
            "all_metadata": null,
            "all_tags": [],
            "availability_zone": null,
            "availability_zone_hints": null,
            "block_device": [],
            "config_drive": null,
            "created": null,
            "flavor_id": null,
            "flavor_name": "m1.medium",
            "floating_ip": null,
            "force_delete": false,
            "id": "862191b0-59cc-4a35-93fc-cc9296a80b37",
            "image_id": "bf8afd2a-f61b-4e2d-a747-caf2803c8d37",
            "image_name": null,
            "key_pair": "iai_vm-cyberrange-host",
            "metadata": null,
            "name": "APT-Outside-Attacker",
            "network": [
              {
                "access_network": true,
                "fixed_ip_v4": "10.0.3.37",
                "fixed_ip_v6": "",
                "floating_ip": "",
                "mac": "",
                "name": "APT-network",
                "port": "",
                "uuid": ""
              }
            ],
            "network_mode": null,
            "personality": [],
            "power_state": "active",
            "region": null,
            "scheduler_hints": [],
            "security_groups": [],
            "stop_before_destroy": false,
            "tags": null,
            "timeouts": null,
            "updated": null,
            "user_data": null,
            "vendor_options": [],
            "volume": []
          },
          "sensitive_attributes": [
            [
              {
                "type": "get_attr",
                "value": "admin_pass"
              }
            ]
          ],
          "private": "eyJlMmJmYjczMC1lY2FhLTExZTYtOGY4OC0zNDM2M2JjN2M0YzAiOnsiY3JlYXRlIjoxODAwMDAwMDAwMDAwLCJkZWxldGUiOjE4MDAwMDAwMDAwMDAsInVwZGF0ZSI6MTgwMDAwMDAwMDAwMH19",
          "dependencies": [
            "data.openstack_compute_keypair_v2.default_keypair",
            "openstack_networking_floatingip_v2.floatip-access-proxy",
            "openstack_networking_network_v2.APT-network"
          ]
        }
      ]
    },
    {
      "mode": "managed",
      "type": "openstack_compute_instance_v2",
      "name": "IT-Inside-Attacker",
      "provider": "provider[\"registry.terraform.io/terraform-provider-openstack/openstack\"]",
      "instances": [
        {
          "status": "tainted",
          "schema_version": 0,
          "attributes": {
            "access_ip_v4": "10.0.1.17",
            "access_ip_v6": "",
            "admin_pass": "1337",
            "all_metadata": {},
            "all_tags": [],
            "availability_zone": "nova",
            "availability_zone_hints": null,
            "block_device": [],
            "config_drive": null,
            "created": "2024-09-12 14:16:15 +0000 UTC",
            "flavor_id": "3",
            "flavor_name": "m1.medium",
            "floating_ip": null,
            "force_delete": false,
            "id": "39f99321-2bbe-45be-bdc4-78af32b6b0af",
            "image_id": "bf8afd2a-f61b-4e2d-a747-caf2803c8d37",
            "image_name": "kali",
            "key_pair": "iai_vm-cyberrange-host",
            "metadata": null,
            "name": "IT-Inside-Attacker",
            "network": [
              {
                "access_network": true,
                "fixed_ip_v4": "10.0.1.17",
                "fixed_ip_v6": "",
                "floating_ip": "",
                "mac": "fa:16:3e:87:93:13",
                "name": "IT-network",
                "port": "",
                "uuid": "1d8b6ce0-0394-47b6-88b5-57da0e6ad7ce"
              }
            ],
            "network_mode": null,
            "personality": [],
            "power_state": "active",
            "region": "RegionOne",
            "scheduler_hints": [],
            "security_groups": [
              "default"
            ],
            "stop_before_destroy": false,
            "tags": null,
            "timeouts": null,
            "updated": "2024-09-12 14:16:20 +0000 UTC",
            "user_data": null,
            "vendor_options": [],
            "volume": []
          },
          "sensitive_attributes": [
            [
              {
                "type": "get_attr",
                "value": "admin_pass"
              }
            ]
          ],
          "private": "eyJlMmJmYjczMC1lY2FhLTExZTYtOGY4OC0zNDM2M2JjN2M0YzAiOnsiY3JlYXRlIjoxODAwMDAwMDAwMDAwLCJkZWxldGUiOjE4MDAwMDAwMDAwMDAsInVwZGF0ZSI6MTgwMDAwMDAwMDAwMH19",
          "dependencies": [
            "data.openstack_compute_keypair_v2.default_keypair",
            "openstack_networking_floatingip_v2.floatip-access-proxy",
            "openstack_networking_network_v2.IT-network"
          ]
        }
      ]
    },
    {
      "mode": "managed",
      "type": "openstack_compute_instance_v2",
      "name": "IT-Linux-PC-1",
      "provider": "provider[\"registry.terraform.io/terraform-provider-openstack/openstack\"]",
      "instances": [
        {
          "status": "tainted",
          "schema_version": 0,
          "attributes": {
            "access_ip_v4": null,
            "access_ip_v6": null,
            "admin_pass": null,
            "all_metadata": null,
            "all_tags": [],
            "availability_zone": null,
            "availability_zone_hints": null,
            "block_device": [],
            "config_drive": null,
            "created": null,
            "flavor_id": null,
            "flavor_name": "m1.small",
            "floating_ip": null,
            "force_delete": false,
            "id": "9bf5f8bc-fa1b-4471-afce-687d9916bdcf",
            "image_id": "d508e903-4f41-491e-bf41-b0cbc0f1712a",
            "image_name": null,
            "key_pair": "iai_vm-cyberrange-host",
            "metadata": null,
            "name": "IT-Linux-PC-1",
            "network": [
              {
                "access_network": true,
                "fixed_ip_v4": "10.0.1.16",
                "fixed_ip_v6": "",
                "floating_ip": "",
                "mac": "",
                "name": "OT-network",
                "port": "",
                "uuid": ""
              }
            ],
            "network_mode": null,
            "personality": [],
            "power_state": "active",
            "region": null,
            "scheduler_hints": [],
            "security_groups": [
              "586dbd16-f5ed-47ba-82bd-e349e45cf92a",
              "default"
            ],
            "stop_before_destroy": false,
            "tags": null,
            "timeouts": null,
            "updated": null,
            "user_data": null,
            "vendor_options": [],
            "volume": []
          },
          "sensitive_attributes": [
            [
              {
                "type": "get_attr",
                "value": "admin_pass"
              }
            ]
          ],
          "private": "eyJlMmJmYjczMC1lY2FhLTExZTYtOGY4OC0zNDM2M2JjN2M0YzAiOnsiY3JlYXRlIjoxODAwMDAwMDAwMDAwLCJkZWxldGUiOjE4MDAwMDAwMDAwMDAsInVwZGF0ZSI6MTgwMDAwMDAwMDAwMH19",
          "dependencies": [
            "openstack_networking_floatingip_v2.floatip-access-proxy",
            "openstack_networking_network_v2.OT-network",
            "openstack_networking_secgroup_v2.secgroup_splunk_universal_forwarder"
          ]
        }
      ]
    },
    {
      "mode": "managed",
      "type": "openstack_compute_instance_v2",
      "name": "IT-Win-DC",
      "provider": "provider[\"registry.terraform.io/terraform-provider-openstack/openstack\"]",
      "instances": [
        {
          "status": "tainted",
          "schema_version": 0,
          "attributes": {
            "access_ip_v4": "10.0.1.14",
            "access_ip_v6": "",
            "admin_pass": null,
            "all_metadata": {},
            "all_tags": [],
            "availability_zone": "nova",
            "availability_zone_hints": null,
            "block_device": [],
            "config_drive": null,
            "created": "2024-09-12 14:16:03 +0000 UTC",
            "flavor_id": "3",
            "flavor_name": "m1.medium",
            "floating_ip": null,
            "force_delete": false,
            "id": "90a138b8-effd-49b6-a58d-f3a9ca77f67d",
            "image_id": "b34c1867-728f-4d7b-839c-06c05a108088",
            "image_name": "Windows Server 2019 Eval x86_64",
            "key_pair": "iai_vm-cyberrange-host",
            "metadata": null,
            "name": "IT-Win-DC",
            "network": [
              {
                "access_network": true,
                "fixed_ip_v4": "10.0.1.14",
                "fixed_ip_v6": "",
                "floating_ip": "",
                "mac": "fa:16:3e:f4:e9:29",
                "name": "IT-network",
                "port": "",
                "uuid": "1d8b6ce0-0394-47b6-88b5-57da0e6ad7ce"
              }
            ],
            "network_mode": null,
            "personality": [],
            "power_state": "active",
            "region": "RegionOne",
            "scheduler_hints": [],
            "security_groups": [
              "4e27801c-5eb5-4bc5-8a87-14422b863fb9",
              "586dbd16-f5ed-47ba-82bd-e349e45cf92a",
              "ccf38e7c-bf62-4fb3-873d-652faec08f56",
              "default"
            ],
            "stop_before_destroy": false,
            "tags": null,
            "timeouts": null,
            "updated": "2024-09-12 14:16:08 +0000 UTC",
            "user_data": "c7a19417369ab47aff4bee5f7bced946db03ba29",
            "vendor_options": [],
            "volume": []
          },
          "sensitive_attributes": [
            [
              {
                "type": "get_attr",
                "value": "admin_pass"
              }
            ]
          ],
          "private": "eyJlMmJmYjczMC1lY2FhLTExZTYtOGY4OC0zNDM2M2JjN2M0YzAiOnsiY3JlYXRlIjoxODAwMDAwMDAwMDAwLCJkZWxldGUiOjE4MDAwMDAwMDAwMDAsInVwZGF0ZSI6MTgwMDAwMDAwMDAwMH19",
          "dependencies": [
            "data.openstack_compute_keypair_v2.default_keypair",
            "data.template_file.win_user_data_cloud_init",
            "openstack_networking_network_v2.IT-network",
            "openstack_networking_secgroup_v2.secgroup_attack_range_internal",
            "openstack_networking_secgroup_v2.secgroup_splunk_universal_forwarder",
            "openstack_networking_secgroup_v2.secgroup_windows_remote"
          ]
        }
      ]
    },
    {
      "mode": "managed",
      "type": "openstack_compute_instance_v2",
      "name": "IT-Win-PC-1",
      "provider": "provider[\"registry.terraform.io/terraform-provider-openstack/openstack\"]",
      "instances": [
        {
          "status": "tainted",
          "schema_version": 0,
          "attributes": {
            "access_ip_v4": "10.0.1.15",
            "access_ip_v6": "",
            "admin_pass": null,
            "all_metadata": {},
            "all_tags": [],
            "availability_zone": "nova",
            "availability_zone_hints": null,
            "block_device": [],
            "config_drive": null,
            "created": "2024-09-12 14:16:03 +0000 UTC",
            "flavor_id": "3",
            "flavor_name": "m1.medium",
            "floating_ip": null,
            "force_delete": false,
            "id": "51baac43-ab9b-420b-b29b-9cc3f735a69c",
            "image_id": "b34c1867-728f-4d7b-839c-06c05a108088",
            "image_name": "Windows Server 2019 Eval x86_64",
            "key_pair": "iai_vm-cyberrange-host",
            "metadata": null,
            "name": "IT-Win-PC-1",
            "network": [
              {
                "access_network": true,
                "fixed_ip_v4": "10.0.1.15",
                "fixed_ip_v6": "",
                "floating_ip": "",
                "mac": "fa:16:3e:d0:de:44",
                "name": "IT-network",
                "port": "",
                "uuid": "1d8b6ce0-0394-47b6-88b5-57da0e6ad7ce"
              }
            ],
            "network_mode": null,
            "personality": [],
            "power_state": "active",
            "region": "RegionOne",
            "scheduler_hints": [],
            "security_groups": [
              "4e27801c-5eb5-4bc5-8a87-14422b863fb9",
              "ccf38e7c-bf62-4fb3-873d-652faec08f56",
              "default"
            ],
            "stop_before_destroy": false,
            "tags": null,
            "timeouts": null,
            "updated": "2024-09-12 14:16:09 +0000 UTC",
            "user_data": "c7a19417369ab47aff4bee5f7bced946db03ba29",
            "vendor_options": [],
            "volume": []
          },
          "sensitive_attributes": [
            [
              {
                "type": "get_attr",
                "value": "admin_pass"
              }
            ]
          ],
          "private": "eyJlMmJmYjczMC1lY2FhLTExZTYtOGY4OC0zNDM2M2JjN2M0YzAiOnsiY3JlYXRlIjoxODAwMDAwMDAwMDAwLCJkZWxldGUiOjE4MDAwMDAwMDAwMDAsInVwZGF0ZSI6MTgwMDAwMDAwMDAwMH19",
          "dependencies": [
            "data.openstack_compute_keypair_v2.default_keypair",
            "data.template_file.win_user_data_cloud_init",
            "openstack_networking_network_v2.IT-network",
            "openstack_networking_secgroup_v2.secgroup_attack_range_internal",
            "openstack_networking_secgroup_v2.secgroup_windows_remote"
          ]
        }
      ]
    },
    {
      "mode": "managed",
      "type": "openstack_compute_instance_v2",
      "name": "IT-Win-Server-1",
      "provider": "provider[\"registry.terraform.io/terraform-provider-openstack/openstack\"]",
      "instances": [
        {
          "status": "tainted",
          "schema_version": 0,
          "attributes": {
            "access_ip_v4": "10.0.1.18",
            "access_ip_v6": "",
            "admin_pass": null,
            "all_metadata": {},
            "all_tags": [],
            "availability_zone": "nova",
            "availability_zone_hints": null,
            "block_device": [],
            "config_drive": null,
            "created": "2024-09-12 14:16:03 +0000 UTC",
            "flavor_id": "3",
            "flavor_name": "m1.medium",
            "floating_ip": null,
            "force_delete": false,
            "id": "f53a3648-52f6-4ce1-9d39-0f99a20d24ad",
            "image_id": "b34c1867-728f-4d7b-839c-06c05a108088",
            "image_name": "Windows Server 2019 Eval x86_64",
            "key_pair": "iai_vm-cyberrange-host",
            "metadata": null,
            "name": "IT-Win-Server-1",
            "network": [
              {
                "access_network": true,
                "fixed_ip_v4": "10.0.1.18",
                "fixed_ip_v6": "",
                "floating_ip": "",
                "mac": "fa:16:3e:14:de:6a",
                "name": "IT-network",
                "port": "",
                "uuid": "1d8b6ce0-0394-47b6-88b5-57da0e6ad7ce"
              }
            ],
            "network_mode": null,
            "personality": [],
            "power_state": "active",
            "region": "RegionOne",
            "scheduler_hints": [],
            "security_groups": [
              "4e27801c-5eb5-4bc5-8a87-14422b863fb9",
              "586dbd16-f5ed-47ba-82bd-e349e45cf92a",
              "ccf38e7c-bf62-4fb3-873d-652faec08f56",
              "default"
            ],
            "stop_before_destroy": false,
            "tags": null,
            "timeouts": null,
            "updated": "2024-09-12 14:16:10 +0000 UTC",
            "user_data": "c7a19417369ab47aff4bee5f7bced946db03ba29",
            "vendor_options": [],
            "volume": []
          },
          "sensitive_attributes": [
            [
              {
                "type": "get_attr",
                "value": "admin_pass"
              }
            ]
          ],
          "private": "eyJlMmJmYjczMC1lY2FhLTExZTYtOGY4OC0zNDM2M2JjN2M0YzAiOnsiY3JlYXRlIjoxODAwMDAwMDAwMDAwLCJkZWxldGUiOjE4MDAwMDAwMDAwMDAsInVwZGF0ZSI6MTgwMDAwMDAwMDAwMH19",
          "dependencies": [
            "data.openstack_compute_keypair_v2.default_keypair",
            "data.template_file.win_user_data_cloud_init",
            "openstack_networking_network_v2.IT-network",
            "openstack_networking_secgroup_v2.secgroup_attack_range_internal",
            "openstack_networking_secgroup_v2.secgroup_splunk_universal_forwarder",
            "openstack_networking_secgroup_v2.secgroup_windows_remote"
          ]
        }
      ]
    },
    {
      "mode": "managed",
      "type": "openstack_compute_instance_v2",
      "name": "IT-Win-Share",
      "provider": "provider[\"registry.terraform.io/terraform-provider-openstack/openstack\"]",
      "instances": [
        {
          "status": "tainted",
          "schema_version": 0,
          "attributes": {
            "access_ip_v4": null,
            "access_ip_v6": null,
            "admin_pass": null,
            "all_metadata": null,
            "all_tags": [],
            "availability_zone": null,
            "availability_zone_hints": null,
            "block_device": [],
            "config_drive": null,
            "created": null,
            "flavor_id": "1ca7df79-ef71-4999-a4fa-500dee8970cb",
            "flavor_name": "m1.medium",
            "floating_ip": null,
            "force_delete": false,
            "id": "c2dd2403-2759-480d-8df0-6f9b553b0f04",
            "image_id": "b34c1867-728f-4d7b-839c-06c05a108088",
            "image_name": null,
            "key_pair": "iai_vm-cyberrange-host",
            "metadata": null,
            "name": "IT-Win-Share",
            "network": [
              {
                "access_network": true,
                "fixed_ip_v4": "10.0.1.20",
                "fixed_ip_v6": "",
                "floating_ip": "",
                "mac": "",
                "name": "IT-network",
                "port": "",
                "uuid": ""
              },
              {
                "access_network": true,
                "fixed_ip_v4": "10.0.2.20",
                "fixed_ip_v6": "",
                "floating_ip": "",
                "mac": "",
                "name": "OT-network",
                "port": "",
                "uuid": ""
              }
            ],
            "network_mode": null,
            "personality": [],
            "power_state": "active",
            "region": null,
            "scheduler_hints": [],
            "security_groups": [
              "4e27801c-5eb5-4bc5-8a87-14422b863fb9",
              "586dbd16-f5ed-47ba-82bd-e349e45cf92a",
              "ccf38e7c-bf62-4fb3-873d-652faec08f56",
              "default"
            ],
            "stop_before_destroy": false,
            "tags": null,
            "timeouts": null,
            "updated": null,
            "user_data": "c7a19417369ab47aff4bee5f7bced946db03ba29",
            "vendor_options": [],
            "volume": []
          },
          "sensitive_attributes": [
            [
              {
                "type": "get_attr",
                "value": "admin_pass"
              }
            ]
          ],
          "private": "eyJlMmJmYjczMC1lY2FhLTExZTYtOGY4OC0zNDM2M2JjN2M0YzAiOnsiY3JlYXRlIjoxODAwMDAwMDAwMDAwLCJkZWxldGUiOjE4MDAwMDAwMDAwMDAsInVwZGF0ZSI6MTgwMDAwMDAwMDAwMH19",
          "dependencies": [
            "data.openstack_compute_keypair_v2.default_keypair",
            "data.template_file.win_user_data_cloud_init",
            "openstack_compute_flavor_v2.it-win-share-flavor",
            "openstack_networking_network_v2.IT-network",
            "openstack_networking_network_v2.OT-network",
            "openstack_networking_secgroup_v2.secgroup_attack_range_internal",
            "openstack_networking_secgroup_v2.secgroup_splunk_universal_forwarder",
            "openstack_networking_secgroup_v2.secgroup_windows_remote"
          ]
        }
      ]
    },
    {
      "mode": "managed",
      "type": "openstack_compute_instance_v2",
      "name": "OT-PLC-Linux",
      "provider": "provider[\"registry.terraform.io/terraform-provider-openstack/openstack\"]",
      "instances": [
        {
          "status": "tainted",
          "schema_version": 0,
          "attributes": {
            "access_ip_v4": "10.0.2.17",
            "access_ip_v6": "",
            "admin_pass": null,
            "all_metadata": {},
            "all_tags": [],
            "availability_zone": "nova",
            "availability_zone_hints": null,
            "block_device": [],
            "config_drive": null,
            "created": "2024-09-12 14:16:14 +0000 UTC",
            "flavor_id": "2",
            "flavor_name": "m1.small",
            "floating_ip": null,
            "force_delete": false,
            "id": "cf581822-1dea-4aa5-afdd-320ebd8c4238",
            "image_id": "63688ae7-c167-41e5-80db-164ef5714eef",
            "image_name": "Debian 12 generic amd64 20240211-1654",
            "key_pair": "iai_vm-cyberrange-host",
            "metadata": null,
            "name": "OT-PLC-Linux",
            "network": [
              {
                "access_network": true,
                "fixed_ip_v4": "10.0.2.17",
                "fixed_ip_v6": "",
                "floating_ip": "",
                "mac": "fa:16:3e:be:cb:13",
                "name": "OT-network",
                "port": "",
                "uuid": "c1a00bce-7789-4f3c-9bf2-e67f3112a4d9"
              }
            ],
            "network_mode": null,
            "personality": [],
            "power_state": "active",
            "region": "RegionOne",
            "scheduler_hints": [],
            "security_groups": [
              "586dbd16-f5ed-47ba-82bd-e349e45cf92a",
              "default"
            ],
            "stop_before_destroy": false,
            "tags": null,
            "timeouts": null,
            "updated": "2024-09-12 14:16:17 +0000 UTC",
            "user_data": null,
            "vendor_options": [],
            "volume": []
          },
          "sensitive_attributes": [
            [
              {
                "type": "get_attr",
                "value": "admin_pass"
              }
            ]
          ],
          "private": "eyJlMmJmYjczMC1lY2FhLTExZTYtOGY4OC0zNDM2M2JjN2M0YzAiOnsiY3JlYXRlIjoxODAwMDAwMDAwMDAwLCJkZWxldGUiOjE4MDAwMDAwMDAwMDAsInVwZGF0ZSI6MTgwMDAwMDAwMDAwMH19",
          "dependencies": [
            "openstack_networking_floatingip_v2.floatip-access-proxy",
            "openstack_networking_network_v2.OT-network",
            "openstack_networking_secgroup_v2.secgroup_splunk_universal_forwarder"
          ]
        }
      ]
    },
    {
      "mode": "managed",
      "type": "openstack_compute_instance_v2",
      "name": "OT-Win-DC",
      "provider": "provider[\"registry.terraform.io/terraform-provider-openstack/openstack\"]",
      "instances": [
        {
          "status": "tainted",
          "schema_version": 0,
          "attributes": {
            "access_ip_v4": null,
            "access_ip_v6": null,
            "admin_pass": null,
            "all_metadata": null,
            "all_tags": [],
            "availability_zone": null,
            "availability_zone_hints": null,
            "block_device": [],
            "config_drive": null,
            "created": null,
            "flavor_id": null,
            "flavor_name": "m1.medium",
            "floating_ip": null,
            "force_delete": false,
            "id": "d715df72-fa62-485a-8b58-5eebb138c0fc",
            "image_id": "b34c1867-728f-4d7b-839c-06c05a108088",
            "image_name": null,
            "key_pair": "iai_vm-cyberrange-host",
            "metadata": null,
            "name": "OT-Win-DC",
            "network": [
              {
                "access_network": true,
                "fixed_ip_v4": "10.0.2.14",
                "fixed_ip_v6": "",
                "floating_ip": "",
                "mac": "",
                "name": "IT-network",
                "port": "",
                "uuid": ""
              }
            ],
            "network_mode": null,
            "personality": [],
            "power_state": "active",
            "region": null,
            "scheduler_hints": [],
            "security_groups": [
              "4e27801c-5eb5-4bc5-8a87-14422b863fb9",
              "586dbd16-f5ed-47ba-82bd-e349e45cf92a",
              "ccf38e7c-bf62-4fb3-873d-652faec08f56",
              "default"
            ],
            "stop_before_destroy": false,
            "tags": null,
            "timeouts": null,
            "updated": null,
            "user_data": "c7a19417369ab47aff4bee5f7bced946db03ba29",
            "vendor_options": [],
            "volume": []
          },
          "sensitive_attributes": [
            [
              {
                "type": "get_attr",
                "value": "admin_pass"
              }
            ]
          ],
          "private": "eyJlMmJmYjczMC1lY2FhLTExZTYtOGY4OC0zNDM2M2JjN2M0YzAiOnsiY3JlYXRlIjoxODAwMDAwMDAwMDAwLCJkZWxldGUiOjE4MDAwMDAwMDAwMDAsInVwZGF0ZSI6MTgwMDAwMDAwMDAwMH19",
          "dependencies": [
            "data.openstack_compute_keypair_v2.default_keypair",
            "data.template_file.win_user_data_cloud_init",
            "openstack_networking_network_v2.IT-network",
            "openstack_networking_secgroup_v2.secgroup_attack_range_internal",
            "openstack_networking_secgroup_v2.secgroup_splunk_universal_forwarder",
            "openstack_networking_secgroup_v2.secgroup_windows_remote"
          ]
        }
      ]
    },
    {
      "mode": "managed",
      "type": "openstack_compute_instance_v2",
      "name": "OT-Win-PC-1",
      "provider": "provider[\"registry.terraform.io/terraform-provider-openstack/openstack\"]",
      "instances": [
        {
          "status": "tainted",
          "schema_version": 0,
          "attributes": {
            "access_ip_v4": "10.0.2.15",
            "access_ip_v6": "",
            "admin_pass": null,
            "all_metadata": {},
            "all_tags": [],
            "availability_zone": "nova",
            "availability_zone_hints": null,
            "block_device": [],
            "config_drive": null,
            "created": "2024-09-12 14:16:02 +0000 UTC",
            "flavor_id": "3",
            "flavor_name": "m1.medium",
            "floating_ip": null,
            "force_delete": false,
            "id": "0ba4f1c4-fa5c-412b-81b6-9187adfed368",
            "image_id": "b34c1867-728f-4d7b-839c-06c05a108088",
            "image_name": "Windows Server 2019 Eval x86_64",
            "key_pair": "iai_vm-cyberrange-host",
            "metadata": null,
            "name": "OT-Win-PC-1",
            "network": [
              {
                "access_network": true,
                "fixed_ip_v4": "10.0.2.15",
                "fixed_ip_v6": "",
                "floating_ip": "",
                "mac": "fa:16:3e:28:95:0b",
                "name": "OT-network",
                "port": "",
                "uuid": "c1a00bce-7789-4f3c-9bf2-e67f3112a4d9"
              }
            ],
            "network_mode": null,
            "personality": [],
            "power_state": "active",
            "region": "RegionOne",
            "scheduler_hints": [],
            "security_groups": [
              "4e27801c-5eb5-4bc5-8a87-14422b863fb9",
              "ccf38e7c-bf62-4fb3-873d-652faec08f56",
              "default"
            ],
            "stop_before_destroy": false,
            "tags": null,
            "timeouts": null,
            "updated": "2024-09-12 14:16:05 +0000 UTC",
            "user_data": "c7a19417369ab47aff4bee5f7bced946db03ba29",
            "vendor_options": [],
            "volume": []
          },
          "sensitive_attributes": [
            [
              {
                "type": "get_attr",
                "value": "admin_pass"
              }
            ]
          ],
          "private": "eyJlMmJmYjczMC1lY2FhLTExZTYtOGY4OC0zNDM2M2JjN2M0YzAiOnsiY3JlYXRlIjoxODAwMDAwMDAwMDAwLCJkZWxldGUiOjE4MDAwMDAwMDAwMDAsInVwZGF0ZSI6MTgwMDAwMDAwMDAwMH19",
          "dependencies": [
            "data.openstack_compute_keypair_v2.default_keypair",
            "data.template_file.win_user_data_cloud_init",
            "openstack_networking_network_v2.OT-network",
            "openstack_networking_secgroup_v2.secgroup_attack_range_internal",
            "openstack_networking_secgroup_v2.secgroup_windows_remote"
          ]
        }
      ]
    },
    {
      "mode": "managed",
      "type": "openstack_compute_instance_v2",
      "name": "OT-Win-PC-2",
      "provider": "provider[\"registry.terraform.io/terraform-provider-openstack/openstack\"]",
      "instances": [
        {
          "status": "tainted",
          "schema_version": 0,
          "attributes": {
            "access_ip_v4": "10.0.2.18",
            "access_ip_v6": "",
            "admin_pass": null,
            "all_metadata": {},
            "all_tags": [],
            "availability_zone": "nova",
            "availability_zone_hints": null,
            "block_device": [],
            "config_drive": null,
            "created": "2024-09-12 14:16:02 +0000 UTC",
            "flavor_id": "3",
            "flavor_name": "m1.medium",
            "floating_ip": null,
            "force_delete": false,
            "id": "6708f8e7-2e93-43cc-b8a9-63dd314a45ce",
            "image_id": "b34c1867-728f-4d7b-839c-06c05a108088",
            "image_name": "Windows Server 2019 Eval x86_64",
            "key_pair": "iai_vm-cyberrange-host",
            "metadata": null,
            "name": "OT-Win-PC-2",
            "network": [
              {
                "access_network": true,
                "fixed_ip_v4": "10.0.2.18",
                "fixed_ip_v6": "",
                "floating_ip": "",
                "mac": "fa:16:3e:1f:66:bf",
                "name": "OT-network",
                "port": "",
                "uuid": "c1a00bce-7789-4f3c-9bf2-e67f3112a4d9"
              }
            ],
            "network_mode": null,
            "personality": [],
            "power_state": "active",
            "region": "RegionOne",
            "scheduler_hints": [],
            "security_groups": [
              "4e27801c-5eb5-4bc5-8a87-14422b863fb9",
              "ccf38e7c-bf62-4fb3-873d-652faec08f56",
              "default"
            ],
            "stop_before_destroy": false,
            "tags": null,
            "timeouts": null,
            "updated": "2024-09-12 14:16:07 +0000 UTC",
            "user_data": "c7a19417369ab47aff4bee5f7bced946db03ba29",
            "vendor_options": [],
            "volume": []
          },
          "sensitive_attributes": [
            [
              {
                "type": "get_attr",
                "value": "admin_pass"
              }
            ]
          ],
          "private": "eyJlMmJmYjczMC1lY2FhLTExZTYtOGY4OC0zNDM2M2JjN2M0YzAiOnsiY3JlYXRlIjoxODAwMDAwMDAwMDAwLCJkZWxldGUiOjE4MDAwMDAwMDAwMDAsInVwZGF0ZSI6MTgwMDAwMDAwMDAwMH19",
          "dependencies": [
            "data.openstack_compute_keypair_v2.default_keypair",
            "data.template_file.win_user_data_cloud_init",
            "openstack_networking_network_v2.OT-network",
            "openstack_networking_secgroup_v2.secgroup_attack_range_internal",
            "openstack_networking_secgroup_v2.secgroup_windows_remote"
          ]
        }
      ]
    },
    {
      "mode": "managed",
      "type": "openstack_compute_instance_v2",
      "name": "access-proxy",
      "provider": "provider[\"registry.terraform.io/terraform-provider-openstack/openstack\"]",
      "instances": [
        {
          "status": "tainted",
          "schema_version": 0,
          "attributes": {
            "access_ip_v4": "10.0.1.5",
            "access_ip_v6": "",
            "admin_pass": null,
            "all_metadata": {},
            "all_tags": [],
            "availability_zone": "nova",
            "availability_zone_hints": null,
            "block_device": [],
            "config_drive": null,
            "created": "2024-09-12 14:16:21 +0000 UTC",
            "flavor_id": "a3e2857f-4383-40c6-a705-c6c473ab1d76",
            "flavor_name": "proxy-flavor",
            "floating_ip": null,
            "force_delete": false,
            "id": "047881e1-8627-487f-bda5-367c29d1dac5",
            "image_id": "63688ae7-c167-41e5-80db-164ef5714eef",
            "image_name": "Debian 12 generic amd64 20240211-1654",
            "key_pair": "iai_vm-cyberrange-host",
            "metadata": null,
            "name": "attack_range-access-proxy",
            "network": [
              {
                "access_network": true,
                "fixed_ip_v4": "10.0.1.5",
                "fixed_ip_v6": "",
                "floating_ip": "",
                "mac": "fa:16:3e:8e:f4:fe",
                "name": "IT-network",
                "port": "965d822e-5334-4c87-9030-7bdd0eceab5d",
                "uuid": "1d8b6ce0-0394-47b6-88b5-57da0e6ad7ce"
              }
            ],
            "network_mode": null,
            "personality": [],
            "power_state": "active",
            "region": "RegionOne",
            "scheduler_hints": [],
            "security_groups": [
              "default",
              "ff42255a-9080-48d0-90d2-bb8cd2b3035b"
            ],
            "stop_before_destroy": false,
            "tags": null,
            "timeouts": null,
            "updated": "2024-09-12 14:16:25 +0000 UTC",
            "user_data": null,
            "vendor_options": [],
            "volume": []
          },
          "sensitive_attributes": [
            [
              {
                "type": "get_attr",
                "value": "admin_pass"
              }
            ]
          ],
          "private": "eyJlMmJmYjczMC1lY2FhLTExZTYtOGY4OC0zNDM2M2JjN2M0YzAiOnsiY3JlYXRlIjoxODAwMDAwMDAwMDAwLCJkZWxldGUiOjE4MDAwMDAwMDAwMDAsInVwZGF0ZSI6MTgwMDAwMDAwMDAwMH19",
          "dependencies": [
            "data.openstack_images_image_v2.debian12",
            "openstack_compute_flavor_v2.proxy-flavor",
            "openstack_networking_floatingip_v2.floatip-access-proxy",
            "openstack_networking_network_v2.IT-network",
            "openstack_networking_port_v2.IT-network-access-proxy-port",
            "openstack_networking_secgroup_v2.secgroup_access-proxy",
            "openstack_networking_subnet_v2.IT-subnet"
          ]
        }
      ]
    },
    {
      "mode": "managed",
      "type": "openstack_networking_floatingip_associate_v2",
      "name": "floatingip-access-proxy",
      "provider": "provider[\"registry.terraform.io/terraform-provider-openstack/openstack\"]",
      "instances": [
        {
          "schema_version": 0,
          "attributes": {
            "fixed_ip": "10.0.1.5",
            "floating_ip": "10.1.2.164",
            "id": "c1f83891-639a-48bb-a976-d9b3368f34a5",
            "port_id": "965d822e-5334-4c87-9030-7bdd0eceab5d",
            "region": "RegionOne"
          },
          "sensitive_attributes": [],
          "private": "bnVsbA==",
          "dependencies": [
            "openstack_networking_floatingip_v2.floatip-access-proxy",
            "openstack_networking_network_v2.IT-network",
            "openstack_networking_port_v2.IT-network-access-proxy-port",
            "openstack_networking_subnet_v2.IT-subnet"
          ]
        }
      ]
    },
    {
      "mode": "managed",
      "type": "openstack_networking_floatingip_v2",
      "name": "floatip-access-proxy",
      "provider": "provider[\"registry.terraform.io/terraform-provider-openstack/openstack\"]",
      "instances": [
        {
          "schema_version": 0,
          "attributes": {
            "address": "10.1.2.164",
            "all_tags": [],
            "description": "",
            "dns_domain": "",
            "dns_name": "",
            "fixed_ip": "",
            "id": "c1f83891-639a-48bb-a976-d9b3368f34a5",
            "pool": "public",
            "port_id": "",
            "region": "RegionOne",
            "subnet_id": null,
            "subnet_ids": null,
            "tags": null,
            "tenant_id": "65e52ade32d74c699bef395584d2c91c",
            "timeouts": null,
            "value_specs": null
          },
          "sensitive_attributes": [],
          "private": "eyJlMmJmYjczMC1lY2FhLTExZTYtOGY4OC0zNDM2M2JjN2M0YzAiOnsiY3JlYXRlIjo2MDAwMDAwMDAwMDAsImRlbGV0ZSI6NjAwMDAwMDAwMDAwfX0="
        }
      ]
    },
    {
      "mode": "managed",
      "type": "openstack_networking_floatingip_v2",
      "name": "floatip_1",
      "provider": "provider[\"registry.terraform.io/terraform-provider-openstack/openstack\"]",
      "instances": [
        {
          "schema_version": 0,
          "attributes": {
            "address": "10.1.2.190",
            "all_tags": [],
            "description": "",
            "dns_domain": "",
            "dns_name": "",
            "fixed_ip": "",
            "id": "a77391e9-f6ea-4118-98a3-ad999be64e47",
            "pool": "public",
            "port_id": "",
            "region": "RegionOne",
            "subnet_id": null,
            "subnet_ids": null,
            "tags": null,
            "tenant_id": "65e52ade32d74c699bef395584d2c91c",
            "timeouts": null,
            "value_specs": null
          },
          "sensitive_attributes": [],
          "private": "eyJlMmJmYjczMC1lY2FhLTExZTYtOGY4OC0zNDM2M2JjN2M0YzAiOnsiY3JlYXRlIjo2MDAwMDAwMDAwMDAsImRlbGV0ZSI6NjAwMDAwMDAwMDAwfX0="
        }
      ]
    },
    {
      "mode": "managed",
      "type": "openstack_networking_floatingip_v2",
      "name": "floatip_2",
      "provider": "provider[\"registry.terraform.io/terraform-provider-openstack/openstack\"]",
      "instances": [
        {
          "schema_version": 0,
          "attributes": {
            "address": "10.1.2.162",
            "all_tags": [],
            "description": "",
            "dns_domain": "",
            "dns_name": "",
            "fixed_ip": "",
            "id": "55983b3d-3c3c-4f7e-a664-d45c0959b452",
            "pool": "public",
            "port_id": "",
            "region": "RegionOne",
            "subnet_id": null,
            "subnet_ids": null,
            "tags": null,
            "tenant_id": "65e52ade32d74c699bef395584d2c91c",
            "timeouts": null,
            "value_specs": null
          },
          "sensitive_attributes": [],
          "private": "eyJlMmJmYjczMC1lY2FhLTExZTYtOGY4OC0zNDM2M2JjN2M0YzAiOnsiY3JlYXRlIjo2MDAwMDAwMDAwMDAsImRlbGV0ZSI6NjAwMDAwMDAwMDAwfX0="
        }
      ]
    },
    {
      "mode": "managed",
      "type": "openstack_networking_network_v2",
      "name": "APT-network",
      "provider": "provider[\"registry.terraform.io/terraform-provider-openstack/openstack\"]",
      "instances": [
        {
          "schema_version": 0,
          "attributes": {
            "admin_state_up": true,
            "all_tags": [],
            "availability_zone_hints": [],
            "description": "",
            "dns_domain": "",
            "external": false,
            "id": "6ddf9a00-be06-41ae-aaf0-0ad87d092dff",
            "mtu": 1450,
            "name": "APT-network",
            "port_security_enabled": true,
            "qos_policy_id": "",
            "region": "RegionOne",
            "segments": [
              {
                "network_type": "vxlan",
                "physical_network": "",
                "segmentation_id": 560
              }
            ],
            "shared": false,
            "tags": null,
            "tenant_id": "65e52ade32d74c699bef395584d2c91c",
            "timeouts": null,
            "transparent_vlan": false,
            "value_specs": null
          },
          "sensitive_attributes": [],
          "private": "eyJlMmJmYjczMC1lY2FhLTExZTYtOGY4OC0zNDM2M2JjN2M0YzAiOnsiY3JlYXRlIjo2MDAwMDAwMDAwMDAsImRlbGV0ZSI6NjAwMDAwMDAwMDAwfX0="
        }
      ]
    },
    {
      "mode": "managed",
      "type": "openstack_networking_network_v2",
      "name": "IT-network",
      "provider": "provider[\"registry.terraform.io/terraform-provider-openstack/openstack\"]",
      "instances": [
        {
          "schema_version": 0,
          "attributes": {
            "admin_state_up": true,
            "all_tags": [],
            "availability_zone_hints": [],
            "description": "",
            "dns_domain": "",
            "external": false,
            "id": "1d8b6ce0-0394-47b6-88b5-57da0e6ad7ce",
            "mtu": 1450,
            "name": "IT-network",
            "port_security_enabled": true,
            "qos_policy_id": "",
            "region": "RegionOne",
            "segments": [
              {
                "network_type": "vxlan",
                "physical_network": "",
                "segmentation_id": 672
              }
            ],
            "shared": false,
            "tags": null,
            "tenant_id": "65e52ade32d74c699bef395584d2c91c",
            "timeouts": null,
            "transparent_vlan": false,
            "value_specs": null
          },
          "sensitive_attributes": [],
          "private": "eyJlMmJmYjczMC1lY2FhLTExZTYtOGY4OC0zNDM2M2JjN2M0YzAiOnsiY3JlYXRlIjo2MDAwMDAwMDAwMDAsImRlbGV0ZSI6NjAwMDAwMDAwMDAwfX0="
        }
      ]
    },
    {
      "mode": "managed",
      "type": "openstack_networking_network_v2",
      "name": "OT-network",
      "provider": "provider[\"registry.terraform.io/terraform-provider-openstack/openstack\"]",
      "instances": [
        {
          "schema_version": 0,
          "attributes": {
            "admin_state_up": true,
            "all_tags": [],
            "availability_zone_hints": [],
            "description": "",
            "dns_domain": "",
            "external": false,
            "id": "c1a00bce-7789-4f3c-9bf2-e67f3112a4d9",
            "mtu": 1450,
            "name": "OT-network",
            "port_security_enabled": true,
            "qos_policy_id": "",
            "region": "RegionOne",
            "segments": [
              {
                "network_type": "vxlan",
                "physical_network": "",
                "segmentation_id": 651
              }
            ],
            "shared": false,
            "tags": null,
            "tenant_id": "65e52ade32d74c699bef395584d2c91c",
            "timeouts": null,
            "transparent_vlan": false,
            "value_specs": null
          },
          "sensitive_attributes": [],
          "private": "eyJlMmJmYjczMC1lY2FhLTExZTYtOGY4OC0zNDM2M2JjN2M0YzAiOnsiY3JlYXRlIjo2MDAwMDAwMDAwMDAsImRlbGV0ZSI6NjAwMDAwMDAwMDAwfX0="
        }
      ]
    },
    {
      "mode": "managed",
      "type": "openstack_networking_port_v2",
      "name": "IT-network-access-proxy-port",
      "provider": "provider[\"registry.terraform.io/terraform-provider-openstack/openstack\"]",
      "instances": [
        {
          "schema_version": 0,
          "attributes": {
            "admin_state_up": true,
            "all_fixed_ips": [
              "10.0.1.5"
            ],
            "all_security_group_ids": [
              "38d7ce0c-1663-4c9a-a501-4dca6fc085bd"
            ],
            "all_tags": [],
            "allowed_address_pairs": [],
            "binding": [
              {
                "host_id": "",
                "profile": "{}",
                "vif_details": {},
                "vif_type": "unbound",
                "vnic_type": "normal"
              }
            ],
            "description": "",
            "device_id": "",
            "device_owner": "",
            "dns_assignment": [],
            "dns_name": "",
            "extra_dhcp_option": [],
            "fixed_ip": [
              {
                "ip_address": "10.0.1.5",
                "subnet_id": "aee847cf-b5c6-48fe-8c79-1f75043266dd"
              }
            ],
            "id": "965d822e-5334-4c87-9030-7bdd0eceab5d",
            "mac_address": "fa:16:3e:8e:f4:fe",
            "name": "access-proxy-port",
            "network_id": "1d8b6ce0-0394-47b6-88b5-57da0e6ad7ce",
            "no_fixed_ip": null,
            "no_security_groups": null,
            "port_security_enabled": true,
            "qos_policy_id": "",
            "region": "RegionOne",
            "security_group_ids": null,
            "tags": null,
            "tenant_id": "65e52ade32d74c699bef395584d2c91c",
            "timeouts": null,
            "value_specs": null
          },
          "sensitive_attributes": [],
          "private": "eyJlMmJmYjczMC1lY2FhLTExZTYtOGY4OC0zNDM2M2JjN2M0YzAiOnsiY3JlYXRlIjo2MDAwMDAwMDAwMDAsImRlbGV0ZSI6NjAwMDAwMDAwMDAwfX0=",
          "dependencies": [
            "openstack_networking_network_v2.IT-network",
            "openstack_networking_subnet_v2.IT-subnet"
          ]
        }
      ]
    },
    {
      "mode": "managed",
      "type": "openstack_networking_port_v2",
      "name": "IT-network-port_1",
      "provider": "provider[\"registry.terraform.io/terraform-provider-openstack/openstack\"]",
      "instances": [
        {
          "schema_version": 0,
          "attributes": {
            "admin_state_up": true,
            "all_fixed_ips": [
              "10.0.1.12"
            ],
            "all_security_group_ids": [
              "38d7ce0c-1663-4c9a-a501-4dca6fc085bd"
            ],
            "all_tags": [],
            "allowed_address_pairs": [],
            "binding": [
              {
                "host_id": "",
                "profile": "{}",
                "vif_details": {},
                "vif_type": "unbound",
                "vnic_type": "normal"
              }
            ],
            "description": "",
            "device_id": "",
            "device_owner": "",
            "dns_assignment": [],
            "dns_name": "",
            "extra_dhcp_option": [],
            "fixed_ip": [
              {
                "ip_address": "10.0.1.12",
                "subnet_id": "aee847cf-b5c6-48fe-8c79-1f75043266dd"
              }
            ],
            "id": "5451b6f4-45e1-435b-9a94-bcc3dfac720e",
            "mac_address": "fa:16:3e:72:3e:57",
            "name": "port_1",
            "network_id": "1d8b6ce0-0394-47b6-88b5-57da0e6ad7ce",
            "no_fixed_ip": null,
            "no_security_groups": null,
            "port_security_enabled": true,
            "qos_policy_id": "",
            "region": "RegionOne",
            "security_group_ids": null,
            "tags": null,
            "tenant_id": "65e52ade32d74c699bef395584d2c91c",
            "timeouts": null,
            "value_specs": null
          },
          "sensitive_attributes": [],
          "private": "eyJlMmJmYjczMC1lY2FhLTExZTYtOGY4OC0zNDM2M2JjN2M0YzAiOnsiY3JlYXRlIjo2MDAwMDAwMDAwMDAsImRlbGV0ZSI6NjAwMDAwMDAwMDAwfX0=",
          "dependencies": [
            "openstack_networking_network_v2.IT-network",
            "openstack_networking_subnet_v2.IT-subnet"
          ]
        }
      ]
    },
    {
      "mode": "managed",
      "type": "openstack_networking_port_v2",
      "name": "OT-network-port_1",
      "provider": "provider[\"registry.terraform.io/terraform-provider-openstack/openstack\"]",
      "instances": [
        {
          "schema_version": 0,
          "attributes": {
            "admin_state_up": true,
            "all_fixed_ips": [
              "10.0.2.12"
            ],
            "all_security_group_ids": [
              "38d7ce0c-1663-4c9a-a501-4dca6fc085bd"
            ],
            "all_tags": [],
            "allowed_address_pairs": [],
            "binding": [
              {
                "host_id": "",
                "profile": "{}",
                "vif_details": {},
                "vif_type": "unbound",
                "vnic_type": "normal"
              }
            ],
            "description": "",
            "device_id": "",
            "device_owner": "",
            "dns_assignment": [],
            "dns_name": "",
            "extra_dhcp_option": [],
            "fixed_ip": [
              {
                "ip_address": "10.0.2.12",
                "subnet_id": "5689e34b-cac6-4719-bb1b-1cd9b94e43d4"
              }
            ],
            "id": "4203bdf7-556e-4e29-a562-4dc3b4dfed83",
            "mac_address": "fa:16:3e:d5:86:78",
            "name": "port_1",
            "network_id": "c1a00bce-7789-4f3c-9bf2-e67f3112a4d9",
            "no_fixed_ip": null,
            "no_security_groups": null,
            "port_security_enabled": true,
            "qos_policy_id": "",
            "region": "RegionOne",
            "security_group_ids": null,
            "tags": null,
            "tenant_id": "65e52ade32d74c699bef395584d2c91c",
            "timeouts": null,
            "value_specs": null
          },
          "sensitive_attributes": [],
          "private": "eyJlMmJmYjczMC1lY2FhLTExZTYtOGY4OC0zNDM2M2JjN2M0YzAiOnsiY3JlYXRlIjo2MDAwMDAwMDAwMDAsImRlbGV0ZSI6NjAwMDAwMDAwMDAwfX0=",
          "dependencies": [
            "openstack_networking_network_v2.OT-network",
            "openstack_networking_subnet_v2.OT-subnet"
          ]
        }
      ]
    },
    {
      "mode": "managed",
      "type": "openstack_networking_router_interface_v2",
      "name": "router_interface_1",
      "provider": "provider[\"registry.terraform.io/terraform-provider-openstack/openstack\"]",
      "instances": [
        {
          "schema_version": 0,
          "attributes": {
            "force_destroy": false,
            "id": "c10e8644-efb8-4b0c-9a30-06e9827f76fd",
            "port_id": "c10e8644-efb8-4b0c-9a30-06e9827f76fd",
            "region": "RegionOne",
            "router_id": "46bf675b-d045-4d5d-8463-4d437d88a615",
            "subnet_id": "aee847cf-b5c6-48fe-8c79-1f75043266dd",
            "timeouts": null
          },
          "sensitive_attributes": [],
          "private": "eyJlMmJmYjczMC1lY2FhLTExZTYtOGY4OC0zNDM2M2JjN2M0YzAiOnsiY3JlYXRlIjo2MDAwMDAwMDAwMDAsImRlbGV0ZSI6NjAwMDAwMDAwMDAwfX0=",
          "dependencies": [
            "openstack_networking_network_v2.IT-network",
            "openstack_networking_router_v2.IT_router",
            "openstack_networking_subnet_v2.IT-subnet"
          ]
        }
      ]
    },
    {
      "mode": "managed",
      "type": "openstack_networking_router_interface_v2",
      "name": "router_interface_2",
      "provider": "provider[\"registry.terraform.io/terraform-provider-openstack/openstack\"]",
      "instances": [
        {
          "schema_version": 0,
          "attributes": {
            "force_destroy": false,
            "id": "7b5a2000-abbb-4b84-bf50-2284e05294ed",
            "port_id": "7b5a2000-abbb-4b84-bf50-2284e05294ed",
            "region": "RegionOne",
            "router_id": "46bf675b-d045-4d5d-8463-4d437d88a615",
            "subnet_id": "5689e34b-cac6-4719-bb1b-1cd9b94e43d4",
            "timeouts": null
          },
          "sensitive_attributes": [],
          "private": "eyJlMmJmYjczMC1lY2FhLTExZTYtOGY4OC0zNDM2M2JjN2M0YzAiOnsiY3JlYXRlIjo2MDAwMDAwMDAwMDAsImRlbGV0ZSI6NjAwMDAwMDAwMDAwfX0=",
          "dependencies": [
            "openstack_networking_network_v2.OT-network",
            "openstack_networking_router_v2.IT_router",
            "openstack_networking_subnet_v2.OT-subnet"
          ]
        }
      ]
    },
    {
      "mode": "managed",
      "type": "openstack_networking_router_interface_v2",
      "name": "router_interface_3",
      "provider": "provider[\"registry.terraform.io/terraform-provider-openstack/openstack\"]",
      "instances": [
        {
          "schema_version": 0,
          "attributes": {
            "force_destroy": false,
            "id": "20bcb923-2de4-4a48-bda7-285304499eb3",
            "port_id": "20bcb923-2de4-4a48-bda7-285304499eb3",
            "region": "RegionOne",
            "router_id": "34b1a341-59da-4a93-9788-e2c740a76483",
            "subnet_id": "dfd923f8-ead8-4956-b544-45dd234bbc88",
            "timeouts": null
          },
          "sensitive_attributes": [],
          "private": "eyJlMmJmYjczMC1lY2FhLTExZTYtOGY4OC0zNDM2M2JjN2M0YzAiOnsiY3JlYXRlIjo2MDAwMDAwMDAwMDAsImRlbGV0ZSI6NjAwMDAwMDAwMDAwfX0=",
          "dependencies": [
            "openstack_networking_network_v2.APT-network",
            "openstack_networking_router_v2.APT_router",
            "openstack_networking_subnet_v2.APT-subnet"
          ]
        }
      ]
    },
    {
      "mode": "managed",
      "type": "openstack_networking_router_v2",
      "name": "APT_router",
      "provider": "provider[\"registry.terraform.io/terraform-provider-openstack/openstack\"]",
      "instances": [
        {
          "schema_version": 0,
          "attributes": {
            "admin_state_up": true,
            "all_tags": [],
            "availability_zone_hints": [],
            "description": "",
            "distributed": false,
            "enable_snat": true,
            "external_fixed_ip": [
              {
                "ip_address": "10.1.2.188",
                "subnet_id": "e414dbaa-8a72-4d4d-8a4a-db68ef622950"
              }
            ],
            "external_gateway": "b4def106-3c27-4de8-9848-434dacf07ba3",
            "external_network_id": "b4def106-3c27-4de8-9848-434dacf07ba3",
            "external_subnet_ids": null,
            "id": "34b1a341-59da-4a93-9788-e2c740a76483",
            "name": "APT_router",
            "region": "RegionOne",
            "tags": null,
            "tenant_id": "65e52ade32d74c699bef395584d2c91c",
            "timeouts": null,
            "value_specs": null,
            "vendor_options": []
          },
          "sensitive_attributes": [],
          "private": "eyJlMmJmYjczMC1lY2FhLTExZTYtOGY4OC0zNDM2M2JjN2M0YzAiOnsiY3JlYXRlIjo2MDAwMDAwMDAwMDAsImRlbGV0ZSI6NjAwMDAwMDAwMDAwfX0="
        }
      ]
    },
    {
      "mode": "managed",
      "type": "openstack_networking_router_v2",
      "name": "IT_router",
      "provider": "provider[\"registry.terraform.io/terraform-provider-openstack/openstack\"]",
      "instances": [
        {
          "schema_version": 0,
          "attributes": {
            "admin_state_up": true,
            "all_tags": [],
            "availability_zone_hints": [],
            "description": "",
            "distributed": false,
            "enable_snat": true,
            "external_fixed_ip": [
              {
                "ip_address": "10.1.2.159",
                "subnet_id": "e414dbaa-8a72-4d4d-8a4a-db68ef622950"
              }
            ],
            "external_gateway": "b4def106-3c27-4de8-9848-434dacf07ba3",
            "external_network_id": "b4def106-3c27-4de8-9848-434dacf07ba3",
            "external_subnet_ids": null,
            "id": "46bf675b-d045-4d5d-8463-4d437d88a615",
            "name": "IT_router",
            "region": "RegionOne",
            "tags": null,
            "tenant_id": "65e52ade32d74c699bef395584d2c91c",
            "timeouts": null,
            "value_specs": null,
            "vendor_options": []
          },
          "sensitive_attributes": [],
          "private": "eyJlMmJmYjczMC1lY2FhLTExZTYtOGY4OC0zNDM2M2JjN2M0YzAiOnsiY3JlYXRlIjo2MDAwMDAwMDAwMDAsImRlbGV0ZSI6NjAwMDAwMDAwMDAwfX0="
        }
      ]
    },
    {
      "mode": "managed",
      "type": "openstack_networking_secgroup_rule_v2",
      "name": "anyv6ingress",
      "provider": "provider[\"registry.terraform.io/terraform-provider-openstack/openstack\"]",
      "instances": [
        {
          "schema_version": 0,
          "attributes": {
            "description": "",
            "direction": "ingress",
            "ethertype": "IPv6",
            "id": "cf86ccf6-1401-4bfa-b20a-c6ce5e1701e3",
            "port_range_max": 0,
            "port_range_min": 0,
            "protocol": "",
            "region": "RegionOne",
            "remote_group_id": "",
            "remote_ip_prefix": "::/0",
            "security_group_id": "ccf38e7c-bf62-4fb3-873d-652faec08f56",
            "tenant_id": "65e52ade32d74c699bef395584d2c91c",
            "timeouts": null
          },
          "sensitive_attributes": [],
          "private": "eyJlMmJmYjczMC1lY2FhLTExZTYtOGY4OC0zNDM2M2JjN2M0YzAiOnsiZGVsZXRlIjo2MDAwMDAwMDAwMDB9fQ==",
          "dependencies": [
            "openstack_networking_secgroup_v2.secgroup_windows_remote"
          ]
        }
      ]
    },
    {
      "mode": "managed",
      "type": "openstack_networking_secgroup_rule_v2",
      "name": "anyvingress",
      "provider": "provider[\"registry.terraform.io/terraform-provider-openstack/openstack\"]",
      "instances": [
        {
          "schema_version": 0,
          "attributes": {
            "description": "",
            "direction": "ingress",
            "ethertype": "IPv4",
            "id": "67699250-781c-45e9-b77c-db99994b29f4",
            "port_range_max": 0,
            "port_range_min": 0,
            "protocol": "",
            "region": "RegionOne",
            "remote_group_id": "",
            "remote_ip_prefix": "0.0.0.0/0",
            "security_group_id": "ccf38e7c-bf62-4fb3-873d-652faec08f56",
            "tenant_id": "65e52ade32d74c699bef395584d2c91c",
            "timeouts": null
          },
          "sensitive_attributes": [],
          "private": "eyJlMmJmYjczMC1lY2FhLTExZTYtOGY4OC0zNDM2M2JjN2M0YzAiOnsiZGVsZXRlIjo2MDAwMDAwMDAwMDB9fQ==",
          "dependencies": [
            "openstack_networking_secgroup_v2.secgroup_windows_remote"
          ]
        }
      ]
    },
    {
      "mode": "managed",
      "type": "openstack_networking_secgroup_rule_v2",
      "name": "rdp",
      "provider": "provider[\"registry.terraform.io/terraform-provider-openstack/openstack\"]",
      "instances": [
        {
          "schema_version": 0,
          "attributes": {
            "description": "",
            "direction": "ingress",
            "ethertype": "IPv4",
            "id": "3a765086-fec2-45ed-b6f2-3e539a34cf92",
            "port_range_max": 3389,
            "port_range_min": 3389,
            "protocol": "tcp",
            "region": "RegionOne",
            "remote_group_id": "",
            "remote_ip_prefix": "0.0.0.0/0",
            "security_group_id": "ccf38e7c-bf62-4fb3-873d-652faec08f56",
            "tenant_id": "65e52ade32d74c699bef395584d2c91c",
            "timeouts": null
          },
          "sensitive_attributes": [],
          "private": "eyJlMmJmYjczMC1lY2FhLTExZTYtOGY4OC0zNDM2M2JjN2M0YzAiOnsiZGVsZXRlIjo2MDAwMDAwMDAwMDB9fQ==",
          "dependencies": [
            "openstack_networking_secgroup_v2.secgroup_windows_remote"
          ]
        }
      ]
    },
    {
      "mode": "managed",
      "type": "openstack_networking_secgroup_rule_v2",
      "name": "secgroup_access-proxy_smb",
      "provider": "provider[\"registry.terraform.io/terraform-provider-openstack/openstack\"]",
      "instances": [
        {
          "schema_version": 0,
          "attributes": {
            "description": "",
            "direction": "ingress",
            "ethertype": "IPv4",
            "id": "edba024e-a80b-4b62-9e5d-cfb9e0963980",
            "port_range_max": 445,
            "port_range_min": 445,
            "protocol": "tcp",
            "region": "RegionOne",
            "remote_group_id": "",
            "remote_ip_prefix": "10.0.1.0/24",
            "security_group_id": "ff42255a-9080-48d0-90d2-bb8cd2b3035b",
            "tenant_id": "65e52ade32d74c699bef395584d2c91c",
            "timeouts": null
          },
          "sensitive_attributes": [],
          "private": "eyJlMmJmYjczMC1lY2FhLTExZTYtOGY4OC0zNDM2M2JjN2M0YzAiOnsiZGVsZXRlIjo2MDAwMDAwMDAwMDB9fQ==",
          "dependencies": [
            "openstack_networking_secgroup_v2.secgroup_access-proxy"
          ]
        }
      ]
    },
    {
      "mode": "managed",
      "type": "openstack_networking_secgroup_rule_v2",
      "name": "secgroup_access-proxy_socks",
      "provider": "provider[\"registry.terraform.io/terraform-provider-openstack/openstack\"]",
      "instances": [
        {
          "schema_version": 0,
          "attributes": {
            "description": "",
            "direction": "ingress",
            "ethertype": "IPv4",
            "id": "6aa9ffcd-d5bb-4a0f-8e39-e9ef13220727",
            "port_range_max": 1080,
            "port_range_min": 1080,
            "protocol": "tcp",
            "region": "RegionOne",
            "remote_group_id": "",
            "remote_ip_prefix": "10.1.2.0/24",
            "security_group_id": "ff42255a-9080-48d0-90d2-bb8cd2b3035b",
            "tenant_id": "65e52ade32d74c699bef395584d2c91c",
            "timeouts": null
          },
          "sensitive_attributes": [],
          "private": "eyJlMmJmYjczMC1lY2FhLTExZTYtOGY4OC0zNDM2M2JjN2M0YzAiOnsiZGVsZXRlIjo2MDAwMDAwMDAwMDB9fQ==",
          "dependencies": [
            "openstack_networking_secgroup_v2.secgroup_access-proxy"
          ]
        }
      ]
    },
    {
      "mode": "managed",
      "type": "openstack_networking_secgroup_rule_v2",
      "name": "secgroup_rule_ipv4_ingress",
      "provider": "provider[\"registry.terraform.io/terraform-provider-openstack/openstack\"]",
      "instances": [
        {
          "schema_version": 0,
          "attributes": {
            "description": "",
            "direction": "ingress",
            "ethertype": "IPv4",
            "id": "d8c56d00-5f78-4f47-a537-4cc1c5a28c3a",
            "port_range_max": 0,
            "port_range_min": 0,
            "protocol": "",
            "region": "RegionOne",
            "remote_group_id": "",
            "remote_ip_prefix": "0.0.0.0/0",
            "security_group_id": "4e27801c-5eb5-4bc5-8a87-14422b863fb9",
            "tenant_id": "65e52ade32d74c699bef395584d2c91c",
            "timeouts": null
          },
          "sensitive_attributes": [],
          "private": "eyJlMmJmYjczMC1lY2FhLTExZTYtOGY4OC0zNDM2M2JjN2M0YzAiOnsiZGVsZXRlIjo2MDAwMDAwMDAwMDB9fQ==",
          "dependencies": [
            "openstack_networking_secgroup_v2.secgroup_attack_range_internal"
          ]
        }
      ]
    },
    {
      "mode": "managed",
      "type": "openstack_networking_secgroup_rule_v2",
      "name": "secgroup_rule_ipv6_ingress",
      "provider": "provider[\"registry.terraform.io/terraform-provider-openstack/openstack\"]",
      "instances": [
        {
          "schema_version": 0,
          "attributes": {
            "description": "",
            "direction": "ingress",
            "ethertype": "IPv6",
            "id": "cc119941-c5a4-4bd0-a72f-980a5c5845c9",
            "port_range_max": 0,
            "port_range_min": 0,
            "protocol": "",
            "region": "RegionOne",
            "remote_group_id": "",
            "remote_ip_prefix": "::/0",
            "security_group_id": "4e27801c-5eb5-4bc5-8a87-14422b863fb9",
            "tenant_id": "65e52ade32d74c699bef395584d2c91c",
            "timeouts": null
          },
          "sensitive_attributes": [],
          "private": "eyJlMmJmYjczMC1lY2FhLTExZTYtOGY4OC0zNDM2M2JjN2M0YzAiOnsiZGVsZXRlIjo2MDAwMDAwMDAwMDB9fQ==",
          "dependencies": [
            "openstack_networking_secgroup_v2.secgroup_attack_range_internal"
          ]
        }
      ]
    },
    {
      "mode": "managed",
      "type": "openstack_networking_secgroup_rule_v2",
      "name": "splunk_server",
      "provider": "provider[\"registry.terraform.io/terraform-provider-openstack/openstack\"]",
      "instances": [
        {
          "schema_version": 0,
          "attributes": {
            "description": "",
            "direction": "ingress",
            "ethertype": "IPv4",
            "id": "b6dbf5fe-ac5d-4072-beff-5c084a00f649",
            "port_range_max": 8089,
            "port_range_min": 8089,
            "protocol": "tcp",
            "region": "RegionOne",
            "remote_group_id": "",
            "remote_ip_prefix": "0.0.0.0/0",
            "security_group_id": "33708a99-6410-4e46-b224-8c720ef2546d",
            "tenant_id": "65e52ade32d74c699bef395584d2c91c",
            "timeouts": null
          },
          "sensitive_attributes": [],
          "private": "eyJlMmJmYjczMC1lY2FhLTExZTYtOGY4OC0zNDM2M2JjN2M0YzAiOnsiZGVsZXRlIjo2MDAwMDAwMDAwMDB9fQ==",
          "dependencies": [
            "openstack_networking_secgroup_v2.secgroup_splunk_server"
          ]
        }
      ]
    },
    {
      "mode": "managed",
      "type": "openstack_networking_secgroup_rule_v2",
      "name": "splunk_universal_forwarder",
      "provider": "provider[\"registry.terraform.io/terraform-provider-openstack/openstack\"]",
      "instances": [
        {
          "schema_version": 0,
          "attributes": {
            "description": "",
            "direction": "ingress",
            "ethertype": "IPv4",
            "id": "447389cb-28fc-46cd-9009-42fa80bc4b76",
            "port_range_max": 9997,
            "port_range_min": 9997,
            "protocol": "tcp",
            "region": "RegionOne",
            "remote_group_id": "",
            "remote_ip_prefix": "0.0.0.0/0",
            "security_group_id": "586dbd16-f5ed-47ba-82bd-e349e45cf92a",
            "tenant_id": "65e52ade32d74c699bef395584d2c91c",
            "timeouts": null
          },
          "sensitive_attributes": [],
          "private": "eyJlMmJmYjczMC1lY2FhLTExZTYtOGY4OC0zNDM2M2JjN2M0YzAiOnsiZGVsZXRlIjo2MDAwMDAwMDAwMDB9fQ==",
          "dependencies": [
            "openstack_networking_secgroup_v2.secgroup_splunk_universal_forwarder"
          ]
        }
      ]
    },
    {
      "mode": "managed",
      "type": "openstack_networking_secgroup_rule_v2",
      "name": "ssh",
      "provider": "provider[\"registry.terraform.io/terraform-provider-openstack/openstack\"]",
      "instances": [
        {
          "schema_version": 0,
          "attributes": {
            "description": "",
            "direction": "ingress",
            "ethertype": "IPv4",
            "id": "56447f9b-1b84-4d57-b81e-53401ac0a402",
            "port_range_max": 22,
            "port_range_min": 22,
            "protocol": "tcp",
            "region": "RegionOne",
            "remote_group_id": "",
            "remote_ip_prefix": "0.0.0.0/0",
            "security_group_id": "ccf38e7c-bf62-4fb3-873d-652faec08f56",
            "tenant_id": "65e52ade32d74c699bef395584d2c91c",
            "timeouts": null
          },
          "sensitive_attributes": [],
          "private": "eyJlMmJmYjczMC1lY2FhLTExZTYtOGY4OC0zNDM2M2JjN2M0YzAiOnsiZGVsZXRlIjo2MDAwMDAwMDAwMDB9fQ==",
          "dependencies": [
            "openstack_networking_secgroup_v2.secgroup_windows_remote"
          ]
        }
      ]
    },
    {
      "mode": "managed",
      "type": "openstack_networking_secgroup_rule_v2",
      "name": "ssh2",
      "provider": "provider[\"registry.terraform.io/terraform-provider-openstack/openstack\"]",
      "instances": [
        {
          "schema_version": 0,
          "attributes": {
            "description": "",
            "direction": "egress",
            "ethertype": "IPv4",
            "id": "f76a7610-08b1-49d3-bcd1-b7554c887207",
            "port_range_max": 22,
            "port_range_min": 22,
            "protocol": "tcp",
            "region": "RegionOne",
            "remote_group_id": "",
            "remote_ip_prefix": "0.0.0.0/0",
            "security_group_id": "ccf38e7c-bf62-4fb3-873d-652faec08f56",
            "tenant_id": "65e52ade32d74c699bef395584d2c91c",
            "timeouts": null
          },
          "sensitive_attributes": [],
          "private": "eyJlMmJmYjczMC1lY2FhLTExZTYtOGY4OC0zNDM2M2JjN2M0YzAiOnsiZGVsZXRlIjo2MDAwMDAwMDAwMDB9fQ==",
          "dependencies": [
            "openstack_networking_secgroup_v2.secgroup_windows_remote"
          ]
        }
      ]
    },
    {
      "mode": "managed",
      "type": "openstack_networking_secgroup_rule_v2",
      "name": "winrm",
      "provider": "provider[\"registry.terraform.io/terraform-provider-openstack/openstack\"]",
      "instances": [
        {
          "schema_version": 0,
          "attributes": {
            "description": "",
            "direction": "ingress",
            "ethertype": "IPv4",
            "id": "da73969c-5482-4fac-99a0-0992ec752b04",
            "port_range_max": 5986,
            "port_range_min": 5985,
            "protocol": "tcp",
            "region": "RegionOne",
            "remote_group_id": "",
            "remote_ip_prefix": "0.0.0.0/0",
            "security_group_id": "ccf38e7c-bf62-4fb3-873d-652faec08f56",
            "tenant_id": "65e52ade32d74c699bef395584d2c91c",
            "timeouts": null
          },
          "sensitive_attributes": [],
          "private": "eyJlMmJmYjczMC1lY2FhLTExZTYtOGY4OC0zNDM2M2JjN2M0YzAiOnsiZGVsZXRlIjo2MDAwMDAwMDAwMDB9fQ==",
          "dependencies": [
            "openstack_networking_secgroup_v2.secgroup_windows_remote"
          ]
        }
      ]
    },
    {
      "mode": "managed",
      "type": "openstack_networking_secgroup_rule_v2",
      "name": "winrm2",
      "provider": "provider[\"registry.terraform.io/terraform-provider-openstack/openstack\"]",
      "instances": [
        {
          "schema_version": 0,
          "attributes": {
            "description": "",
            "direction": "egress",
            "ethertype": "IPv4",
            "id": "58205eca-7d26-40b1-a423-794386fbe676",
            "port_range_max": 5986,
            "port_range_min": 5985,
            "protocol": "tcp",
            "region": "RegionOne",
            "remote_group_id": "",
            "remote_ip_prefix": "0.0.0.0/0",
            "security_group_id": "ccf38e7c-bf62-4fb3-873d-652faec08f56",
            "tenant_id": "65e52ade32d74c699bef395584d2c91c",
            "timeouts": null
          },
          "sensitive_attributes": [],
          "private": "eyJlMmJmYjczMC1lY2FhLTExZTYtOGY4OC0zNDM2M2JjN2M0YzAiOnsiZGVsZXRlIjo2MDAwMDAwMDAwMDB9fQ==",
          "dependencies": [
            "openstack_networking_secgroup_v2.secgroup_windows_remote"
          ]
        }
      ]
    },
    {
      "mode": "managed",
      "type": "openstack_networking_secgroup_v2",
      "name": "secgroup_access-proxy",
      "provider": "provider[\"registry.terraform.io/terraform-provider-openstack/openstack\"]",
      "instances": [
        {
          "schema_version": 0,
          "attributes": {
            "all_tags": [],
            "delete_default_rules": null,
            "description": "Security group for Attack Ranges Access Proxy",
            "id": "ff42255a-9080-48d0-90d2-bb8cd2b3035b",
            "name": "attack_range-access-proxy-sg",
            "region": "RegionOne",
            "tags": null,
            "tenant_id": "65e52ade32d74c699bef395584d2c91c",
            "timeouts": null
          },
          "sensitive_attributes": [],
          "private": "eyJlMmJmYjczMC1lY2FhLTExZTYtOGY4OC0zNDM2M2JjN2M0YzAiOnsiZGVsZXRlIjo2MDAwMDAwMDAwMDB9fQ=="
        }
      ]
    },
    {
      "mode": "managed",
      "type": "openstack_networking_secgroup_v2",
      "name": "secgroup_attack_range_internal",
      "provider": "provider[\"registry.terraform.io/terraform-provider-openstack/openstack\"]",
      "instances": [
        {
          "schema_version": 0,
          "attributes": {
            "all_tags": [],
            "delete_default_rules": null,
            "description": "Unrestricted communication on the internal attack range network",
            "id": "4e27801c-5eb5-4bc5-8a87-14422b863fb9",
            "name": "secgroup_attack_range_internal",
            "region": "RegionOne",
            "tags": null,
            "tenant_id": "65e52ade32d74c699bef395584d2c91c",
            "timeouts": null
          },
          "sensitive_attributes": [],
          "private": "eyJlMmJmYjczMC1lY2FhLTExZTYtOGY4OC0zNDM2M2JjN2M0YzAiOnsiZGVsZXRlIjo2MDAwMDAwMDAwMDB9fQ=="
        }
      ]
    },
    {
      "mode": "managed",
      "type": "openstack_networking_secgroup_v2",
      "name": "secgroup_splunk_server",
      "provider": "provider[\"registry.terraform.io/terraform-provider-openstack/openstack\"]",
      "instances": [
        {
          "schema_version": 0,
          "attributes": {
            "all_tags": [],
            "delete_default_rules": null,
            "description": "Security group to allow splunk server to receive data from splunk universal forwarder",
            "id": "33708a99-6410-4e46-b224-8c720ef2546d",
            "name": "secgroup_splunk_server",
            "region": "RegionOne",
            "tags": null,
            "tenant_id": "65e52ade32d74c699bef395584d2c91c",
            "timeouts": null
          },
          "sensitive_attributes": [],
          "private": "eyJlMmJmYjczMC1lY2FhLTExZTYtOGY4OC0zNDM2M2JjN2M0YzAiOnsiZGVsZXRlIjo2MDAwMDAwMDAwMDB9fQ=="
        }
      ]
    },
    {
      "mode": "managed",
      "type": "openstack_networking_secgroup_v2",
      "name": "secgroup_splunk_universal_forwarder",
      "provider": "provider[\"registry.terraform.io/terraform-provider-openstack/openstack\"]",
      "instances": [
        {
          "schema_version": 0,
          "attributes": {
            "all_tags": [],
            "delete_default_rules": null,
            "description": "Security group to allow splunk universal forwarders to send to splunk server",
            "id": "586dbd16-f5ed-47ba-82bd-e349e45cf92a",
            "name": "secgroup_splunk_universal_forwarder",
            "region": "RegionOne",
            "tags": null,
            "tenant_id": "65e52ade32d74c699bef395584d2c91c",
            "timeouts": null
          },
          "sensitive_attributes": [],
          "private": "eyJlMmJmYjczMC1lY2FhLTExZTYtOGY4OC0zNDM2M2JjN2M0YzAiOnsiZGVsZXRlIjo2MDAwMDAwMDAwMDB9fQ=="
        }
      ]
    },
    {
      "mode": "managed",
      "type": "openstack_networking_secgroup_v2",
      "name": "secgroup_windows_remote",
      "provider": "provider[\"registry.terraform.io/terraform-provider-openstack/openstack\"]",
      "instances": [
        {
          "schema_version": 0,
          "attributes": {
            "all_tags": [],
            "delete_default_rules": null,
            "description": "Security group for Windows Terraform test",
            "id": "ccf38e7c-bf62-4fb3-873d-652faec08f56",
            "name": "attack_range-windows-remote-sg",
            "region": "RegionOne",
            "tags": null,
            "tenant_id": "65e52ade32d74c699bef395584d2c91c",
            "timeouts": null
          },
          "sensitive_attributes": [],
          "private": "eyJlMmJmYjczMC1lY2FhLTExZTYtOGY4OC0zNDM2M2JjN2M0YzAiOnsiZGVsZXRlIjo2MDAwMDAwMDAwMDB9fQ=="
        }
      ]
    },
    {
      "mode": "managed",
      "type": "openstack_networking_subnet_v2",
      "name": "APT-subnet",
      "provider": "provider[\"registry.terraform.io/terraform-provider-openstack/openstack\"]",
      "instances": [
        {
          "schema_version": 0,
          "attributes": {
            "all_tags": [],
            "allocation_pool": [
              {
                "end": "10.3.255.254",
                "start": "10.3.0.2"
              }
            ],
            "allocation_pools": [
              {
                "end": "10.3.255.254",
                "start": "10.3.0.2"
              }
            ],
            "cidr": "10.3.0.0/16",
            "description": "",
            "dns_nameservers": null,
            "enable_dhcp": true,
            "gateway_ip": "10.3.0.1",
            "host_routes": [],
            "id": "dfd923f8-ead8-4956-b544-45dd234bbc88",
            "ip_version": 4,
            "ipv6_address_mode": "",
            "ipv6_ra_mode": "",
            "name": "APT-subnet",
            "network_id": "6ddf9a00-be06-41ae-aaf0-0ad87d092dff",
            "no_gateway": false,
            "prefix_length": null,
            "region": "RegionOne",
            "service_types": [],
            "subnetpool_id": "",
            "tags": null,
            "tenant_id": "65e52ade32d74c699bef395584d2c91c",
            "timeouts": null,
            "value_specs": null
          },
          "sensitive_attributes": [],
          "private": "eyJlMmJmYjczMC1lY2FhLTExZTYtOGY4OC0zNDM2M2JjN2M0YzAiOnsiY3JlYXRlIjo2MDAwMDAwMDAwMDAsImRlbGV0ZSI6NjAwMDAwMDAwMDAwfX0=",
          "dependencies": [
            "openstack_networking_network_v2.APT-network"
          ]
        }
      ]
    },
    {
      "mode": "managed",
      "type": "openstack_networking_subnet_v2",
      "name": "IT-subnet",
      "provider": "provider[\"registry.terraform.io/terraform-provider-openstack/openstack\"]",
      "instances": [
        {
          "schema_version": 0,
          "attributes": {
            "all_tags": [],
            "allocation_pool": [
              {
                "end": "10.0.1.254",
                "start": "10.0.1.2"
              }
            ],
            "allocation_pools": [
              {
                "end": "10.0.1.254",
                "start": "10.0.1.2"
              }
            ],
            "cidr": "10.0.1.0/24",
            "description": "",
            "dns_nameservers": null,
            "enable_dhcp": true,
            "gateway_ip": "10.0.1.1",
            "host_routes": [],
            "id": "aee847cf-b5c6-48fe-8c79-1f75043266dd",
            "ip_version": 4,
            "ipv6_address_mode": "",
            "ipv6_ra_mode": "",
            "name": "IT-subnet",
            "network_id": "1d8b6ce0-0394-47b6-88b5-57da0e6ad7ce",
            "no_gateway": false,
            "prefix_length": null,
            "region": "RegionOne",
            "service_types": [],
            "subnetpool_id": "",
            "tags": null,
            "tenant_id": "65e52ade32d74c699bef395584d2c91c",
            "timeouts": null,
            "value_specs": null
          },
          "sensitive_attributes": [],
          "private": "eyJlMmJmYjczMC1lY2FhLTExZTYtOGY4OC0zNDM2M2JjN2M0YzAiOnsiY3JlYXRlIjo2MDAwMDAwMDAwMDAsImRlbGV0ZSI6NjAwMDAwMDAwMDAwfX0=",
          "dependencies": [
            "openstack_networking_network_v2.IT-network"
          ]
        }
      ]
    },
    {
      "mode": "managed",
      "type": "openstack_networking_subnet_v2",
      "name": "OT-subnet",
      "provider": "provider[\"registry.terraform.io/terraform-provider-openstack/openstack\"]",
      "instances": [
        {
          "schema_version": 0,
          "attributes": {
            "all_tags": [],
            "allocation_pool": [
              {
                "end": "10.0.2.254",
                "start": "10.0.2.2"
              }
            ],
            "allocation_pools": [
              {
                "end": "10.0.2.254",
                "start": "10.0.2.2"
              }
            ],
            "cidr": "10.0.2.0/24",
            "description": "",
            "dns_nameservers": null,
            "enable_dhcp": true,
            "gateway_ip": "10.0.2.1",
            "host_routes": [],
            "id": "5689e34b-cac6-4719-bb1b-1cd9b94e43d4",
            "ip_version": 4,
            "ipv6_address_mode": "",
            "ipv6_ra_mode": "",
            "name": "OT-subnet",
            "network_id": "c1a00bce-7789-4f3c-9bf2-e67f3112a4d9",
            "no_gateway": false,
            "prefix_length": null,
            "region": "RegionOne",
            "service_types": [],
            "subnetpool_id": "",
            "tags": null,
            "tenant_id": "65e52ade32d74c699bef395584d2c91c",
            "timeouts": null,
            "value_specs": null
          },
          "sensitive_attributes": [],
          "private": "eyJlMmJmYjczMC1lY2FhLTExZTYtOGY4OC0zNDM2M2JjN2M0YzAiOnsiY3JlYXRlIjo2MDAwMDAwMDAwMDAsImRlbGV0ZSI6NjAwMDAwMDAwMDAwfX0=",
          "dependencies": [
            "openstack_networking_network_v2.OT-network"
          ]
        }
      ]
    }
  ],
  "check_results": null
}
